{
  "version": 4,
  "terraform_version": "1.14.0",
  "serial": 19,
  "lineage": "11eada4f-214b-f4ac-8a05-da21d17624af",
  "outputs": {
    "data_private_ip": {
      "value": "172.31.8.68",
      "type": "string"
    },
    "data_public_ip": {
      "value": "3.218.244.97",
      "type": "string"
    },
    "frontend_url": {
      "value": "http://sibu-prod-frontend-alb-1341157803.us-east-1.elb.amazonaws.com",
      "type": "string"
    },
    "service_public_ips": {
      "value": {
        "admin": "13.223.88.210",
        "appointments": "13.219.248.24",
        "audit": "98.92.142.46",
        "authUsers": "100.48.221.13",
        "bastion": "35.168.32.79",
        "cases": "3.237.180.82",
        "frontend_alb": "sibu-prod-frontend-alb-1341157803.us-east-1.elb.amazonaws.com",
        "notifications": "3.218.249.252",
        "reports": "13.223.88.210"
      },
      "type": [
        "object",
        {
          "admin": "string",
          "appointments": "string",
          "audit": "string",
          "authUsers": "string",
          "bastion": "string",
          "cases": "string",
          "frontend_alb": "string",
          "notifications": "string",
          "reports": "string"
        }
      ]
    }
  },
  "resources": [
    {
      "mode": "data",
      "type": "aws_ami",
      "name": "al2023",
      "provider": "provider[\"registry.terraform.io/hashicorp/aws\"]",
      "instances": [
        {
          "schema_version": 0,
          "attributes": {
            "allow_unsafe_filter": null,
            "architecture": "x86_64",
            "arn": "arn:aws:ec2:us-east-1::image/ami-0724302e25d16f8f2",
            "block_device_mappings": [
              {
                "device_name": "/dev/xvda",
                "ebs": {
                  "delete_on_termination": "true",
                  "encrypted": "false",
                  "iops": "3000",
                  "snapshot_id": "snap-09233baf0086b9107",
                  "throughput": "125",
                  "volume_initialization_rate": "0",
                  "volume_size": "30",
                  "volume_type": "gp3"
                },
                "no_device": "",
                "virtual_name": ""
              }
            ],
            "boot_mode": "uefi-preferred",
            "creation_date": "2026-01-14T20:53:49.000Z",
            "deprecation_time": "2028-01-14T20:53:49.000Z",
            "description": "Amazon Linux AMI 2023.0.20260114 x86_64 ECS HVM EBS",
            "ena_support": true,
            "executable_users": null,
            "filter": [
              {
                "name": "name",
                "values": [
                  "al2023-ami-*-x86_64"
                ]
              }
            ],
            "hypervisor": "xen",
            "id": "ami-0724302e25d16f8f2",
            "image_id": "ami-0724302e25d16f8f2",
            "image_location": "amazon/al2023-ami-ecs-hvm-2023.0.20260114-kernel-6.1-x86_64",
            "image_owner_alias": "amazon",
            "image_type": "machine",
            "imds_support": "v2.0",
            "include_deprecated": false,
            "kernel_id": "",
            "last_launched_time": "",
            "most_recent": true,
            "name": "al2023-ami-ecs-hvm-2023.0.20260114-kernel-6.1-x86_64",
            "name_regex": null,
            "owner_id": "591542846629",
            "owners": [
              "amazon"
            ],
            "platform": "",
            "platform_details": "Linux/UNIX",
            "product_codes": [],
            "public": true,
            "ramdisk_id": "",
            "region": "us-east-1",
            "root_device_name": "/dev/xvda",
            "root_device_type": "ebs",
            "root_snapshot_id": "snap-09233baf0086b9107",
            "sriov_net_support": "simple",
            "state": "available",
            "state_reason": {
              "code": "UNSET",
              "message": "UNSET"
            },
            "tags": {},
            "timeouts": null,
            "tpm_support": "",
            "uefi_data": null,
            "usage_operation": "RunInstances",
            "virtualization_type": "hvm"
          },
          "sensitive_attributes": [],
          "identity_schema_version": 0
        }
      ]
    },
    {
      "mode": "data",
      "type": "aws_subnets",
      "name": "default",
      "provider": "provider[\"registry.terraform.io/hashicorp/aws\"]",
      "instances": [
        {
          "schema_version": 0,
          "attributes": {
            "filter": [
              {
                "name": "vpc-id",
                "values": [
                  "vpc-03b4eda09be71f1f1"
                ]
              }
            ],
            "id": "us-east-1",
            "ids": [
              "subnet-0c9b4af62d0fe6c35",
              "subnet-0b825ca267f182227",
              "subnet-0a1edc39330d02126",
              "subnet-0021e81d4d1641999",
              "subnet-051f3c9de56442ba4",
              "subnet-0facb4cbad6499e2c"
            ],
            "region": "us-east-1",
            "tags": null,
            "timeouts": null
          },
          "sensitive_attributes": [],
          "identity_schema_version": 0
        }
      ]
    },
    {
      "mode": "data",
      "type": "aws_vpc",
      "name": "default",
      "provider": "provider[\"registry.terraform.io/hashicorp/aws\"]",
      "instances": [
        {
          "schema_version": 0,
          "attributes": {
            "arn": "arn:aws:ec2:us-east-1:346732036443:vpc/vpc-03b4eda09be71f1f1",
            "cidr_block": "172.31.0.0/16",
            "cidr_block_associations": [
              {
                "association_id": "vpc-cidr-assoc-06ed810c31cca28ad",
                "cidr_block": "172.31.0.0/16",
                "state": "associated"
              }
            ],
            "default": true,
            "dhcp_options_id": "dopt-0c19b0a70eb38d3aa",
            "enable_dns_hostnames": true,
            "enable_dns_support": true,
            "enable_network_address_usage_metrics": false,
            "filter": null,
            "id": "vpc-03b4eda09be71f1f1",
            "instance_tenancy": "default",
            "ipv6_association_id": "",
            "ipv6_cidr_block": "",
            "main_route_table_id": "rtb-00b1bd06c5e9f04f0",
            "owner_id": "346732036443",
            "region": "us-east-1",
            "state": null,
            "tags": {},
            "timeouts": null
          },
          "sensitive_attributes": [],
          "identity_schema_version": 0
        }
      ]
    },
    {
      "mode": "managed",
      "type": "aws_autoscaling_group",
      "name": "frontend",
      "provider": "provider[\"registry.terraform.io/hashicorp/aws\"]",
      "instances": [
        {
          "schema_version": 1,
          "attributes": {
            "arn": "arn:aws:autoscaling:us-east-1:346732036443:autoScalingGroup:c41b218d-4b5c-498b-95fb-fa5aec7d0eb5:autoScalingGroupName/sibu-prod-frontend-asg",
            "availability_zone_distribution": [
              {
                "capacity_distribution_strategy": "balanced-best-effort"
              }
            ],
            "availability_zones": [
              "us-east-1c",
              "us-east-1f"
            ],
            "capacity_rebalance": false,
            "capacity_reservation_specification": [
              {
                "capacity_reservation_preference": "default",
                "capacity_reservation_target": []
              }
            ],
            "context": "",
            "default_cooldown": 300,
            "default_instance_warmup": 0,
            "desired_capacity": 2,
            "desired_capacity_type": "",
            "enabled_metrics": null,
            "force_delete": false,
            "force_delete_warm_pool": false,
            "health_check_grace_period": 120,
            "health_check_type": "ELB",
            "id": "sibu-prod-frontend-asg",
            "ignore_failed_scaling_activities": false,
            "initial_lifecycle_hook": [],
            "instance_maintenance_policy": [],
            "instance_refresh": [],
            "launch_configuration": "",
            "launch_template": [
              {
                "id": "lt-021fbf17b67ccb4f4",
                "name": "sibu-prod-frontend-lt-20260118214720620200000009",
                "version": "$Latest"
              }
            ],
            "load_balancers": [],
            "max_instance_lifetime": 0,
            "max_size": 3,
            "metrics_granularity": "1Minute",
            "min_elb_capacity": null,
            "min_size": 1,
            "mixed_instances_policy": [],
            "name": "sibu-prod-frontend-asg",
            "name_prefix": "",
            "placement_group": "",
            "predicted_capacity": 0,
            "protect_from_scale_in": false,
            "region": "us-east-1",
            "service_linked_role_arn": "arn:aws:iam::346732036443:role/aws-service-role/autoscaling.amazonaws.com/AWSServiceRoleForAutoScaling",
            "suspended_processes": null,
            "tag": [
              {
                "key": "Name",
                "propagate_at_launch": true,
                "value": "sibu-prod-frontend"
              }
            ],
            "target_group_arns": [
              "arn:aws:elasticloadbalancing:us-east-1:346732036443:targetgroup/sibu-prod-frontend-tg/4bee91f4d72c9593"
            ],
            "termination_policies": null,
            "timeouts": null,
            "traffic_source": [
              {
                "identifier": "arn:aws:elasticloadbalancing:us-east-1:346732036443:targetgroup/sibu-prod-frontend-tg/4bee91f4d72c9593",
                "type": "elbv2"
              }
            ],
            "vpc_zone_identifier": [
              "subnet-0b825ca267f182227",
              "subnet-0c9b4af62d0fe6c35"
            ],
            "wait_for_capacity_timeout": "10m",
            "wait_for_elb_capacity": null,
            "warm_pool": [],
            "warm_pool_size": 0
          },
          "sensitive_attributes": [],
          "identity_schema_version": 0,
          "private": "eyJlMmJmYjczMC1lY2FhLTExZTYtOGY4OC0zNDM2M2JjN2M0YzAiOnsiZGVsZXRlIjo2MDAwMDAwMDAwMDAsInVwZGF0ZSI6NjAwMDAwMDAwMDAwfSwic2NoZW1hX3ZlcnNpb24iOiIxIn0=",
          "dependencies": [
            "aws_instance.admin_reports",
            "aws_instance.appointments",
            "aws_instance.audit",
            "aws_instance.authUsers",
            "aws_instance.cases",
            "aws_instance.data",
            "aws_instance.notifications",
            "aws_key_pair.qa_sibu",
            "aws_launch_template.frontend",
            "aws_lb_target_group.frontend",
            "aws_security_group.alb_frontend_sg",
            "aws_security_group.bastion_sg",
            "aws_security_group.frontend_sg",
            "aws_security_group.sibu_sg",
            "data.aws_ami.al2023",
            "data.aws_subnets.default",
            "data.aws_vpc.default"
          ]
        }
      ]
    },
    {
      "mode": "managed",
      "type": "aws_instance",
      "name": "admin_reports",
      "provider": "provider[\"registry.terraform.io/hashicorp/aws\"]",
      "instances": [
        {
          "schema_version": 2,
          "attributes": {
            "ami": "ami-0724302e25d16f8f2",
            "arn": "arn:aws:ec2:us-east-1:346732036443:instance/i-08f375bc8d110f409",
            "associate_public_ip_address": true,
            "availability_zone": "us-east-1c",
            "capacity_reservation_specification": [
              {
                "capacity_reservation_preference": "open",
                "capacity_reservation_target": []
              }
            ],
            "cpu_options": [
              {
                "amd_sev_snp": "",
                "core_count": 1,
                "threads_per_core": 2
              }
            ],
            "credit_specification": [
              {
                "cpu_credits": "unlimited"
              }
            ],
            "disable_api_stop": false,
            "disable_api_termination": false,
            "ebs_block_device": [],
            "ebs_optimized": false,
            "enable_primary_ipv6": null,
            "enclave_options": [
              {
                "enabled": false
              }
            ],
            "ephemeral_block_device": [],
            "force_destroy": false,
            "get_password_data": false,
            "hibernation": false,
            "host_id": "",
            "host_resource_group_arn": null,
            "iam_instance_profile": "",
            "id": "i-08f375bc8d110f409",
            "instance_initiated_shutdown_behavior": "stop",
            "instance_lifecycle": "",
            "instance_market_options": [],
            "instance_state": "running",
            "instance_type": "t3.micro",
            "ipv6_address_count": 0,
            "ipv6_addresses": [],
            "key_name": "sibu-prod-key",
            "launch_template": [],
            "maintenance_options": [
              {
                "auto_recovery": "default"
              }
            ],
            "metadata_options": [
              {
                "http_endpoint": "enabled",
                "http_protocol_ipv6": "disabled",
                "http_put_response_hop_limit": 2,
                "http_tokens": "required",
                "instance_metadata_tags": "disabled"
              }
            ],
            "monitoring": false,
            "network_interface": [],
            "outpost_arn": "",
            "password_data": "",
            "placement_group": "",
            "placement_group_id": "",
            "placement_partition_number": 0,
            "primary_network_interface": [
              {
                "delete_on_termination": true,
                "network_interface_id": "eni-0cfec69de0c41c9a7"
              }
            ],
            "primary_network_interface_id": "eni-0cfec69de0c41c9a7",
            "private_dns": "ip-172-31-11-146.ec2.internal",
            "private_dns_name_options": [
              {
                "enable_resource_name_dns_a_record": false,
                "enable_resource_name_dns_aaaa_record": false,
                "hostname_type": "ip-name"
              }
            ],
            "private_ip": "172.31.11.146",
            "public_dns": "ec2-13-223-88-210.compute-1.amazonaws.com",
            "public_ip": "13.223.88.210",
            "region": "us-east-1",
            "root_block_device": [
              {
                "delete_on_termination": true,
                "device_name": "/dev/xvda",
                "encrypted": false,
                "iops": 3000,
                "kms_key_id": "",
                "tags": null,
                "tags_all": {},
                "throughput": 125,
                "volume_id": "vol-0757b8fcccf00cbb4",
                "volume_size": 30,
                "volume_type": "gp3"
              }
            ],
            "secondary_private_ips": [],
            "security_groups": [
              "sibu-prod-sg1"
            ],
            "source_dest_check": true,
            "spot_instance_request_id": "",
            "subnet_id": "subnet-0c9b4af62d0fe6c35",
            "tags": {
              "Name": "sibu-prod-admin-reports"
            },
            "tags_all": {
              "Name": "sibu-prod-admin-reports"
            },
            "tenancy": "default",
            "timeouts": null,
            "user_data": "#!/bin/bash\nset -euxo pipefail\n\ndnf update -y\ndnf install -y docker git nmap-ncat\n\n# -----------------------------\n# Swap (prevents OOM lockups)\n# -----------------------------\nif ! swapon --show | grep -q \"^/swapfile\"; then\n  (fallocate -l 1G /swapfile || dd if=/dev/zero of=/swapfile bs=1M count=1024) \u003e/dev/null 2\u003e\u00261 || true\n  chmod 600 /swapfile || true\n  mkswap /swapfile \u003e/dev/null 2\u003e\u00261 || true\n  swapon /swapfile || true\n  grep -q \"^/swapfile \" /etc/fstab 2\u003e/dev/null || echo \"/swapfile swap swap defaults 0 0\" \u003e\u003e /etc/fstab\nfi\n\n# -----------------------------\n# Docker\n# -----------------------------\ngroupadd -f docker || true\nsystemctl enable --now docker\nusermod -aG docker ec2-user || true\nchmod 666 /var/run/docker.sock || true\nsleep 5\n\ndocker network create sibu-net || true\n\n# =============================\n# Terraform vars -\u003e Bash vars\n# =============================\nDATA_IP=\"172.31.8.68\"\n\nADMIN_HOST_PORT=\"8006\"\nADMIN_CONTAINER_PORT=\"8008\"\n\nREPORTS_HOST_PORT=\"8005\"\nREPORTS_CONTAINER_PORT=\"8007\"\n\n# =============================\n# Wait for shared DATA services\n# =============================\necho \"Waiting for Postgres at $DATA_IP:5432 ...\"\nfor i in {1..90}; do\n  nc -z \"$DATA_IP\" 5432 \u0026\u0026 break\n  sleep 2\ndone\n\necho \"Waiting for Redis at $DATA_IP:6379 ...\"\nfor i in {1..90}; do\n  nc -z \"$DATA_IP\" 6379 \u0026\u0026 break\n  sleep 2\ndone\n\necho \"Waiting for Kafka at $DATA_IP:29092 ...\"\nfor i in {1..90}; do\n  nc -z \"$DATA_IP\" 29092 \u0026\u0026 break\n  sleep 2\ndone\n\necho \"Waiting for RabbitMQ at $DATA_IP:5672 ...\"\nfor i in {1..90}; do\n  nc -z \"$DATA_IP\" 5672 \u0026\u0026 break\n  sleep 2\ndone\n\nsleep 5\n\n# =============================\n# Admin env vars\n# =============================\nDATABASE_URL=\"postgresql+asyncpg://sibu:sibu@$DATA_IP:5432/sibu\"\nDB_HOST=\"$DATA_IP\"\nDB_PORT=\"5432\"\nDB_USER=\"sibu\"\nDB_PASSWORD=\"sibu\"\nDB_NAME=\"sibu\"\n\n# JWT (for QA)\nJWT_SECRET=\"SIBU_SUPER_SECRET_CAMBIAME\"\nJWT_ALGORITHM=\"HS256\"\n\n# =============================\n# Run Admin service\n# =============================\ndocker pull jccasav/sibu-admin:qa\ndocker rm -f sibu-admin || true\n\ndocker run -d \\\n  --name sibu-admin \\\n  --restart always \\\n  -p \"$ADMIN_HOST_PORT:$ADMIN_CONTAINER_PORT\" \\\n  --add-host \"postgres:$DATA_IP\" \\\n  --add-host \"redis:$DATA_IP\" \\\n  -e \"DATABASE_URL=$DATABASE_URL\" \\\n  -e \"DB_HOST=$DB_HOST\" \\\n  -e \"DB_PORT=$DB_PORT\" \\\n  -e \"DB_USER=$DB_USER\" \\\n  -e \"DB_PASSWORD=$DB_PASSWORD\" \\\n  -e \"DB_NAME=$DB_NAME\" \\\n  -e \"JWT_SECRET=$JWT_SECRET\" \\\n  -e \"JWT_ALGORITHM=$JWT_ALGORITHM\" \\\n  jccasav/sibu-admin:qa\n\n# =============================\n# Run Reports service\n# =============================\ndocker pull jccasav/sibu-reports:qa\ndocker rm -f sibu-reports || true\n\ndocker run -d \\\n  --name sibu-reports \\\n  --restart always \\\n  -p \"$REPORTS_HOST_PORT:$REPORTS_CONTAINER_PORT\" \\\n  --network sibu-net \\\n  --add-host reports_postgres:$DATA_IP \\\n  --add-host kafka:$DATA_IP \\\n  --add-host rabbitmq:$DATA_IP \\\n  jccasav/sibu-reports:qa\n\nsleep 3\ncurl -sS -i \"http://127.0.0.1:$ADMIN_HOST_PORT/health\" || true\ncurl -sS -i \"http://127.0.0.1:$REPORTS_HOST_PORT/health\" || true\n",
            "user_data_base64": null,
            "user_data_replace_on_change": false,
            "volume_tags": null,
            "vpc_security_group_ids": [
              "sg-0fdd0865ca26ac540"
            ]
          },
          "sensitive_attributes": [],
          "identity_schema_version": 0,
          "identity": {
            "account_id": "346732036443",
            "id": "i-08f375bc8d110f409",
            "region": "us-east-1"
          },
          "private": "eyJlMmJmYjczMC1lY2FhLTExZTYtOGY4OC0zNDM2M2JjN2M0YzAiOnsiY3JlYXRlIjo2MDAwMDAwMDAwMDAsImRlbGV0ZSI6MTIwMDAwMDAwMDAwMCwicmVhZCI6OTAwMDAwMDAwMDAwLCJ1cGRhdGUiOjYwMDAwMDAwMDAwMH0sInNjaGVtYV92ZXJzaW9uIjoiMiJ9",
          "dependencies": [
            "aws_instance.data",
            "aws_key_pair.qa_sibu",
            "aws_security_group.bastion_sg",
            "aws_security_group.sibu_sg",
            "data.aws_ami.al2023",
            "data.aws_subnets.default",
            "data.aws_vpc.default"
          ]
        }
      ]
    },
    {
      "mode": "managed",
      "type": "aws_instance",
      "name": "appointments",
      "provider": "provider[\"registry.terraform.io/hashicorp/aws\"]",
      "instances": [
        {
          "schema_version": 2,
          "attributes": {
            "ami": "ami-0724302e25d16f8f2",
            "arn": "arn:aws:ec2:us-east-1:346732036443:instance/i-08d9964f9ad0de4e8",
            "associate_public_ip_address": true,
            "availability_zone": "us-east-1c",
            "capacity_reservation_specification": [
              {
                "capacity_reservation_preference": "open",
                "capacity_reservation_target": []
              }
            ],
            "cpu_options": [
              {
                "amd_sev_snp": "",
                "core_count": 1,
                "threads_per_core": 2
              }
            ],
            "credit_specification": [
              {
                "cpu_credits": "unlimited"
              }
            ],
            "disable_api_stop": false,
            "disable_api_termination": false,
            "ebs_block_device": [],
            "ebs_optimized": false,
            "enable_primary_ipv6": null,
            "enclave_options": [
              {
                "enabled": false
              }
            ],
            "ephemeral_block_device": [],
            "force_destroy": false,
            "get_password_data": false,
            "hibernation": false,
            "host_id": "",
            "host_resource_group_arn": null,
            "iam_instance_profile": "",
            "id": "i-08d9964f9ad0de4e8",
            "instance_initiated_shutdown_behavior": "stop",
            "instance_lifecycle": "",
            "instance_market_options": [],
            "instance_state": "running",
            "instance_type": "t3.micro",
            "ipv6_address_count": 0,
            "ipv6_addresses": [],
            "key_name": "sibu-prod-key",
            "launch_template": [],
            "maintenance_options": [
              {
                "auto_recovery": "default"
              }
            ],
            "metadata_options": [
              {
                "http_endpoint": "enabled",
                "http_protocol_ipv6": "disabled",
                "http_put_response_hop_limit": 2,
                "http_tokens": "required",
                "instance_metadata_tags": "disabled"
              }
            ],
            "monitoring": false,
            "network_interface": [],
            "outpost_arn": "",
            "password_data": "",
            "placement_group": "",
            "placement_group_id": "",
            "placement_partition_number": 0,
            "primary_network_interface": [
              {
                "delete_on_termination": true,
                "network_interface_id": "eni-0806fecdb144dfbef"
              }
            ],
            "primary_network_interface_id": "eni-0806fecdb144dfbef",
            "private_dns": "ip-172-31-6-244.ec2.internal",
            "private_dns_name_options": [
              {
                "enable_resource_name_dns_a_record": false,
                "enable_resource_name_dns_aaaa_record": false,
                "hostname_type": "ip-name"
              }
            ],
            "private_ip": "172.31.6.244",
            "public_dns": "ec2-13-219-248-24.compute-1.amazonaws.com",
            "public_ip": "13.219.248.24",
            "region": "us-east-1",
            "root_block_device": [
              {
                "delete_on_termination": true,
                "device_name": "/dev/xvda",
                "encrypted": false,
                "iops": 3000,
                "kms_key_id": "",
                "tags": null,
                "tags_all": {},
                "throughput": 125,
                "volume_id": "vol-0a9a238464a5607be",
                "volume_size": 30,
                "volume_type": "gp3"
              }
            ],
            "secondary_private_ips": [],
            "security_groups": [
              "sibu-prod-sg1"
            ],
            "source_dest_check": true,
            "spot_instance_request_id": "",
            "subnet_id": "subnet-0c9b4af62d0fe6c35",
            "tags": {
              "Name": "sibu-prod-appointments"
            },
            "tags_all": {
              "Name": "sibu-prod-appointments"
            },
            "tenancy": "default",
            "timeouts": null,
            "user_data": "#!/bin/bash\nset -eux\n\ndnf update -y\ndnf install -y docker git nmap-ncat\n\n# -----------------------------\n# Swap (prevents OOM lockups on small instances)\n# -----------------------------\nif ! swapon --show | grep -q \"^/swapfile\"; then\n  (fallocate -l 1G /swapfile || dd if=/dev/zero of=/swapfile bs=1M count=1024) \u003e/dev/null 2\u003e\u00261 || true\n  chmod 600 /swapfile || true\n  mkswap /swapfile \u003e/dev/null 2\u003e\u00261 || true\n  swapon /swapfile || true\n  grep -q \"^/swapfile \" /etc/fstab 2\u003e/dev/null || echo \"/swapfile swap swap defaults 0 0\" \u003e\u003e /etc/fstab\nfi\n\ngroupadd -f docker || true\nsystemctl enable docker\nsystemctl start docker\nusermod -aG docker ec2-user || true\nchmod 666 /var/run/docker.sock || true\nsleep 5\n\ndocker network create sibu-net || true\n\n# --- DATA endpoints (DATA instance private IP) ---\nDATA_IP=\"172.31.8.68\"\n\nDATABASE_URL=\"postgresql+asyncpg://sibu:sibu@$DATA_IP:5432/sibu\"\n# Appointments service uses POSTGRES_DSN (settings.POSTGRES_DSN)\nPOSTGRES_DSN=\"$DATABASE_URL\"\nDB_HOST=\"$DATA_IP\"\nDB_PORT=\"5432\"\nDB_USER=\"sibu\"\nDB_PASSWORD=\"sibu\"\nDB_NAME=\"sibu\"\n\n# --- Wait for Postgres ---\necho \"Waiting for Postgres at $DATA_IP:5432 ...\"\nfor i in {1..90}; do\n  if nc -z \"$DATA_IP\" 5432 \u003e/dev/null 2\u003e\u00261; then\n    echo \"Postgres reachable\"\n    break\n  fi\n  echo \"Postgres not ready yet ($i)...\"\n  sleep 2\ndone\n\n# --- Wait for Kafka metadata ---\necho \"Waiting for Kafka at $DATA_IP:29092 ...\"\nfor i in {1..90}; do\n  if nc -z \"$DATA_IP\" 29092 \u003e/dev/null 2\u003e\u00261; then\n    echo \"Kafka port reachable\"\n    break\n  fi\n  echo \"Kafka not ready yet ($i)...\"\n  sleep 2\ndone\nsleep 10\n\ndocker pull jccasav/sibu-appointments:qa\ndocker rm -f sibu-appointments || true\n\ndocker run -d --name sibu-appointments --restart always \\\n  -p 8003:8005 \\\n  --network sibu-net \\\n  --add-host postgres:$DATA_IP \\\n  --add-host db:$DATA_IP \\\n  --add-host sibu-postgres:$DATA_IP \\\n  --add-host kafka:$DATA_IP \\\n  -e POSTGRES_DSN=\"$POSTGRES_DSN\" \\\n  -e DATABASE_URL=\"$DATABASE_URL\" \\\n  -e DB_HOST=\"$DB_HOST\" \\\n  -e DB_PORT=\"$DB_PORT\" \\\n  -e DB_USER=\"$DB_USER\" \\\n  -e DB_PASSWORD=\"$DB_PASSWORD\" \\\n  -e DB_NAME=\"$DB_NAME\" \\\n  -e KAFKA_BOOTSTRAP_SERVERS=\"$DATA_IP:29092\" \\\n  -e KAFKA_BOOTSTRAP=\"$DATA_IP:29092\" \\\n  -e KAFKA_BROKER=\"$DATA_IP:29092\" \\\n  -e KAFKA_URL=\"$DATA_IP:29092\" \\\n  jccasav/sibu-appointments:qa\n\n# Quick local check\nsleep 3\ncurl -sS -I http://127.0.0.1:8003/docs || true\ncurl -sS http://127.0.0.1:8003/health || true\n",
            "user_data_base64": null,
            "user_data_replace_on_change": false,
            "volume_tags": null,
            "vpc_security_group_ids": [
              "sg-0fdd0865ca26ac540"
            ]
          },
          "sensitive_attributes": [],
          "identity_schema_version": 0,
          "identity": {
            "account_id": "346732036443",
            "id": "i-08d9964f9ad0de4e8",
            "region": "us-east-1"
          },
          "private": "eyJlMmJmYjczMC1lY2FhLTExZTYtOGY4OC0zNDM2M2JjN2M0YzAiOnsiY3JlYXRlIjo2MDAwMDAwMDAwMDAsImRlbGV0ZSI6MTIwMDAwMDAwMDAwMCwicmVhZCI6OTAwMDAwMDAwMDAwLCJ1cGRhdGUiOjYwMDAwMDAwMDAwMH0sInNjaGVtYV92ZXJzaW9uIjoiMiJ9",
          "dependencies": [
            "aws_instance.data",
            "aws_key_pair.qa_sibu",
            "aws_security_group.bastion_sg",
            "aws_security_group.sibu_sg",
            "data.aws_ami.al2023",
            "data.aws_subnets.default",
            "data.aws_vpc.default"
          ]
        }
      ]
    },
    {
      "mode": "managed",
      "type": "aws_instance",
      "name": "audit",
      "provider": "provider[\"registry.terraform.io/hashicorp/aws\"]",
      "instances": [
        {
          "schema_version": 2,
          "attributes": {
            "ami": "ami-0724302e25d16f8f2",
            "arn": "arn:aws:ec2:us-east-1:346732036443:instance/i-0b03055f10d81d041",
            "associate_public_ip_address": true,
            "availability_zone": "us-east-1c",
            "capacity_reservation_specification": [
              {
                "capacity_reservation_preference": "open",
                "capacity_reservation_target": []
              }
            ],
            "cpu_options": [
              {
                "amd_sev_snp": "",
                "core_count": 1,
                "threads_per_core": 2
              }
            ],
            "credit_specification": [
              {
                "cpu_credits": "unlimited"
              }
            ],
            "disable_api_stop": false,
            "disable_api_termination": false,
            "ebs_block_device": [],
            "ebs_optimized": false,
            "enable_primary_ipv6": null,
            "enclave_options": [
              {
                "enabled": false
              }
            ],
            "ephemeral_block_device": [],
            "force_destroy": false,
            "get_password_data": false,
            "hibernation": false,
            "host_id": "",
            "host_resource_group_arn": null,
            "iam_instance_profile": "",
            "id": "i-0b03055f10d81d041",
            "instance_initiated_shutdown_behavior": "stop",
            "instance_lifecycle": "",
            "instance_market_options": [],
            "instance_state": "running",
            "instance_type": "t3.micro",
            "ipv6_address_count": 0,
            "ipv6_addresses": [],
            "key_name": "sibu-prod-key",
            "launch_template": [],
            "maintenance_options": [
              {
                "auto_recovery": "default"
              }
            ],
            "metadata_options": [
              {
                "http_endpoint": "enabled",
                "http_protocol_ipv6": "disabled",
                "http_put_response_hop_limit": 2,
                "http_tokens": "required",
                "instance_metadata_tags": "disabled"
              }
            ],
            "monitoring": false,
            "network_interface": [],
            "outpost_arn": "",
            "password_data": "",
            "placement_group": "",
            "placement_group_id": "",
            "placement_partition_number": 0,
            "primary_network_interface": [
              {
                "delete_on_termination": true,
                "network_interface_id": "eni-077c7370ee094c5e3"
              }
            ],
            "primary_network_interface_id": "eni-077c7370ee094c5e3",
            "private_dns": "ip-172-31-3-90.ec2.internal",
            "private_dns_name_options": [
              {
                "enable_resource_name_dns_a_record": false,
                "enable_resource_name_dns_aaaa_record": false,
                "hostname_type": "ip-name"
              }
            ],
            "private_ip": "172.31.3.90",
            "public_dns": "ec2-98-92-142-46.compute-1.amazonaws.com",
            "public_ip": "98.92.142.46",
            "region": "us-east-1",
            "root_block_device": [
              {
                "delete_on_termination": true,
                "device_name": "/dev/xvda",
                "encrypted": false,
                "iops": 3000,
                "kms_key_id": "",
                "tags": null,
                "tags_all": {},
                "throughput": 125,
                "volume_id": "vol-0e0603be01bcd1f1a",
                "volume_size": 30,
                "volume_type": "gp3"
              }
            ],
            "secondary_private_ips": [],
            "security_groups": [
              "sibu-prod-sg1"
            ],
            "source_dest_check": true,
            "spot_instance_request_id": "",
            "subnet_id": "subnet-0c9b4af62d0fe6c35",
            "tags": {
              "Name": "sibu-prod-audit"
            },
            "tags_all": {
              "Name": "sibu-prod-audit"
            },
            "tenancy": "default",
            "timeouts": null,
            "user_data": "#!/bin/bash\nset -eux\n\ndnf update -y\ndnf install -y docker git nmap-ncat\n\n# -----------------------------\n# Swap (prevents OOM lockups on small instances)\n# -----------------------------\nif ! swapon --show | grep -q \"^/swapfile\"; then\n  (fallocate -l 1G /swapfile || dd if=/dev/zero of=/swapfile bs=1M count=1024) \u003e/dev/null 2\u003e\u00261 || true\n  chmod 600 /swapfile || true\n  mkswap /swapfile \u003e/dev/null 2\u003e\u00261 || true\n  swapon /swapfile || true\n  grep -q \"^/swapfile \" /etc/fstab 2\u003e/dev/null || echo \"/swapfile swap swap defaults 0 0\" \u003e\u003e /etc/fstab\nfi\n\ngroupadd -f docker || true\nsystemctl enable docker\nsystemctl start docker\nusermod -aG docker ec2-user || true\nchmod 666 /var/run/docker.sock || true\nsleep 5\n\ndocker network create sibu-net || true\n\n# --- DATA endpoints (DATA instance private IP) ---\nDATA_IP=\"172.31.8.68\"\n\nDATABASE_URL=\"postgresql+asyncpg://sibu:sibu@$DATA_IP:5432/sibu\"\nDB_HOST=\"$DATA_IP\"\nDB_PORT=\"5432\"\nDB_USER=\"sibu\"\nDB_PASSWORD=\"sibu\"\nDB_NAME=\"sibu\"\n\n# --- Wait for Postgres ---\necho \"Waiting for Postgres at $DATA_IP:5432 ...\"\nfor i in {1..90}; do\n  if nc -z \"$DATA_IP\" 5432 \u003e/dev/null 2\u003e\u00261; then\n    echo \"Postgres reachable\"\n    break\n  fi\n  echo \"Postgres not ready yet ($i)...\"\n  sleep 2\ndone\n\n# --- Wait for Kafka metadata ---\necho \"Waiting for Kafka at $DATA_IP:29092 ...\"\nfor i in {1..90}; do\n  if nc -z \"$DATA_IP\" 29092 \u003e/dev/null 2\u003e\u00261; then\n    echo \"Kafka port reachable\"\n    break\n  fi\n  echo \"Kafka not ready yet ($i)...\"\n  sleep 2\ndone\nsleep 10\n\n### ------------------------------------------------------------\n### Audit-log depends on: MongoDB + RabbitMQ + MQTT\n### In QA we run these brokers locally on THIS instance (not on DATA)\n### ------------------------------------------------------------\n\n# Mongo\ndocker rm -f sibu-mongo || true\ndocker run -d --name sibu-mongo --restart always \\\n  --network sibu-net \\\n  mongo:7\n\n# RabbitMQ\ndocker rm -f sibu-rabbit || true\ndocker run -d --name sibu-rabbit --restart always \\\n  --network sibu-net \\\n  rabbitmq:3\n\n# MQTT (Mosquitto)\ndocker rm -f sibu-mqtt || true\ndocker run -d --name sibu-mqtt --restart always \\\n  --network sibu-net \\\n  eclipse-mosquitto:2\n\nsleep 5\n\n# --- Pull \u0026 Run audit-log service (image name in DockerHub uses underscore) ---\ndocker pull jccasav/sibu-audit_log:qa\ndocker rm -f sibu-audit || true\n\n# NOTE: this image runs Uvicorn on port 8006\ndocker run -d --name sibu-audit --restart always \\\n  -p 8004:8006 \\\n  --network sibu-net \\\n  --add-host postgres:$DATA_IP \\\n  --add-host db:$DATA_IP \\\n  --add-host sibu-postgres:$DATA_IP \\\n  --add-host kafka:$DATA_IP \\\n  -e DATABASE_URL=\"$DATABASE_URL\" \\\n  -e DB_HOST=\"$DB_HOST\" \\\n  -e DB_PORT=\"$DB_PORT\" \\\n  -e DB_USER=\"$DB_USER\" \\\n  -e DB_PASSWORD=\"$DB_PASSWORD\" \\\n  -e DB_NAME=\"$DB_NAME\" \\\n  -e KAFKA_BOOTSTRAP=\"$DATA_IP:29092\" \\\n  -e RABBITMQ_URL=\"amqp://guest:guest@sibu-rabbit:5672/\" \\\n  -e MONGO_URI=\"mongodb://sibu-mongo:27017\" \\\n  -e MQTT_BROKER=\"sibu-mqtt\" \\\n  -e MQTT_PORT=\"1883\" \\\n  jccasav/sibu-audit_log:qa\n\n# Quick local check\nsleep 3\ncurl -sS -I http://127.0.0.1:8004/docs || true\n",
            "user_data_base64": null,
            "user_data_replace_on_change": false,
            "volume_tags": null,
            "vpc_security_group_ids": [
              "sg-0fdd0865ca26ac540"
            ]
          },
          "sensitive_attributes": [],
          "identity_schema_version": 0,
          "identity": {
            "account_id": "346732036443",
            "id": "i-0b03055f10d81d041",
            "region": "us-east-1"
          },
          "private": "eyJlMmJmYjczMC1lY2FhLTExZTYtOGY4OC0zNDM2M2JjN2M0YzAiOnsiY3JlYXRlIjo2MDAwMDAwMDAwMDAsImRlbGV0ZSI6MTIwMDAwMDAwMDAwMCwicmVhZCI6OTAwMDAwMDAwMDAwLCJ1cGRhdGUiOjYwMDAwMDAwMDAwMH0sInNjaGVtYV92ZXJzaW9uIjoiMiJ9",
          "dependencies": [
            "aws_instance.data",
            "aws_key_pair.qa_sibu",
            "aws_security_group.bastion_sg",
            "aws_security_group.sibu_sg",
            "data.aws_ami.al2023",
            "data.aws_subnets.default",
            "data.aws_vpc.default"
          ]
        }
      ]
    },
    {
      "mode": "managed",
      "type": "aws_instance",
      "name": "authUsers",
      "provider": "provider[\"registry.terraform.io/hashicorp/aws\"]",
      "instances": [
        {
          "schema_version": 2,
          "attributes": {
            "ami": "ami-0724302e25d16f8f2",
            "arn": "arn:aws:ec2:us-east-1:346732036443:instance/i-05cd3c74edf72b86b",
            "associate_public_ip_address": true,
            "availability_zone": "us-east-1c",
            "capacity_reservation_specification": [
              {
                "capacity_reservation_preference": "open",
                "capacity_reservation_target": []
              }
            ],
            "cpu_options": [
              {
                "amd_sev_snp": "",
                "core_count": 1,
                "threads_per_core": 2
              }
            ],
            "credit_specification": [
              {
                "cpu_credits": "unlimited"
              }
            ],
            "disable_api_stop": false,
            "disable_api_termination": false,
            "ebs_block_device": [],
            "ebs_optimized": false,
            "enable_primary_ipv6": null,
            "enclave_options": [
              {
                "enabled": false
              }
            ],
            "ephemeral_block_device": [],
            "force_destroy": false,
            "get_password_data": false,
            "hibernation": false,
            "host_id": "",
            "host_resource_group_arn": null,
            "iam_instance_profile": "",
            "id": "i-05cd3c74edf72b86b",
            "instance_initiated_shutdown_behavior": "stop",
            "instance_lifecycle": "",
            "instance_market_options": [],
            "instance_state": "running",
            "instance_type": "t3.micro",
            "ipv6_address_count": 0,
            "ipv6_addresses": [],
            "key_name": "sibu-prod-key",
            "launch_template": [],
            "maintenance_options": [
              {
                "auto_recovery": "default"
              }
            ],
            "metadata_options": [
              {
                "http_endpoint": "enabled",
                "http_protocol_ipv6": "disabled",
                "http_put_response_hop_limit": 2,
                "http_tokens": "required",
                "instance_metadata_tags": "disabled"
              }
            ],
            "monitoring": false,
            "network_interface": [],
            "outpost_arn": "",
            "password_data": "",
            "placement_group": "",
            "placement_group_id": "",
            "placement_partition_number": 0,
            "primary_network_interface": [
              {
                "delete_on_termination": true,
                "network_interface_id": "eni-0f8be244e76aa46f1"
              }
            ],
            "primary_network_interface_id": "eni-0f8be244e76aa46f1",
            "private_dns": "ip-172-31-13-160.ec2.internal",
            "private_dns_name_options": [
              {
                "enable_resource_name_dns_a_record": false,
                "enable_resource_name_dns_aaaa_record": false,
                "hostname_type": "ip-name"
              }
            ],
            "private_ip": "172.31.13.160",
            "public_dns": "ec2-100-48-221-13.compute-1.amazonaws.com",
            "public_ip": "100.48.221.13",
            "region": "us-east-1",
            "root_block_device": [
              {
                "delete_on_termination": true,
                "device_name": "/dev/xvda",
                "encrypted": false,
                "iops": 3000,
                "kms_key_id": "",
                "tags": null,
                "tags_all": {},
                "throughput": 125,
                "volume_id": "vol-07b282f1c51085701",
                "volume_size": 30,
                "volume_type": "gp3"
              }
            ],
            "secondary_private_ips": [],
            "security_groups": [
              "sibu-prod-sg1"
            ],
            "source_dest_check": true,
            "spot_instance_request_id": "",
            "subnet_id": "subnet-0c9b4af62d0fe6c35",
            "tags": {
              "Name": "sibu-prod-authUsers"
            },
            "tags_all": {
              "Name": "sibu-prod-authUsers"
            },
            "tenancy": "default",
            "timeouts": null,
            "user_data": "#!/bin/bash\nset -eux\n\ndnf update -y\ndnf install -y docker git nmap-ncat\n\n# -----------------------------\n# Swap (prevents OOM lockups on small instances)\n# -----------------------------\nif ! swapon --show | grep -q \"^/swapfile\"; then\n  (fallocate -l 1G /swapfile || dd if=/dev/zero of=/swapfile bs=1M count=1024) \u003e/dev/null 2\u003e\u00261 || true\n  chmod 600 /swapfile || true\n  mkswap /swapfile \u003e/dev/null 2\u003e\u00261 || true\n  swapon /swapfile || true\n  grep -q \"^/swapfile \" /etc/fstab 2\u003e/dev/null || echo \"/swapfile swap swap defaults 0 0\" \u003e\u003e /etc/fstab\nfi\n\ngroupadd -f docker || true\nsystemctl enable docker\nsystemctl start docker\nusermod -aG docker ec2-user || true\nchmod 666 /var/run/docker.sock || true\nsleep 5\n\ndocker network create sibu-net || true\n\n# --- DATA endpoints (DATA instance private IP) ---\nDATA_IP=\"172.31.8.68\"\n\nDATABASE_URL=\"postgresql+asyncpg://sibu:sibu@$DATA_IP:5432/sibu\"\nDB_HOST=\"$DATA_IP\"\nDB_PORT=\"5432\"\nDB_USER=\"sibu\"\nDB_PASSWORD=\"sibu\"\nDB_NAME=\"sibu\"\n\n# --- Wait for Postgres ---\necho \"Waiting for Postgres at $DATA_IP:5432 ...\"\nfor i in {1..90}; do\n  if nc -z \"$DATA_IP\" 5432 \u003e/dev/null 2\u003e\u00261; then\n    echo \"Postgres reachable\"\n    break\n  fi\n  echo \"Postgres not ready yet ($i)...\"\n  sleep 2\ndone\n\n# --- Wait for Kafka metadata ---\necho \"Waiting for Kafka at $DATA_IP:29092 ...\"\nfor i in {1..90}; do\n  if nc -z \"$DATA_IP\" 29092 \u003e/dev/null 2\u003e\u00261; then\n    echo \"Kafka port reachable\"\n    break\n  fi\n  echo \"Kafka not ready yet ($i)...\"\n  sleep 2\ndone\nsleep 10\n\n# -----------------------------\n# AUTH (host port 8000)\n# -----------------------------\ndocker pull jccasav/sibu-auth:qa\ndocker rm -f sibu-auth || true\n\ndocker run -d --name sibu-auth --restart always \\\n  -p 8000:8000 \\\n  --network sibu-net \\\n  --add-host postgres:$DATA_IP \\\n  --add-host db:$DATA_IP \\\n  --add-host sibu-postgres:$DATA_IP \\\n  --add-host kafka:$DATA_IP \\\n  -e DATABASE_URL=\"$DATABASE_URL\" \\\n  -e DB_HOST=\"$DB_HOST\" \\\n  -e DB_PORT=\"$DB_PORT\" \\\n  -e DB_USER=\"$DB_USER\" \\\n  -e DB_PASSWORD=\"$DB_PASSWORD\" \\\n  -e DB_NAME=\"$DB_NAME\" \\\n  -e KAFKA_BOOTSTRAP_SERVERS=\"$DATA_IP:29092\" \\\n  -e KAFKA_BOOTSTRAP=\"$DATA_IP:29092\" \\\n  -e KAFKA_BROKER=\"$DATA_IP:29092\" \\\n  -e KAFKA_URL=\"$DATA_IP:29092\" \\\n  jccasav/sibu-auth:qa\n\n# -----------------------------\n# USERS (host port 8001 -\u003e container port 8000)\n# -----------------------------\ndocker pull jccasav/sibu-users:qa\ndocker rm -f sibu-users || true\n\ndocker run -d --name sibu-users --restart always \\\n  -p 8001:8000 \\\n  --network sibu-net \\\n  --add-host postgres:$DATA_IP \\\n  --add-host db:$DATA_IP \\\n  --add-host sibu-postgres:$DATA_IP \\\n  --add-host kafka:$DATA_IP \\\n  -e DATABASE_URL=\"$DATABASE_URL\" \\\n  -e DB_HOST=\"$DB_HOST\" \\\n  -e DB_PORT=\"$DB_PORT\" \\\n  -e DB_USER=\"$DB_USER\" \\\n  -e DB_PASSWORD=\"$DB_PASSWORD\" \\\n  -e DB_NAME=\"$DB_NAME\" \\\n  -e KAFKA_BOOTSTRAP_SERVERS=\"$DATA_IP:29092\" \\\n  -e KAFKA_BOOTSTRAP=\"$DATA_IP:29092\" \\\n  -e KAFKA_BROKER=\"$DATA_IP:29092\" \\\n  -e KAFKA_URL=\"$DATA_IP:29092\" \\\n  jccasav/sibu-users:qa\n\n# Quick local checks\nsleep 3\ncurl -sS http://127.0.0.1:8000/health || true\ncurl -sS http://127.0.0.1:8001/health || true\n",
            "user_data_base64": null,
            "user_data_replace_on_change": false,
            "volume_tags": null,
            "vpc_security_group_ids": [
              "sg-0fdd0865ca26ac540"
            ]
          },
          "sensitive_attributes": [],
          "identity_schema_version": 0,
          "identity": {
            "account_id": "346732036443",
            "id": "i-05cd3c74edf72b86b",
            "region": "us-east-1"
          },
          "private": "eyJlMmJmYjczMC1lY2FhLTExZTYtOGY4OC0zNDM2M2JjN2M0YzAiOnsiY3JlYXRlIjo2MDAwMDAwMDAwMDAsImRlbGV0ZSI6MTIwMDAwMDAwMDAwMCwicmVhZCI6OTAwMDAwMDAwMDAwLCJ1cGRhdGUiOjYwMDAwMDAwMDAwMH0sInNjaGVtYV92ZXJzaW9uIjoiMiJ9",
          "dependencies": [
            "aws_instance.data",
            "aws_key_pair.qa_sibu",
            "aws_security_group.bastion_sg",
            "aws_security_group.sibu_sg",
            "data.aws_ami.al2023",
            "data.aws_subnets.default",
            "data.aws_vpc.default"
          ]
        }
      ]
    },
    {
      "mode": "managed",
      "type": "aws_instance",
      "name": "bastion",
      "provider": "provider[\"registry.terraform.io/hashicorp/aws\"]",
      "instances": [
        {
          "schema_version": 2,
          "attributes": {
            "ami": "ami-0724302e25d16f8f2",
            "arn": "arn:aws:ec2:us-east-1:346732036443:instance/i-0bc59442eb87f555d",
            "associate_public_ip_address": true,
            "availability_zone": "us-east-1c",
            "capacity_reservation_specification": [
              {
                "capacity_reservation_preference": "open",
                "capacity_reservation_target": []
              }
            ],
            "cpu_options": [
              {
                "amd_sev_snp": "",
                "core_count": 1,
                "threads_per_core": 2
              }
            ],
            "credit_specification": [
              {
                "cpu_credits": "unlimited"
              }
            ],
            "disable_api_stop": false,
            "disable_api_termination": false,
            "ebs_block_device": [],
            "ebs_optimized": false,
            "enable_primary_ipv6": null,
            "enclave_options": [
              {
                "enabled": false
              }
            ],
            "ephemeral_block_device": [],
            "force_destroy": false,
            "get_password_data": false,
            "hibernation": false,
            "host_id": "",
            "host_resource_group_arn": null,
            "iam_instance_profile": "",
            "id": "i-0bc59442eb87f555d",
            "instance_initiated_shutdown_behavior": "stop",
            "instance_lifecycle": "",
            "instance_market_options": [],
            "instance_state": "running",
            "instance_type": "t3.micro",
            "ipv6_address_count": 0,
            "ipv6_addresses": [],
            "key_name": "sibu-prod-key",
            "launch_template": [],
            "maintenance_options": [
              {
                "auto_recovery": "default"
              }
            ],
            "metadata_options": [
              {
                "http_endpoint": "enabled",
                "http_protocol_ipv6": "disabled",
                "http_put_response_hop_limit": 2,
                "http_tokens": "required",
                "instance_metadata_tags": "disabled"
              }
            ],
            "monitoring": false,
            "network_interface": [],
            "outpost_arn": "",
            "password_data": "",
            "placement_group": "",
            "placement_group_id": "",
            "placement_partition_number": 0,
            "primary_network_interface": [
              {
                "delete_on_termination": true,
                "network_interface_id": "eni-0978d666b829ad334"
              }
            ],
            "primary_network_interface_id": "eni-0978d666b829ad334",
            "private_dns": "ip-172-31-2-183.ec2.internal",
            "private_dns_name_options": [
              {
                "enable_resource_name_dns_a_record": false,
                "enable_resource_name_dns_aaaa_record": false,
                "hostname_type": "ip-name"
              }
            ],
            "private_ip": "172.31.2.183",
            "public_dns": "ec2-35-168-32-79.compute-1.amazonaws.com",
            "public_ip": "35.168.32.79",
            "region": "us-east-1",
            "root_block_device": [
              {
                "delete_on_termination": true,
                "device_name": "/dev/xvda",
                "encrypted": false,
                "iops": 3000,
                "kms_key_id": "",
                "tags": null,
                "tags_all": {},
                "throughput": 125,
                "volume_id": "vol-030ddac6b6b8ae467",
                "volume_size": 30,
                "volume_type": "gp3"
              }
            ],
            "secondary_private_ips": [],
            "security_groups": [
              "sibu-prod-bastion-sg1"
            ],
            "source_dest_check": true,
            "spot_instance_request_id": "",
            "subnet_id": "subnet-0c9b4af62d0fe6c35",
            "tags": {
              "Name": "sibu-prod-bastion"
            },
            "tags_all": {
              "Name": "sibu-prod-bastion"
            },
            "tenancy": "default",
            "timeouts": null,
            "user_data": "#!/bin/bash\nset -eux\ndnf update -y\ndnf install -y htop nmap-ncat\n",
            "user_data_base64": null,
            "user_data_replace_on_change": false,
            "volume_tags": null,
            "vpc_security_group_ids": [
              "sg-0a795234749b347d1"
            ]
          },
          "sensitive_attributes": [],
          "identity_schema_version": 0,
          "identity": {
            "account_id": "346732036443",
            "id": "i-0bc59442eb87f555d",
            "region": "us-east-1"
          },
          "private": "eyJlMmJmYjczMC1lY2FhLTExZTYtOGY4OC0zNDM2M2JjN2M0YzAiOnsiY3JlYXRlIjo2MDAwMDAwMDAwMDAsImRlbGV0ZSI6MTIwMDAwMDAwMDAwMCwicmVhZCI6OTAwMDAwMDAwMDAwLCJ1cGRhdGUiOjYwMDAwMDAwMDAwMH0sInNjaGVtYV92ZXJzaW9uIjoiMiJ9",
          "dependencies": [
            "aws_key_pair.qa_sibu",
            "aws_security_group.bastion_sg",
            "data.aws_ami.al2023",
            "data.aws_subnets.default",
            "data.aws_vpc.default"
          ]
        }
      ]
    },
    {
      "mode": "managed",
      "type": "aws_instance",
      "name": "cases",
      "provider": "provider[\"registry.terraform.io/hashicorp/aws\"]",
      "instances": [
        {
          "schema_version": 2,
          "attributes": {
            "ami": "ami-0724302e25d16f8f2",
            "arn": "arn:aws:ec2:us-east-1:346732036443:instance/i-00732b58f65b3f228",
            "associate_public_ip_address": true,
            "availability_zone": "us-east-1c",
            "capacity_reservation_specification": [
              {
                "capacity_reservation_preference": "open",
                "capacity_reservation_target": []
              }
            ],
            "cpu_options": [
              {
                "amd_sev_snp": "",
                "core_count": 1,
                "threads_per_core": 2
              }
            ],
            "credit_specification": [
              {
                "cpu_credits": "unlimited"
              }
            ],
            "disable_api_stop": false,
            "disable_api_termination": false,
            "ebs_block_device": [],
            "ebs_optimized": false,
            "enable_primary_ipv6": null,
            "enclave_options": [
              {
                "enabled": false
              }
            ],
            "ephemeral_block_device": [],
            "force_destroy": false,
            "get_password_data": false,
            "hibernation": false,
            "host_id": "",
            "host_resource_group_arn": null,
            "iam_instance_profile": "",
            "id": "i-00732b58f65b3f228",
            "instance_initiated_shutdown_behavior": "stop",
            "instance_lifecycle": "",
            "instance_market_options": [],
            "instance_state": "running",
            "instance_type": "t3.micro",
            "ipv6_address_count": 0,
            "ipv6_addresses": [],
            "key_name": "sibu-prod-key",
            "launch_template": [],
            "maintenance_options": [
              {
                "auto_recovery": "default"
              }
            ],
            "metadata_options": [
              {
                "http_endpoint": "enabled",
                "http_protocol_ipv6": "disabled",
                "http_put_response_hop_limit": 2,
                "http_tokens": "required",
                "instance_metadata_tags": "disabled"
              }
            ],
            "monitoring": false,
            "network_interface": [],
            "outpost_arn": "",
            "password_data": "",
            "placement_group": "",
            "placement_group_id": "",
            "placement_partition_number": 0,
            "primary_network_interface": [
              {
                "delete_on_termination": true,
                "network_interface_id": "eni-08676b6bfac6066de"
              }
            ],
            "primary_network_interface_id": "eni-08676b6bfac6066de",
            "private_dns": "ip-172-31-15-86.ec2.internal",
            "private_dns_name_options": [
              {
                "enable_resource_name_dns_a_record": false,
                "enable_resource_name_dns_aaaa_record": false,
                "hostname_type": "ip-name"
              }
            ],
            "private_ip": "172.31.15.86",
            "public_dns": "ec2-3-237-180-82.compute-1.amazonaws.com",
            "public_ip": "3.237.180.82",
            "region": "us-east-1",
            "root_block_device": [
              {
                "delete_on_termination": true,
                "device_name": "/dev/xvda",
                "encrypted": false,
                "iops": 3000,
                "kms_key_id": "",
                "tags": null,
                "tags_all": {},
                "throughput": 125,
                "volume_id": "vol-0702706669b246b78",
                "volume_size": 30,
                "volume_type": "gp3"
              }
            ],
            "secondary_private_ips": [],
            "security_groups": [
              "sibu-prod-sg1"
            ],
            "source_dest_check": true,
            "spot_instance_request_id": "",
            "subnet_id": "subnet-0c9b4af62d0fe6c35",
            "tags": {
              "Name": "sibu-prod-cases"
            },
            "tags_all": {
              "Name": "sibu-prod-cases"
            },
            "tenancy": "default",
            "timeouts": null,
            "user_data": "#!/bin/bash\nset -eux\n\ndnf update -y\ndnf install -y docker git nmap-ncat\n\n# -----------------------------\n# Swap (prevents OOM lockups on small instances)\n# -----------------------------\nif ! swapon --show | grep -q \"^/swapfile\"; then\n  (fallocate -l 1G /swapfile || dd if=/dev/zero of=/swapfile bs=1M count=1024) \u003e/dev/null 2\u003e\u00261 || true\n  chmod 600 /swapfile || true\n  mkswap /swapfile \u003e/dev/null 2\u003e\u00261 || true\n  swapon /swapfile || true\n  grep -q \"^/swapfile \" /etc/fstab 2\u003e/dev/null || echo \"/swapfile swap swap defaults 0 0\" \u003e\u003e /etc/fstab\nfi\n\ngroupadd -f docker || true\nsystemctl enable docker\nsystemctl start docker\nusermod -aG docker ec2-user || true\nchmod 666 /var/run/docker.sock || true\nsleep 5\n\ndocker network create sibu-net || true\n\n# --- DATA endpoints (DATA instance private IP) ---\nDATA_IP=\"172.31.8.68\"\n\nDATABASE_URL=\"postgresql+asyncpg://sibu:sibu@$DATA_IP:5432/sibu\"\nDB_HOST=\"$DATA_IP\"\nDB_PORT=\"5432\"\nDB_USER=\"sibu\"\nDB_PASSWORD=\"sibu\"\nDB_NAME=\"sibu\"\n\n# --- Wait for Postgres ---\necho \"Waiting for Postgres at $DATA_IP:5432 ...\"\nfor i in {1..90}; do\n  if nc -z \"$DATA_IP\" 5432 \u003e/dev/null 2\u003e\u00261; then\n    echo \"Postgres reachable\"\n    break\n  fi\n  echo \"Postgres not ready yet ($i)...\"\n  sleep 2\ndone\n\n# --- Wait for Kafka metadata ---\necho \"Waiting for Kafka at $DATA_IP:29092 ...\"\nfor i in {1..90}; do\n  if nc -z \"$DATA_IP\" 29092 \u003e/dev/null 2\u003e\u00261; then\n    echo \"Kafka port reachable\"\n    break\n  fi\n  echo \"Kafka not ready yet ($i)...\"\n  sleep 2\ndone\nsleep 10\n\ndocker pull jccasav/sibu-cases:qa\ndocker rm -f sibu-cases || true\n\ndocker run -d --name sibu-cases --restart always \\\n  -p 8002:8003 \\\n  --network sibu-net \\\n  --add-host postgres:$DATA_IP \\\n  --add-host db:$DATA_IP \\\n  --add-host sibu-postgres:$DATA_IP \\\n  --add-host kafka:$DATA_IP \\\n  -e DATABASE_URL=\"$DATABASE_URL\" \\\n  -e DB_HOST=\"$DB_HOST\" \\\n  -e DB_PORT=\"$DB_PORT\" \\\n  -e DB_USER=\"$DB_USER\" \\\n  -e DB_PASSWORD=\"$DB_PASSWORD\" \\\n  -e DB_NAME=\"$DB_NAME\" \\\n  -e KAFKA_BOOTSTRAP_SERVERS=\"$DATA_IP:29092\" \\\n  -e KAFKA_BOOTSTRAP=\"$DATA_IP:29092\" \\\n  -e KAFKA_BROKER=\"$DATA_IP:29092\" \\\n  -e KAFKA_URL=\"$DATA_IP:29092\" \\\n  jccasav/sibu-cases:qa\n\n# Quick local check\nsleep 3\ncurl -sS http://127.0.0.1:8002/health || true\n",
            "user_data_base64": null,
            "user_data_replace_on_change": false,
            "volume_tags": null,
            "vpc_security_group_ids": [
              "sg-0fdd0865ca26ac540"
            ]
          },
          "sensitive_attributes": [],
          "identity_schema_version": 0,
          "identity": {
            "account_id": "346732036443",
            "id": "i-00732b58f65b3f228",
            "region": "us-east-1"
          },
          "private": "eyJlMmJmYjczMC1lY2FhLTExZTYtOGY4OC0zNDM2M2JjN2M0YzAiOnsiY3JlYXRlIjo2MDAwMDAwMDAwMDAsImRlbGV0ZSI6MTIwMDAwMDAwMDAwMCwicmVhZCI6OTAwMDAwMDAwMDAwLCJ1cGRhdGUiOjYwMDAwMDAwMDAwMH0sInNjaGVtYV92ZXJzaW9uIjoiMiJ9",
          "dependencies": [
            "aws_instance.data",
            "aws_key_pair.qa_sibu",
            "aws_security_group.bastion_sg",
            "aws_security_group.sibu_sg",
            "data.aws_ami.al2023",
            "data.aws_subnets.default",
            "data.aws_vpc.default"
          ]
        }
      ]
    },
    {
      "mode": "managed",
      "type": "aws_instance",
      "name": "data",
      "provider": "provider[\"registry.terraform.io/hashicorp/aws\"]",
      "instances": [
        {
          "schema_version": 2,
          "attributes": {
            "ami": "ami-0724302e25d16f8f2",
            "arn": "arn:aws:ec2:us-east-1:346732036443:instance/i-04e87914bf843d5a8",
            "associate_public_ip_address": true,
            "availability_zone": "us-east-1c",
            "capacity_reservation_specification": [
              {
                "capacity_reservation_preference": "open",
                "capacity_reservation_target": []
              }
            ],
            "cpu_options": [
              {
                "amd_sev_snp": "",
                "core_count": 1,
                "threads_per_core": 2
              }
            ],
            "credit_specification": [
              {
                "cpu_credits": "unlimited"
              }
            ],
            "disable_api_stop": false,
            "disable_api_termination": false,
            "ebs_block_device": [],
            "ebs_optimized": false,
            "enable_primary_ipv6": null,
            "enclave_options": [
              {
                "enabled": false
              }
            ],
            "ephemeral_block_device": [],
            "force_destroy": false,
            "get_password_data": false,
            "hibernation": false,
            "host_id": "",
            "host_resource_group_arn": null,
            "iam_instance_profile": "",
            "id": "i-04e87914bf843d5a8",
            "instance_initiated_shutdown_behavior": "stop",
            "instance_lifecycle": "",
            "instance_market_options": [],
            "instance_state": "running",
            "instance_type": "t3.small",
            "ipv6_address_count": 0,
            "ipv6_addresses": [],
            "key_name": "sibu-prod-key",
            "launch_template": [],
            "maintenance_options": [
              {
                "auto_recovery": "default"
              }
            ],
            "metadata_options": [
              {
                "http_endpoint": "enabled",
                "http_protocol_ipv6": "disabled",
                "http_put_response_hop_limit": 2,
                "http_tokens": "required",
                "instance_metadata_tags": "disabled"
              }
            ],
            "monitoring": false,
            "network_interface": [],
            "outpost_arn": "",
            "password_data": "",
            "placement_group": "",
            "placement_group_id": "",
            "placement_partition_number": 0,
            "primary_network_interface": [
              {
                "delete_on_termination": true,
                "network_interface_id": "eni-02bce054829d48a54"
              }
            ],
            "primary_network_interface_id": "eni-02bce054829d48a54",
            "private_dns": "ip-172-31-8-68.ec2.internal",
            "private_dns_name_options": [
              {
                "enable_resource_name_dns_a_record": false,
                "enable_resource_name_dns_aaaa_record": false,
                "hostname_type": "ip-name"
              }
            ],
            "private_ip": "172.31.8.68",
            "public_dns": "ec2-3-218-244-97.compute-1.amazonaws.com",
            "public_ip": "3.218.244.97",
            "region": "us-east-1",
            "root_block_device": [
              {
                "delete_on_termination": true,
                "device_name": "/dev/xvda",
                "encrypted": false,
                "iops": 3000,
                "kms_key_id": "",
                "tags": null,
                "tags_all": {},
                "throughput": 125,
                "volume_id": "vol-06f5d8be8fe02d9e5",
                "volume_size": 30,
                "volume_type": "gp3"
              }
            ],
            "secondary_private_ips": [],
            "security_groups": [
              "sibu-prod-sg1"
            ],
            "source_dest_check": true,
            "spot_instance_request_id": "",
            "subnet_id": "subnet-0c9b4af62d0fe6c35",
            "tags": {
              "Name": "sibu-prod-data"
            },
            "tags_all": {
              "Name": "sibu-prod-data"
            },
            "tenancy": "default",
            "timeouts": null,
            "user_data": "#!/bin/bash\nset -euxo pipefail\n\ndnf update -y\ndnf install -y docker git nmap-ncat\n\n# -----------------------------\n# Swap (prevents OOM lockups on small instances)\n# -----------------------------\nif ! swapon --show | grep -q \"^/swapfile\"; then\n  (fallocate -l 1G /swapfile || dd if=/dev/zero of=/swapfile bs=1M count=1024) \u003e/dev/null 2\u003e\u00261 || true\n  chmod 600 /swapfile || true\n  mkswap /swapfile \u003e/dev/null 2\u003e\u00261 || true\n  swapon /swapfile || true\n  grep -q \"^/swapfile \" /etc/fstab 2\u003e/dev/null || echo \"/swapfile swap swap defaults 0 0\" \u003e\u003e /etc/fstab\nfi\n\ngroupadd -f docker || true\nsystemctl enable --now docker\nusermod -aG docker ec2-user || true\nchmod 666 /var/run/docker.sock || true\n\nsleep 5\ndocker network create sibu-net || true\n\nDATA_IP=\"$(hostname -I | awk '{print $1}')\"\necho \"DATA_IP=$DATA_IP\"\n\n# -----------------------------\n# Postgres\n# -----------------------------\ndocker pull postgres:16\ndocker rm -f sibu-postgres || true\ndocker volume create pgdata || true\n\ndocker run -d --name sibu-postgres --restart always \\\n  --network sibu-net \\\n  -p 5432:5432 \\\n  -e POSTGRES_USER=sibu \\\n  -e POSTGRES_PASSWORD=sibu \\\n  -e POSTGRES_DB=sibu \\\n  -v pgdata:/var/lib/postgresql/data \\\n  postgres:16\n\n# Wait Postgres\nfor i in {1..90}; do\n  if docker exec sibu-postgres pg_isready -U sibu -d sibu \u003e/dev/null 2\u003e\u00261; then\n    echo \"Postgres ready\"\n    break\n  fi\n  echo \"Postgres not ready yet ($i)...\"\n  sleep 2\ndone\n\n# -----------------------------\n# DB provisioning (idempotent)\n# - reports role/db (ya lo tenías)\n# - postgres role (admin lo necesita)\n# - sibu_admin database (admin lo necesita)\n# -----------------------------\n\n# Ensure REPORTS role exists + password\ndocker exec sibu-postgres psql -U sibu -d postgres -v ON_ERROR_STOP=1 -c \\\n\"DO \\$\\$ BEGIN\n  IF NOT EXISTS (SELECT 1 FROM pg_roles WHERE rolname='reports') THEN\n    CREATE ROLE reports WITH LOGIN PASSWORD 'reports';\n  ELSE\n    ALTER ROLE reports WITH LOGIN PASSWORD 'reports';\n  END IF;\nEND \\$\\$;\"\n\n# Create reports database if missing (NO DO $$)\nif ! docker exec sibu-postgres psql -U sibu -d postgres -tAc \"SELECT 1 FROM pg_database WHERE datname='reports'\" | grep -q 1; then\n  docker exec sibu-postgres createdb -U sibu -O reports reports\nfi\n\n# Permissions for reports user\ndocker exec sibu-postgres psql -U sibu -d postgres -v ON_ERROR_STOP=1 -c \"GRANT CONNECT ON DATABASE reports TO reports;\" || true\ndocker exec sibu-postgres psql -U sibu -d reports  -v ON_ERROR_STOP=1 -c \"GRANT USAGE ON SCHEMA public TO reports;\" || true\ndocker exec sibu-postgres psql -U sibu -d reports  -v ON_ERROR_STOP=1 -c \"GRANT SELECT,INSERT,UPDATE,DELETE ON ALL TABLES IN SCHEMA public TO reports;\" || true\ndocker exec sibu-postgres psql -U sibu -d reports  -v ON_ERROR_STOP=1 -c \"GRANT USAGE,SELECT,UPDATE ON ALL SEQUENCES IN SCHEMA public TO reports;\" || true\ndocker exec sibu-postgres psql -U sibu -d reports  -v ON_ERROR_STOP=1 -c \"ALTER DEFAULT PRIVILEGES IN SCHEMA public GRANT SELECT,INSERT,UPDATE,DELETE ON TABLES TO reports;\" || true\ndocker exec sibu-postgres psql -U sibu -d reports  -v ON_ERROR_STOP=1 -c \"ALTER DEFAULT PRIVILEGES IN SCHEMA public GRANT USAGE,SELECT,UPDATE ON SEQUENCES TO reports;\" || true\n\n# Ensure role 'postgres' exists (admin intenta user=postgres)\ndocker exec sibu-postgres psql -U sibu -d postgres -v ON_ERROR_STOP=1 -c \\\n\"DO \\$\\$ BEGIN\n  IF NOT EXISTS (SELECT 1 FROM pg_roles WHERE rolname='postgres') THEN\n    CREATE ROLE postgres WITH LOGIN SUPERUSER PASSWORD 'postgres';\n  ELSE\n    ALTER ROLE postgres WITH LOGIN SUPERUSER PASSWORD 'postgres';\n  END IF;\nEND \\$\\$;\"\n\n# Ensure database 'sibu_admin' exists (admin intenta DB=sibu_admin) - NO DO $$\nif ! docker exec sibu-postgres psql -U sibu -d postgres -tAc \"SELECT 1 FROM pg_database WHERE datname='sibu_admin'\" | grep -q 1; then\n  docker exec sibu-postgres createdb -U sibu -O sibu sibu_admin\nfi\n\n# -----------------------------\n# Redis (admin lo necesita como host \"redis:6379\")\n# -----------------------------\ndocker pull redis:7-alpine\ndocker rm -f redis || true\ndocker run -d --name redis --restart always \\\n  --network sibu-net \\\n  -p 6379:6379 \\\n  redis:7-alpine\n\n# Wait Redis\nfor i in {1..60}; do\n  if nc -z 127.0.0.1 6379 \u003e/dev/null 2\u003e\u00261; then\n    echo \"Redis ready\"\n    break\n  fi\n  echo \"Redis not ready yet ($i)...\"\n  sleep 2\ndone\n\n# -----------------------------\n# RabbitMQ (management)\n# -----------------------------\ndocker pull rabbitmq:3.13-management\ndocker rm -f rabbitmq || true\ndocker volume create rabbitmq_data || true\n\ndocker run -d --name rabbitmq --restart always \\\n  --network sibu-net \\\n  -p 5672:5672 \\\n  -p 15672:15672 \\\n  -v rabbitmq_data:/var/lib/rabbitmq \\\n  rabbitmq:3.13-management\n\nfor i in {1..90}; do\n  if nc -z 127.0.0.1 5672 \u003e/dev/null 2\u003e\u00261 \u0026\u0026 nc -z 127.0.0.1 15672 \u003e/dev/null 2\u003e\u00261; then\n    echo \"RabbitMQ ready\"\n    break\n  fi\n  echo \"RabbitMQ not ready yet ($i)...\"\n  sleep 2\ndone\n\n# -----------------------------\n# Zookeeper\n# -----------------------------\ndocker pull confluentinc/cp-zookeeper:7.6.1\ndocker rm -f sibu-zookeeper || true\n\ndocker run -d --name sibu-zookeeper --restart always \\\n  --network sibu-net \\\n  -p 2181:2181 \\\n  -e ZOOKEEPER_CLIENT_PORT=2181 \\\n  -e ZOOKEEPER_TICK_TIME=2000 \\\n  confluentinc/cp-zookeeper:7.6.1\n\nfor i in {1..60}; do\n  if nc -z 127.0.0.1 2181 \u003e/dev/null 2\u003e\u00261; then\n    echo \"Zookeeper ready\"\n    break\n  fi\n  echo \"Zookeeper not ready yet ($i)...\"\n  sleep 2\ndone\n\n# -----------------------------\n# Kafka\n# -----------------------------\ndocker pull confluentinc/cp-kafka:7.6.1\ndocker rm -f kafka || true\n\ndocker run -d --name kafka --restart always \\\n  --network sibu-net \\\n  -p 29092:29092 \\\n  -e KAFKA_BROKER_ID=1 \\\n  -e KAFKA_ZOOKEEPER_CONNECT=\"sibu-zookeeper:2181\" \\\n  -e KAFKA_LISTENERS=\"PLAINTEXT://0.0.0.0:29092\" \\\n  -e KAFKA_ADVERTISED_LISTENERS=\"PLAINTEXT://$DATA_IP:29092\" \\\n  -e KAFKA_LISTENER_SECURITY_PROTOCOL_MAP=\"PLAINTEXT:PLAINTEXT\" \\\n  -e KAFKA_INTER_BROKER_LISTENER_NAME=\"PLAINTEXT\" \\\n  -e KAFKA_OFFSETS_TOPIC_REPLICATION_FACTOR=1 \\\n  -e KAFKA_TRANSACTION_STATE_LOG_REPLICATION_FACTOR=1 \\\n  -e KAFKA_TRANSACTION_STATE_LOG_MIN_ISR=1 \\\n  -e KAFKA_AUTO_CREATE_TOPICS_ENABLE=false \\\n  -e KAFKA_LOG_CLEANER_ENABLE=false \\\n  -e KAFKA_HEAP_OPTS=\"-Xms384m -Xmx384m\" \\\n  --memory=\"900m\" --memory-swap=\"1400m\" \\\n  confluentinc/cp-kafka:7.6.1\n\nfor i in {1..90}; do\n  if nc -z 127.0.0.1 29092 \u003e/dev/null 2\u003e\u00261; then\n    echo \"Kafka port open\"\n    break\n  fi\n  echo \"Kafka not ready yet ($i)...\"\n  sleep 2\ndone\n\nfor i in {1..120}; do\n  if docker exec kafka kafka-topics --bootstrap-server 127.0.0.1:29092 --list \u003e/dev/null 2\u003e\u00261; then\n    echo \"Kafka metadata ready\"\n    break\n  fi\n  echo \"Kafka metadata not ready yet ($i)...\"\n  sleep 2\ndone\n\n# -----------------------------\n# Topics (idempotent)\n# -----------------------------\ndocker exec kafka kafka-topics --bootstrap-server 127.0.0.1:29092 \\\n  --create --if-not-exists --topic sibu.user.events --partitions 1 --replication-factor 1 || true\n\ndocker exec kafka kafka-topics --bootstrap-server 127.0.0.1:29092 \\\n  --create --if-not-exists --topic sibu.events --partitions 1 --replication-factor 1 || true\n\ndocker exec kafka kafka-topics --bootstrap-server 127.0.0.1:29092 \\\n  --create --if-not-exists --topic sibu.cases.events --partitions 1 --replication-factor 1 || true\n\ndocker exec kafka kafka-topics --bootstrap-server 127.0.0.1:29092 \\\n  --create --if-not-exists --topic sibu.appointments.events --partitions 1 --replication-factor 1 || true\n\ndocker exec kafka kafka-topics --bootstrap-server 127.0.0.1:29092 --list || true\n",
            "user_data_base64": null,
            "user_data_replace_on_change": false,
            "volume_tags": null,
            "vpc_security_group_ids": [
              "sg-0fdd0865ca26ac540"
            ]
          },
          "sensitive_attributes": [],
          "identity_schema_version": 0,
          "identity": {
            "account_id": "346732036443",
            "id": "i-04e87914bf843d5a8",
            "region": "us-east-1"
          },
          "private": "eyJlMmJmYjczMC1lY2FhLTExZTYtOGY4OC0zNDM2M2JjN2M0YzAiOnsiY3JlYXRlIjo2MDAwMDAwMDAwMDAsImRlbGV0ZSI6MTIwMDAwMDAwMDAwMCwicmVhZCI6OTAwMDAwMDAwMDAwLCJ1cGRhdGUiOjYwMDAwMDAwMDAwMH0sInNjaGVtYV92ZXJzaW9uIjoiMiJ9",
          "dependencies": [
            "aws_key_pair.qa_sibu",
            "aws_security_group.bastion_sg",
            "aws_security_group.sibu_sg",
            "data.aws_ami.al2023",
            "data.aws_subnets.default",
            "data.aws_vpc.default"
          ]
        }
      ]
    },
    {
      "mode": "managed",
      "type": "aws_instance",
      "name": "notifications",
      "provider": "provider[\"registry.terraform.io/hashicorp/aws\"]",
      "instances": [
        {
          "schema_version": 2,
          "attributes": {
            "ami": "ami-0724302e25d16f8f2",
            "arn": "arn:aws:ec2:us-east-1:346732036443:instance/i-0a17328348721fcf5",
            "associate_public_ip_address": true,
            "availability_zone": "us-east-1c",
            "capacity_reservation_specification": [
              {
                "capacity_reservation_preference": "open",
                "capacity_reservation_target": []
              }
            ],
            "cpu_options": [
              {
                "amd_sev_snp": "",
                "core_count": 1,
                "threads_per_core": 2
              }
            ],
            "credit_specification": [
              {
                "cpu_credits": "unlimited"
              }
            ],
            "disable_api_stop": false,
            "disable_api_termination": false,
            "ebs_block_device": [],
            "ebs_optimized": false,
            "enable_primary_ipv6": null,
            "enclave_options": [
              {
                "enabled": false
              }
            ],
            "ephemeral_block_device": [],
            "force_destroy": false,
            "get_password_data": false,
            "hibernation": false,
            "host_id": "",
            "host_resource_group_arn": null,
            "iam_instance_profile": "",
            "id": "i-0a17328348721fcf5",
            "instance_initiated_shutdown_behavior": "stop",
            "instance_lifecycle": "",
            "instance_market_options": [],
            "instance_state": "running",
            "instance_type": "t3.micro",
            "ipv6_address_count": 0,
            "ipv6_addresses": [],
            "key_name": "sibu-prod-key",
            "launch_template": [],
            "maintenance_options": [
              {
                "auto_recovery": "default"
              }
            ],
            "metadata_options": [
              {
                "http_endpoint": "enabled",
                "http_protocol_ipv6": "disabled",
                "http_put_response_hop_limit": 2,
                "http_tokens": "required",
                "instance_metadata_tags": "disabled"
              }
            ],
            "monitoring": false,
            "network_interface": [],
            "outpost_arn": "",
            "password_data": "",
            "placement_group": "",
            "placement_group_id": "",
            "placement_partition_number": 0,
            "primary_network_interface": [
              {
                "delete_on_termination": true,
                "network_interface_id": "eni-0fc21c6e125051bd5"
              }
            ],
            "primary_network_interface_id": "eni-0fc21c6e125051bd5",
            "private_dns": "ip-172-31-12-214.ec2.internal",
            "private_dns_name_options": [
              {
                "enable_resource_name_dns_a_record": false,
                "enable_resource_name_dns_aaaa_record": false,
                "hostname_type": "ip-name"
              }
            ],
            "private_ip": "172.31.12.214",
            "public_dns": "ec2-3-218-249-252.compute-1.amazonaws.com",
            "public_ip": "3.218.249.252",
            "region": "us-east-1",
            "root_block_device": [
              {
                "delete_on_termination": true,
                "device_name": "/dev/xvda",
                "encrypted": false,
                "iops": 3000,
                "kms_key_id": "",
                "tags": null,
                "tags_all": {},
                "throughput": 125,
                "volume_id": "vol-0b6a5262265258da9",
                "volume_size": 30,
                "volume_type": "gp3"
              }
            ],
            "secondary_private_ips": [],
            "security_groups": [
              "sibu-prod-sg1"
            ],
            "source_dest_check": true,
            "spot_instance_request_id": "",
            "subnet_id": "subnet-0c9b4af62d0fe6c35",
            "tags": {
              "Name": "sibu-prod-insurance"
            },
            "tags_all": {
              "Name": "sibu-prod-insurance"
            },
            "tenancy": "default",
            "timeouts": null,
            "user_data": "#!/bin/bash\nset -eux\n\ndnf update -y\ndnf install -y docker nmap-ncat\n\n# -----------------------------\n# Swap (prevents OOM lockups on small instances)\n# -----------------------------\nif ! swapon --show | grep -q \"^/swapfile\"; then\n  (fallocate -l 1G /swapfile || dd if=/dev/zero of=/swapfile bs=1M count=1024) \u003e/dev/null 2\u003e\u00261 || true\n  chmod 600 /swapfile || true\n  mkswap /swapfile \u003e/dev/null 2\u003e\u00261 || true\n  swapon /swapfile || true\n  grep -q \"^/swapfile \" /etc/fstab 2\u003e/dev/null || echo \"/swapfile swap swap defaults 0 0\" \u003e\u003e /etc/fstab\nfi\n\ngroupadd -f docker || true\nsystemctl enable docker\nsystemctl start docker\nusermod -aG docker ec2-user || true\nchmod 666 /var/run/docker.sock || true\nsleep 5\n\ndocker network create sibu-net || true\n\n# --- DATA endpoints (DATA instance private IP) ---\nDATA_IP=\"172.31.8.68\"\n\n# --- Wait for DATA ports (Postgres/Kafka/Rabbit/Redis) ---\nfor port in 5432 29092 5672 6379; do\n  echo \"Waiting for DATA ${DATA_IP}:${port} ...\"\n  for i in {1..90}; do\n    if nc -z \"${DATA_IP}\" \"${port}\" \u003e/dev/null 2\u003e\u00261; then\n      echo \"DATA ${DATA_IP}:${port} reachable\"\n      break\n    fi\n    echo \"Not ready yet (${i})...\"\n    sleep 2\n  done\ndone\n\n# --- Common env (BASH vars) ---\nCOMMON_DSN=\"postgresql+asyncpg://sibu:sibu@${DATA_IP}:5432/sibu\"\nREDIS_URL=\"redis://${DATA_IP}:6379/0\"\nRABBIT_URL=\"amqp://guest:guest@${DATA_IP}:5672/\"\nKAFKA_BOOTSTRAP=\"${DATA_IP}:29092\"\n\nJWT_SECRET=\"SIBU_SUPER_SECRET_CAMBIAME\"\nJWT_ALGORITHM=\"HS256\"\n\n# =========================================================\n# NOTIFICATIONS (container listens 8004, expose ONLY 8007)\n# =========================================================\ndocker pull jccasav/sibu-notifications:qa\ndocker rm -f sibu-notifications || true\ndocker run -d --name sibu-notifications --restart always \\\n  --network sibu-net \\\n  -p 8007:8004 \\\n  --add-host postgres:${DATA_IP} \\\n  --add-host db:${DATA_IP} \\\n  --add-host redis:${DATA_IP} \\\n  --add-host rabbitmq:${DATA_IP} \\\n  --add-host kafka:${DATA_IP} \\\n  -e DATABASE_URL=\"${COMMON_DSN}\" \\\n  -e POSTGRES_DSN=\"${COMMON_DSN}\" \\\n  -e DB_HOST=\"${DATA_IP}\" -e DB_PORT=\"5432\" \\\n  -e PGHOST=\"${DATA_IP}\" -e PGPORT=\"5432\" \\\n  -e REDIS_URL=\"${REDIS_URL}\" \\\n  -e RABBITMQ_URL=\"${RABBIT_URL}\" \\\n  -e KAFKA_BOOTSTRAP_SERVERS=\"${KAFKA_BOOTSTRAP}\" \\\n  -e JWT_SECRET=\"${JWT_SECRET}\" -e JWT_ALGORITHM=\"${JWT_ALGORITHM}\" \\\n  jccasav/sibu-notifications:qa\n\n# =========================================================\n# CLAIMS (listens 8009, MUST set CLAIMS_POSTGRES_DSN)\n# =========================================================\ndocker pull jccasav/sibu-claims:qa\ndocker rm -f sibu-claims || true\ndocker run -d --name sibu-claims --restart always \\\n  --network sibu-net \\\n  -p 8009:8009 \\\n  --add-host postgres:${DATA_IP} \\\n  --add-host db:${DATA_IP} \\\n  --add-host redis:${DATA_IP} \\\n  --add-host rabbitmq:${DATA_IP} \\\n  --add-host kafka:${DATA_IP} \\\n  --add-host claims-postgres:${DATA_IP} \\\n  -e CLAIMS_POSTGRES_DSN=\"${COMMON_DSN}\" \\\n  -e DATABASE_URL=\"${COMMON_DSN}\" \\\n  -e POSTGRES_DSN=\"${COMMON_DSN}\" \\\n  -e DB_HOST=\"${DATA_IP}\" -e DB_PORT=\"5432\" \\\n  -e PGHOST=\"${DATA_IP}\" -e PGPORT=\"5432\" \\\n  -e REDIS_URL=\"${REDIS_URL}\" \\\n  -e RABBITMQ_URL=\"${RABBIT_URL}\" \\\n  -e KAFKA_BOOTSTRAP_SERVERS=\"${KAFKA_BOOTSTRAP}\" \\\n  -e JWT_SECRET=\"${JWT_SECRET}\" -e JWT_ALGORITHM=\"${JWT_ALGORITHM}\" \\\n  jccasav/sibu-claims:qa\n\n# =========================================================\n# COVERAGE (uvicorn runs 8010, MUST set COVERAGE_POSTGRES_DSN)\n# =========================================================\ndocker pull jccasav/sibu-coverage:qa\ndocker rm -f sibu-coverage || true\ndocker run -d --name sibu-coverage --restart always \\\n  --network sibu-net \\\n  -p 8010:8010 \\\n  --add-host postgres:${DATA_IP} \\\n  --add-host db:${DATA_IP} \\\n  --add-host redis:${DATA_IP} \\\n  --add-host rabbitmq:${DATA_IP} \\\n  --add-host kafka:${DATA_IP} \\\n  -e COVERAGE_POSTGRES_DSN=\"${COMMON_DSN}\" \\\n  -e DATABASE_URL=\"${COMMON_DSN}\" \\\n  -e POSTGRES_DSN=\"${COMMON_DSN}\" \\\n  -e DB_HOST=\"${DATA_IP}\" -e DB_PORT=\"5432\" \\\n  -e PGHOST=\"${DATA_IP}\" -e PGPORT=\"5432\" \\\n  -e REDIS_URL=\"${REDIS_URL}\" \\\n  -e RABBITMQ_URL=\"${RABBIT_URL}\" \\\n  -e KAFKA_BOOTSTRAP_SERVERS=\"${KAFKA_BOOTSTRAP}\" \\\n  -e JWT_SECRET=\"${JWT_SECRET}\" -e JWT_ALGORITHM=\"${JWT_ALGORITHM}\" \\\n  jccasav/sibu-coverage:qa\n\n# ---------------------------------------------------------\n# Quick local checks (non-failing)\n# ---------------------------------------------------------\nsleep 3\ncurl -sS http://127.0.0.1:8007/health || true\ncurl -sS http://127.0.0.1:8009/health || true\ncurl -sS http://127.0.0.1:8010/health || true\ncurl -sS http://127.0.0.1:8010/docs || true\n\ndocker rm -f claims-debug || true\n",
            "user_data_base64": null,
            "user_data_replace_on_change": false,
            "volume_tags": null,
            "vpc_security_group_ids": [
              "sg-0fdd0865ca26ac540"
            ]
          },
          "sensitive_attributes": [],
          "identity_schema_version": 0,
          "identity": {
            "account_id": "346732036443",
            "id": "i-0a17328348721fcf5",
            "region": "us-east-1"
          },
          "private": "eyJlMmJmYjczMC1lY2FhLTExZTYtOGY4OC0zNDM2M2JjN2M0YzAiOnsiY3JlYXRlIjo2MDAwMDAwMDAwMDAsImRlbGV0ZSI6MTIwMDAwMDAwMDAwMCwicmVhZCI6OTAwMDAwMDAwMDAwLCJ1cGRhdGUiOjYwMDAwMDAwMDAwMH0sInNjaGVtYV92ZXJzaW9uIjoiMiJ9",
          "dependencies": [
            "aws_instance.data",
            "aws_key_pair.qa_sibu",
            "aws_security_group.bastion_sg",
            "aws_security_group.sibu_sg",
            "data.aws_ami.al2023",
            "data.aws_subnets.default",
            "data.aws_vpc.default"
          ]
        }
      ]
    },
    {
      "mode": "managed",
      "type": "aws_key_pair",
      "name": "qa_sibu",
      "provider": "provider[\"registry.terraform.io/hashicorp/aws\"]",
      "instances": [
        {
          "schema_version": 1,
          "attributes": {
            "arn": "arn:aws:ec2:us-east-1:346732036443:key-pair/sibu-prod-key",
            "fingerprint": "53:d9:47:75:16:8a:ca:3c:87:01:ea:15:1a:1f:f4:2d",
            "id": "sibu-prod-key",
            "key_name": "sibu-prod-key",
            "key_name_prefix": "",
            "key_pair_id": "key-098b965cb4cd52979",
            "key_type": "rsa",
            "public_key": "ssh-rsa AAAAB3NzaC1yc2EAAAADAQABAAACAQCVyvacu420+SrcwCwnaC7c3pgWbVJtMlUFc0Ot1/l0bWmQ0de4UOAa8I0GqwoLh8BPHbhR5KCQS+Lm9oLxPNW3lh2chY9P1uJHjLOajb9pzcT+9goKRxbP3SwifkSoKhUv1svnSoOJgDVV64k3hX1BzFIanVhzUxeFQlExoc55LsuJm/tbaNulDeltliDvXfot1tltugYtEy5fyZUhikKPtmhhwcJhIyhcATtT5WoYW/uqL6dwo/fceJ0STTGs/ZwReEOObYkMMCyEFqRdeY4CYdd91wZcqf1rJgXHmLEb8qwUxe3F3JUTQXpdNPR2xdG8v3Yaxj69cAes9Uu7kheI1ShADk4/h83x6fVzofOhfYz3GzvxziJqe1xgYsytWTE9VBi0Jea8nNOayQmz12LUJzBG8UzEwTabPtze2C8VnGWkqSgraeBxKehc1D77lQj6jjlga522yBwtSr8DKEV33Ti69iqIFMU36qq6QH0mIt3ZyIK9DJruyqEtE4QclENp1hGV7ofzZ+s+ZV0UA6vwa0lr+ed6bVQaLlMLZUVF8t299ojWU8kKAeNm61cV6DtQhln4u16PFNz0sbtOU3o1nDFjE+WajOizgGurnDSCo3mbQUmoIWpvUSluRpjlBF39riJCqISvPVk9d4NDF0JS2E4gfauxMFB/7ZBRoSZKBw== jeanv@JEAN",
            "region": "us-east-1",
            "tags": null,
            "tags_all": {}
          },
          "sensitive_attributes": [],
          "identity_schema_version": 0,
          "private": "eyJzY2hlbWFfdmVyc2lvbiI6IjEifQ=="
        }
      ]
    },
    {
      "mode": "managed",
      "type": "aws_launch_template",
      "name": "frontend",
      "provider": "provider[\"registry.terraform.io/hashicorp/aws\"]",
      "instances": [
        {
          "schema_version": 1,
          "attributes": {
            "arn": "arn:aws:ec2:us-east-1:346732036443:launch-template/lt-021fbf17b67ccb4f4",
            "block_device_mappings": [
              {
                "device_name": "/dev/xvda",
                "ebs": [
                  {
                    "delete_on_termination": "true",
                    "encrypted": "",
                    "iops": 0,
                    "kms_key_id": "",
                    "snapshot_id": "",
                    "throughput": 0,
                    "volume_initialization_rate": 0,
                    "volume_size": 30,
                    "volume_type": "gp3"
                  }
                ],
                "no_device": "",
                "virtual_name": ""
              }
            ],
            "capacity_reservation_specification": [],
            "cpu_options": [],
            "credit_specification": [],
            "default_version": 1,
            "description": "",
            "disable_api_stop": false,
            "disable_api_termination": false,
            "ebs_optimized": "",
            "enclave_options": [],
            "hibernation_options": [],
            "iam_instance_profile": [],
            "id": "lt-021fbf17b67ccb4f4",
            "image_id": "ami-0724302e25d16f8f2",
            "instance_initiated_shutdown_behavior": "",
            "instance_market_options": [],
            "instance_requirements": [],
            "instance_type": "t3.micro",
            "kernel_id": "",
            "key_name": "sibu-prod-key",
            "latest_version": 1,
            "license_specification": [],
            "maintenance_options": [],
            "metadata_options": [],
            "monitoring": [],
            "name": "sibu-prod-frontend-lt-20260118214720620200000009",
            "name_prefix": "sibu-prod-frontend-lt-",
            "network_interfaces": [
              {
                "associate_carrier_ip_address": "",
                "associate_public_ip_address": "true",
                "connection_tracking_specification": [],
                "delete_on_termination": "",
                "description": "",
                "device_index": 0,
                "ena_srd_specification": [],
                "interface_type": "",
                "ipv4_address_count": 0,
                "ipv4_addresses": null,
                "ipv4_prefix_count": 0,
                "ipv4_prefixes": null,
                "ipv6_address_count": 0,
                "ipv6_addresses": null,
                "ipv6_prefix_count": 0,
                "ipv6_prefixes": null,
                "network_card_index": 0,
                "network_interface_id": "",
                "primary_ipv6": "",
                "private_ip_address": "",
                "security_groups": [
                  "sg-01eccc9e3d425e281"
                ],
                "subnet_id": ""
              }
            ],
            "placement": [],
            "private_dns_name_options": [],
            "ram_disk_id": "",
            "region": "us-east-1",
            "security_group_names": null,
            "tag_specifications": [
              {
                "resource_type": "instance",
                "tags": {
                  "Name": "sibu-prod-frontend"
                }
              }
            ],
            "tags": null,
            "tags_all": {},
            "update_default_version": null,
            "user_data": "IyEvYmluL2Jhc2gKc2V0IC1ldXhvIHBpcGVmYWlsCgojID09PT09PT09PT09PT09PT09PT09PT09PT09PT09PT09PT09PT09PT09PT09PT0KIyBTSUJVIFFBIEZyb250ZW5kICsgUmV2ZXJzZSBQcm94eSAoTmdpbngpCiMgLSBSdW5zIHRoZSBmcm9udGVuZCBjb250YWluZXIgb24gbG9jYWxob3N0OjgwODAKIyAtIEV4cG9zZXMgOjgwIHB1YmxpY2x5CiMgLSBQcm94aWVzIC9hdXRoLCAvdXNlcnMsIC9jYXNlcywgL2FwcG9pbnRtZW50cywgZXRjLiB0byBwcml2YXRlIElQcwojID09PT09PT09PT09PT09PT09PT09PT09PT09PT09PT09PT09PT09PT09PT09PT0KCmRuZiB1cGRhdGUgLXkKZG5mIGluc3RhbGwgLXkgZG9ja2VyIG5naW54CgojIC0tLS0tLS0tLS0tLS0tLS0tLS0tLS0tLS0tLS0tCiMgU3dhcCAocHJldmVudHMgT09NIGxvY2t1cHMpCiMgLS0tLS0tLS0tLS0tLS0tLS0tLS0tLS0tLS0tLS0KaWYgISBzd2Fwb24gLS1zaG93IHwgZ3JlcCAtcSAiXi9zd2FwZmlsZSI7IHRoZW4KICAoZmFsbG9jYXRlIC1sIDFHIC9zd2FwZmlsZSB8fCBkZCBpZj0vZGV2L3plcm8gb2Y9L3N3YXBmaWxlIGJzPTFNIGNvdW50PTEwMjQpID4vZGV2L251bGwgMj4mMSB8fCB0cnVlCiAgY2htb2QgNjAwIC9zd2FwZmlsZSB8fCB0cnVlCiAgbWtzd2FwIC9zd2FwZmlsZSA+L2Rldi9udWxsIDI+JjEgfHwgdHJ1ZQogIHN3YXBvbiAvc3dhcGZpbGUgfHwgdHJ1ZQogIGdyZXAgLXEgIl4vc3dhcGZpbGUgIiAvZXRjL2ZzdGFiIDI+L2Rldi9udWxsIHx8IGVjaG8gIi9zd2FwZmlsZSBzd2FwIHN3YXAgZGVmYXVsdHMgMCAwIiA+PiAvZXRjL2ZzdGFiCmZpCgojIC0tLS0tLS0tLS0tLS0tLS0tLS0tLS0tLS0tLS0tCiMgRG9ja2VyCiMgLS0tLS0tLS0tLS0tLS0tLS0tLS0tLS0tLS0tLS0KZ3JvdXBhZGQgLWYgZG9ja2VyIHx8IHRydWUKc3lzdGVtY3RsIGVuYWJsZSAtLW5vdyBkb2NrZXIKdXNlcm1vZCAtYUcgZG9ja2VyIGVjMi11c2VyIHx8IHRydWUKY2htb2QgNjY2IC92YXIvcnVuL2RvY2tlci5zb2NrIHx8IHRydWUKCiMgLS0tLS0tLS0tLS0tLS0tLS0tLS0tLS0tLS0tLS0KIyBOZ2lueCByZXZlcnNlIHByb3h5CiMgLS0tLS0tLS0tLS0tLS0tLS0tLS0tLS0tLS0tLS0KbWtkaXIgLXAgL2V0Yy9uZ2lueC9jb25mLmQKcm0gLWYgL2V0Yy9uZ2lueC9jb25mLmQvZGVmYXVsdC5jb25mIHx8IHRydWUKCmNhdCA+L2V0Yy9uZ2lueC9jb25mLmQvc2lidS5jb25mIDw8J05HSU5YJwpzZXJ2ZXIgewogIGxpc3RlbiA4MCBkZWZhdWx0X3NlcnZlcjsKICBzZXJ2ZXJfbmFtZSBfOwoKICAjIC0tLS0gQ09SUyAoUUEpIC0tLS0KICBhZGRfaGVhZGVyIEFjY2Vzcy1Db250cm9sLUFsbG93LU9yaWdpbiAiKiIgYWx3YXlzOwogIGFkZF9oZWFkZXIgQWNjZXNzLUNvbnRyb2wtQWxsb3ctTWV0aG9kcyAiR0VULCBQT1NULCBQVVQsIFBBVENILCBERUxFVEUsIE9QVElPTlMiIGFsd2F5czsKICBhZGRfaGVhZGVyIEFjY2Vzcy1Db250cm9sLUFsbG93LUhlYWRlcnMgIkF1dGhvcml6YXRpb24sIENvbnRlbnQtVHlwZSwgQWNjZXB0LCBPcmlnaW4sIFgtUmVxdWVzdGVkLVdpdGgiIGFsd2F5czsKICBhZGRfaGVhZGVyIEFjY2Vzcy1Db250cm9sLUV4cG9zZS1IZWFkZXJzICJBdXRob3JpemF0aW9uIiBhbHdheXM7CiAgaWYgKCRyZXF1ZXN0X21ldGhvZCA9IE9QVElPTlMpIHsgcmV0dXJuIDIwNDsgfQoKICAjIC0tLS0gQVBJIFJPVVRFUyAtLS0tCiAgbG9jYXRpb24gL2F1dGgvICAgICAgICAgIHsgcHJveHlfcGFzcyBodHRwOi8vMTcyLjMxLjEzLjE2MDo4MDAwLzsgfQogIGxvY2F0aW9uIC91c2Vycy8gICAgICAgICB7IHByb3h5X3Bhc3MgaHR0cDovLzE3Mi4zMS4xMy4xNjA6ODAwMS87IH0KCiAgbG9jYXRpb24gL2Nhc2VzLyAgICAgICAgIHsgcHJveHlfcGFzcyBodHRwOi8vMTcyLjMxLjE1Ljg2OjgwMDIvOyB9CiAgbG9jYXRpb24gL2FwcG9pbnRtZW50cy8gIHsgcHJveHlfcGFzcyBodHRwOi8vMTcyLjMxLjYuMjQ0OjgwMDMvOyB9CgogIGxvY2F0aW9uIC9hdWRpdC8gICAgICAgICB7IHByb3h5X3Bhc3MgaHR0cDovLzE3Mi4zMS4zLjkwOjgwMDQvOyB9CgogICMgQWRtaW4gKyBSZXBvcnRzIHNoYXJlIHRoZSBzYW1lIEVDMgogIGxvY2F0aW9uIC9yZXBvcnRzLyAgICAgICB7IHByb3h5X3Bhc3MgaHR0cDovLzE3Mi4zMS4xMS4xNDY6ODAwNS87IH0KICBsb2NhdGlvbiAvYWRtaW4vICAgICAgICAgeyBwcm94eV9wYXNzIGh0dHA6Ly8xNzIuMzEuMTEuMTQ2OjgwMDYvOyB9CgogICMgSW5zdXJhbmNlIEVDMiBob3N0cyBub3RpZmljYXRpb25zICsgY2xhaW1zICsgY292ZXJhZ2UKICBsb2NhdGlvbiAvbm90aWZpY2F0aW9ucy8geyBwcm94eV9wYXNzIGh0dHA6Ly8xNzIuMzEuMTIuMjE0OjgwMDcvOyB9CiAgbG9jYXRpb24gL2NsYWltcy8gICAgICAgIHsgcHJveHlfcGFzcyBodHRwOi8vMTcyLjMxLjEyLjIxNDo4MDA5LzsgfQogIGxvY2F0aW9uIC9jb3ZlcmFnZS8gICAgICB7IHByb3h5X3Bhc3MgaHR0cDovLzE3Mi4zMS4xMi4yMTQ6ODAxMC87IH0KCiAgIyAtLS0tIEZST05URU5EIChjb250YWluZXIpIC0tLS0KICBsb2NhdGlvbiAvIHsKICAgIHByb3h5X3Bhc3MgaHR0cDovLzEyNy4wLjAuMTo4MDgwLzsKICB9Cn0KTkdJTlgKCnN5c3RlbWN0bCBlbmFibGUgLS1ub3cgbmdpbngKbmdpbnggLXQKc3lzdGVtY3RsIHJlc3RhcnQgbmdpbngKCiMgLS0tLS0tLS0tLS0tLS0tLS0tLS0tLS0tLS0tLS0KIyBSdW4gZnJvbnRlbmQgY29udGFpbmVyCiMgLS0tLS0tLS0tLS0tLS0tLS0tLS0tLS0tLS0tLS0KCkZST05URU5EX0lNQUdFPSJqY2Nhc2F2L3NpYnUtZnJvbnQ6cWEiCgpkb2NrZXIgcHVsbCAiJEZST05URU5EX0lNQUdFIgpkb2NrZXIgcm0gLWYgc2lidS1mcm9udCB8fCB0cnVlCgpkb2NrZXIgcnVuIC1kIFwKICAtLW5hbWUgc2lidS1mcm9udCBcCiAgLS1yZXN0YXJ0IHVubGVzcy1zdG9wcGVkIFwKICAtcCA4MDgwOjgwIFwKICAiJEZST05URU5EX0lNQUdFIgoKc2xlZXAgMgpjdXJsIC1zUyAtSSBodHRwOi8vMTI3LjAuMC4xLyB8fCB0cnVlCmN1cmwgLXNTIC1JIGh0dHA6Ly8xMjcuMC4wLjEvYXV0aC8gfHwgdHJ1ZQoKZWNobyAiRnJvbnRlbmQgKyBOZ2lueCBwcm94eSByZWFkeSBvbiBwb3J0IDgwLiIK",
            "vpc_security_group_ids": null
          },
          "sensitive_attributes": [],
          "identity_schema_version": 0,
          "private": "eyJzY2hlbWFfdmVyc2lvbiI6IjEifQ==",
          "dependencies": [
            "aws_instance.admin_reports",
            "aws_instance.appointments",
            "aws_instance.audit",
            "aws_instance.authUsers",
            "aws_instance.cases",
            "aws_instance.data",
            "aws_instance.notifications",
            "aws_key_pair.qa_sibu",
            "aws_security_group.alb_frontend_sg",
            "aws_security_group.bastion_sg",
            "aws_security_group.frontend_sg",
            "aws_security_group.sibu_sg",
            "data.aws_ami.al2023",
            "data.aws_subnets.default",
            "data.aws_vpc.default"
          ]
        }
      ]
    },
    {
      "mode": "managed",
      "type": "aws_lb",
      "name": "frontend",
      "provider": "provider[\"registry.terraform.io/hashicorp/aws\"]",
      "instances": [
        {
          "schema_version": 0,
          "attributes": {
            "access_logs": [
              {
                "bucket": "",
                "enabled": false,
                "prefix": ""
              }
            ],
            "arn": "arn:aws:elasticloadbalancing:us-east-1:346732036443:loadbalancer/app/sibu-prod-frontend-alb/e7c36a3c00cd03a8",
            "arn_suffix": "app/sibu-prod-frontend-alb/e7c36a3c00cd03a8",
            "client_keep_alive": 3600,
            "connection_logs": [
              {
                "bucket": "",
                "enabled": false,
                "prefix": ""
              }
            ],
            "customer_owned_ipv4_pool": "",
            "desync_mitigation_mode": "defensive",
            "dns_name": "sibu-prod-frontend-alb-1341157803.us-east-1.elb.amazonaws.com",
            "dns_record_client_routing_policy": null,
            "drop_invalid_header_fields": false,
            "enable_cross_zone_load_balancing": true,
            "enable_deletion_protection": false,
            "enable_http2": true,
            "enable_tls_version_and_cipher_suite_headers": false,
            "enable_waf_fail_open": false,
            "enable_xff_client_port": false,
            "enable_zonal_shift": false,
            "enforce_security_group_inbound_rules_on_private_link_traffic": "",
            "health_check_logs": [
              {
                "bucket": "",
                "enabled": false,
                "prefix": ""
              }
            ],
            "id": "arn:aws:elasticloadbalancing:us-east-1:346732036443:loadbalancer/app/sibu-prod-frontend-alb/e7c36a3c00cd03a8",
            "idle_timeout": 60,
            "internal": false,
            "ip_address_type": "ipv4",
            "ipam_pools": [],
            "load_balancer_type": "application",
            "minimum_load_balancer_capacity": [],
            "name": "sibu-prod-frontend-alb",
            "name_prefix": "",
            "preserve_host_header": false,
            "region": "us-east-1",
            "secondary_ips_auto_assigned_per_subnet": null,
            "security_groups": [
              "sg-053f59dd77ecfdc4e"
            ],
            "subnet_mapping": [
              {
                "allocation_id": "",
                "ipv6_address": "",
                "outpost_id": "",
                "private_ipv4_address": "",
                "subnet_id": "subnet-0b825ca267f182227"
              },
              {
                "allocation_id": "",
                "ipv6_address": "",
                "outpost_id": "",
                "private_ipv4_address": "",
                "subnet_id": "subnet-0c9b4af62d0fe6c35"
              }
            ],
            "subnets": [
              "subnet-0b825ca267f182227",
              "subnet-0c9b4af62d0fe6c35"
            ],
            "tags": {
              "Name": "sibu-prod-frontend-alb"
            },
            "tags_all": {
              "Name": "sibu-prod-frontend-alb"
            },
            "timeouts": null,
            "vpc_id": "vpc-03b4eda09be71f1f1",
            "xff_header_processing_mode": "append",
            "zone_id": "Z35SXDOTRQ7X7K"
          },
          "sensitive_attributes": [],
          "identity_schema_version": 0,
          "identity": {
            "arn": "arn:aws:elasticloadbalancing:us-east-1:346732036443:loadbalancer/app/sibu-prod-frontend-alb/e7c36a3c00cd03a8"
          },
          "private": "eyJlMmJmYjczMC1lY2FhLTExZTYtOGY4OC0zNDM2M2JjN2M0YzAiOnsiY3JlYXRlIjo2MDAwMDAwMDAwMDAsImRlbGV0ZSI6NjAwMDAwMDAwMDAwLCJ1cGRhdGUiOjYwMDAwMDAwMDAwMH19",
          "dependencies": [
            "aws_security_group.alb_frontend_sg",
            "data.aws_subnets.default",
            "data.aws_vpc.default"
          ]
        }
      ]
    },
    {
      "mode": "managed",
      "type": "aws_lb_listener",
      "name": "frontend_http",
      "provider": "provider[\"registry.terraform.io/hashicorp/aws\"]",
      "instances": [
        {
          "schema_version": 0,
          "attributes": {
            "alpn_policy": null,
            "arn": "arn:aws:elasticloadbalancing:us-east-1:346732036443:listener/app/sibu-prod-frontend-alb/e7c36a3c00cd03a8/1491889761b4bc9c",
            "certificate_arn": null,
            "default_action": [
              {
                "authenticate_cognito": [],
                "authenticate_oidc": [],
                "fixed_response": [],
                "forward": [],
                "jwt_validation": [],
                "order": 1,
                "redirect": [],
                "target_group_arn": "arn:aws:elasticloadbalancing:us-east-1:346732036443:targetgroup/sibu-prod-frontend-tg/4bee91f4d72c9593",
                "type": "forward"
              }
            ],
            "id": "arn:aws:elasticloadbalancing:us-east-1:346732036443:listener/app/sibu-prod-frontend-alb/e7c36a3c00cd03a8/1491889761b4bc9c",
            "load_balancer_arn": "arn:aws:elasticloadbalancing:us-east-1:346732036443:loadbalancer/app/sibu-prod-frontend-alb/e7c36a3c00cd03a8",
            "mutual_authentication": [],
            "port": 80,
            "protocol": "HTTP",
            "region": "us-east-1",
            "routing_http_request_x_amzn_mtls_clientcert_header_name": null,
            "routing_http_request_x_amzn_mtls_clientcert_issuer_header_name": null,
            "routing_http_request_x_amzn_mtls_clientcert_leaf_header_name": null,
            "routing_http_request_x_amzn_mtls_clientcert_serial_number_header_name": null,
            "routing_http_request_x_amzn_mtls_clientcert_subject_header_name": null,
            "routing_http_request_x_amzn_mtls_clientcert_validity_header_name": null,
            "routing_http_request_x_amzn_tls_cipher_suite_header_name": null,
            "routing_http_request_x_amzn_tls_version_header_name": null,
            "routing_http_response_access_control_allow_credentials_header_value": "",
            "routing_http_response_access_control_allow_headers_header_value": "",
            "routing_http_response_access_control_allow_methods_header_value": "",
            "routing_http_response_access_control_allow_origin_header_value": "",
            "routing_http_response_access_control_expose_headers_header_value": "",
            "routing_http_response_access_control_max_age_header_value": "",
            "routing_http_response_content_security_policy_header_value": "",
            "routing_http_response_server_enabled": true,
            "routing_http_response_strict_transport_security_header_value": "",
            "routing_http_response_x_content_type_options_header_value": "",
            "routing_http_response_x_frame_options_header_value": "",
            "ssl_policy": "",
            "tags": null,
            "tags_all": {},
            "tcp_idle_timeout_seconds": null,
            "timeouts": null
          },
          "sensitive_attributes": [],
          "identity_schema_version": 0,
          "identity": {
            "arn": "arn:aws:elasticloadbalancing:us-east-1:346732036443:listener/app/sibu-prod-frontend-alb/e7c36a3c00cd03a8/1491889761b4bc9c"
          },
          "private": "eyJlMmJmYjczMC1lY2FhLTExZTYtOGY4OC0zNDM2M2JjN2M0YzAiOnsiY3JlYXRlIjozMDAwMDAwMDAwMDAsInVwZGF0ZSI6MzAwMDAwMDAwMDAwfX0=",
          "dependencies": [
            "aws_lb.frontend",
            "aws_lb_target_group.frontend",
            "aws_security_group.alb_frontend_sg",
            "data.aws_subnets.default",
            "data.aws_vpc.default"
          ]
        }
      ]
    },
    {
      "mode": "managed",
      "type": "aws_lb_target_group",
      "name": "frontend",
      "provider": "provider[\"registry.terraform.io/hashicorp/aws\"]",
      "instances": [
        {
          "schema_version": 0,
          "attributes": {
            "arn": "arn:aws:elasticloadbalancing:us-east-1:346732036443:targetgroup/sibu-prod-frontend-tg/4bee91f4d72c9593",
            "arn_suffix": "targetgroup/sibu-prod-frontend-tg/4bee91f4d72c9593",
            "connection_termination": null,
            "deregistration_delay": "300",
            "health_check": [
              {
                "enabled": true,
                "healthy_threshold": 2,
                "interval": 30,
                "matcher": "200-399",
                "path": "/",
                "port": "traffic-port",
                "protocol": "HTTP",
                "timeout": 5,
                "unhealthy_threshold": 3
              }
            ],
            "id": "arn:aws:elasticloadbalancing:us-east-1:346732036443:targetgroup/sibu-prod-frontend-tg/4bee91f4d72c9593",
            "ip_address_type": "ipv4",
            "lambda_multi_value_headers_enabled": false,
            "load_balancer_arns": [],
            "load_balancing_algorithm_type": "round_robin",
            "load_balancing_anomaly_mitigation": "off",
            "load_balancing_cross_zone_enabled": "use_load_balancer_configuration",
            "name": "sibu-prod-frontend-tg",
            "name_prefix": "",
            "port": 80,
            "preserve_client_ip": null,
            "protocol": "HTTP",
            "protocol_version": "HTTP1",
            "proxy_protocol_v2": false,
            "region": "us-east-1",
            "slow_start": 0,
            "stickiness": [
              {
                "cookie_duration": 86400,
                "cookie_name": "",
                "enabled": false,
                "type": "lb_cookie"
              }
            ],
            "tags": {
              "Name": "sibu-prod-frontend-tg"
            },
            "tags_all": {
              "Name": "sibu-prod-frontend-tg"
            },
            "target_control_port": 0,
            "target_failover": [
              {
                "on_deregistration": null,
                "on_unhealthy": null
              }
            ],
            "target_group_health": [
              {
                "dns_failover": [
                  {
                    "minimum_healthy_targets_count": "1",
                    "minimum_healthy_targets_percentage": "off"
                  }
                ],
                "unhealthy_state_routing": [
                  {
                    "minimum_healthy_targets_count": 1,
                    "minimum_healthy_targets_percentage": "off"
                  }
                ]
              }
            ],
            "target_health_state": [
              {
                "enable_unhealthy_connection_termination": null,
                "unhealthy_draining_interval": null
              }
            ],
            "target_type": "instance",
            "vpc_id": "vpc-03b4eda09be71f1f1"
          },
          "sensitive_attributes": [],
          "identity_schema_version": 0,
          "identity": {
            "arn": "arn:aws:elasticloadbalancing:us-east-1:346732036443:targetgroup/sibu-prod-frontend-tg/4bee91f4d72c9593"
          },
          "private": "bnVsbA==",
          "dependencies": [
            "data.aws_vpc.default"
          ]
        }
      ]
    },
    {
      "mode": "managed",
      "type": "aws_security_group",
      "name": "alb_frontend_sg",
      "provider": "provider[\"registry.terraform.io/hashicorp/aws\"]",
      "instances": [
        {
          "schema_version": 1,
          "attributes": {
            "arn": "arn:aws:ec2:us-east-1:346732036443:security-group/sg-053f59dd77ecfdc4e",
            "description": "ALB SG for sibu-prod frontend",
            "egress": [
              {
                "cidr_blocks": [
                  "0.0.0.0/0"
                ],
                "description": "",
                "from_port": 0,
                "ipv6_cidr_blocks": [],
                "prefix_list_ids": [],
                "protocol": "-1",
                "security_groups": [],
                "self": false,
                "to_port": 0
              }
            ],
            "id": "sg-053f59dd77ecfdc4e",
            "ingress": [
              {
                "cidr_blocks": [
                  "0.0.0.0/0"
                ],
                "description": "",
                "from_port": 80,
                "ipv6_cidr_blocks": [],
                "prefix_list_ids": [],
                "protocol": "tcp",
                "security_groups": [],
                "self": false,
                "to_port": 80
              }
            ],
            "name": "sibu-prod-alb-frontend-sg",
            "name_prefix": "",
            "owner_id": "346732036443",
            "region": "us-east-1",
            "revoke_rules_on_delete": false,
            "tags": {
              "Name": "sibu-prod-alb-frontend-sg"
            },
            "tags_all": {
              "Name": "sibu-prod-alb-frontend-sg"
            },
            "timeouts": null,
            "vpc_id": "vpc-03b4eda09be71f1f1"
          },
          "sensitive_attributes": [],
          "identity_schema_version": 0,
          "identity": {
            "account_id": "346732036443",
            "id": "sg-053f59dd77ecfdc4e",
            "region": "us-east-1"
          },
          "private": "eyJlMmJmYjczMC1lY2FhLTExZTYtOGY4OC0zNDM2M2JjN2M0YzAiOnsiY3JlYXRlIjo2MDAwMDAwMDAwMDAsImRlbGV0ZSI6OTAwMDAwMDAwMDAwfSwic2NoZW1hX3ZlcnNpb24iOiIxIn0=",
          "dependencies": [
            "data.aws_vpc.default"
          ]
        }
      ]
    },
    {
      "mode": "managed",
      "type": "aws_security_group",
      "name": "bastion_sg",
      "provider": "provider[\"registry.terraform.io/hashicorp/aws\"]",
      "instances": [
        {
          "schema_version": 1,
          "attributes": {
            "arn": "arn:aws:ec2:us-east-1:346732036443:security-group/sg-0a795234749b347d1",
            "description": "SIBU QA Bastion SG",
            "egress": [
              {
                "cidr_blocks": [
                  "0.0.0.0/0"
                ],
                "description": "",
                "from_port": 0,
                "ipv6_cidr_blocks": [],
                "prefix_list_ids": [],
                "protocol": "-1",
                "security_groups": [],
                "self": false,
                "to_port": 0
              }
            ],
            "id": "sg-0a795234749b347d1",
            "ingress": [
              {
                "cidr_blocks": [
                  "0.0.0.0/0"
                ],
                "description": "",
                "from_port": 22,
                "ipv6_cidr_blocks": [],
                "prefix_list_ids": [],
                "protocol": "tcp",
                "security_groups": [],
                "self": false,
                "to_port": 22
              }
            ],
            "name": "sibu-prod-bastion-sg1",
            "name_prefix": "",
            "owner_id": "346732036443",
            "region": "us-east-1",
            "revoke_rules_on_delete": false,
            "tags": {
              "Name": "sibu-prod-bastion-sg"
            },
            "tags_all": {
              "Name": "sibu-prod-bastion-sg"
            },
            "timeouts": null,
            "vpc_id": "vpc-03b4eda09be71f1f1"
          },
          "sensitive_attributes": [],
          "identity_schema_version": 0,
          "identity": {
            "account_id": "346732036443",
            "id": "sg-0a795234749b347d1",
            "region": "us-east-1"
          },
          "private": "eyJlMmJmYjczMC1lY2FhLTExZTYtOGY4OC0zNDM2M2JjN2M0YzAiOnsiY3JlYXRlIjo2MDAwMDAwMDAwMDAsImRlbGV0ZSI6OTAwMDAwMDAwMDAwfSwic2NoZW1hX3ZlcnNpb24iOiIxIn0=",
          "dependencies": [
            "data.aws_vpc.default"
          ]
        }
      ]
    },
    {
      "mode": "managed",
      "type": "aws_security_group",
      "name": "frontend_sg",
      "provider": "provider[\"registry.terraform.io/hashicorp/aws\"]",
      "instances": [
        {
          "schema_version": 1,
          "attributes": {
            "arn": "arn:aws:ec2:us-east-1:346732036443:security-group/sg-01eccc9e3d425e281",
            "description": "Frontend SG for sibu-prod (only from ALB)",
            "egress": [
              {
                "cidr_blocks": [
                  "0.0.0.0/0"
                ],
                "description": "",
                "from_port": 0,
                "ipv6_cidr_blocks": [],
                "prefix_list_ids": [],
                "protocol": "-1",
                "security_groups": [],
                "self": false,
                "to_port": 0
              }
            ],
            "id": "sg-01eccc9e3d425e281",
            "ingress": [
              {
                "cidr_blocks": [],
                "description": "",
                "from_port": 22,
                "ipv6_cidr_blocks": [],
                "prefix_list_ids": [],
                "protocol": "tcp",
                "security_groups": [
                  "sg-0a795234749b347d1"
                ],
                "self": false,
                "to_port": 22
              },
              {
                "cidr_blocks": [],
                "description": "",
                "from_port": 80,
                "ipv6_cidr_blocks": [],
                "prefix_list_ids": [],
                "protocol": "tcp",
                "security_groups": [
                  "sg-053f59dd77ecfdc4e"
                ],
                "self": false,
                "to_port": 80
              }
            ],
            "name": "sibu-prod-frontend-sg1",
            "name_prefix": "",
            "owner_id": "346732036443",
            "region": "us-east-1",
            "revoke_rules_on_delete": false,
            "tags": {
              "Name": "sibu-prod-frontend-sg"
            },
            "tags_all": {
              "Name": "sibu-prod-frontend-sg"
            },
            "timeouts": null,
            "vpc_id": "vpc-03b4eda09be71f1f1"
          },
          "sensitive_attributes": [],
          "identity_schema_version": 0,
          "identity": {
            "account_id": "346732036443",
            "id": "sg-01eccc9e3d425e281",
            "region": "us-east-1"
          },
          "private": "eyJlMmJmYjczMC1lY2FhLTExZTYtOGY4OC0zNDM2M2JjN2M0YzAiOnsiY3JlYXRlIjo2MDAwMDAwMDAwMDAsImRlbGV0ZSI6OTAwMDAwMDAwMDAwfSwic2NoZW1hX3ZlcnNpb24iOiIxIn0=",
          "dependencies": [
            "aws_security_group.alb_frontend_sg",
            "aws_security_group.bastion_sg",
            "data.aws_vpc.default"
          ]
        }
      ]
    },
    {
      "mode": "managed",
      "type": "aws_security_group",
      "name": "sibu_sg",
      "provider": "provider[\"registry.terraform.io/hashicorp/aws\"]",
      "instances": [
        {
          "schema_version": 1,
          "attributes": {
            "arn": "arn:aws:ec2:us-east-1:346732036443:security-group/sg-0fdd0865ca26ac540",
            "description": "SIBU QA SG",
            "egress": [
              {
                "cidr_blocks": [
                  "0.0.0.0/0"
                ],
                "description": "",
                "from_port": 0,
                "ipv6_cidr_blocks": [],
                "prefix_list_ids": [],
                "protocol": "-1",
                "security_groups": [],
                "self": false,
                "to_port": 0
              }
            ],
            "id": "sg-0fdd0865ca26ac540",
            "ingress": [
              {
                "cidr_blocks": [
                  "0.0.0.0/0"
                ],
                "description": "",
                "from_port": 15672,
                "ipv6_cidr_blocks": [],
                "prefix_list_ids": [],
                "protocol": "tcp",
                "security_groups": [],
                "self": false,
                "to_port": 15672
              },
              {
                "cidr_blocks": [
                  "0.0.0.0/0"
                ],
                "description": "",
                "from_port": 5672,
                "ipv6_cidr_blocks": [],
                "prefix_list_ids": [],
                "protocol": "tcp",
                "security_groups": [],
                "self": false,
                "to_port": 5672
              },
              {
                "cidr_blocks": [
                  "0.0.0.0/0"
                ],
                "description": "",
                "from_port": 8000,
                "ipv6_cidr_blocks": [],
                "prefix_list_ids": [],
                "protocol": "tcp",
                "security_groups": [],
                "self": false,
                "to_port": 8010
              },
              {
                "cidr_blocks": [
                  "172.31.0.0/16"
                ],
                "description": "",
                "from_port": -1,
                "ipv6_cidr_blocks": [],
                "prefix_list_ids": [],
                "protocol": "icmp",
                "security_groups": [],
                "self": false,
                "to_port": -1
              },
              {
                "cidr_blocks": [
                  "172.31.0.0/16"
                ],
                "description": "",
                "from_port": 2181,
                "ipv6_cidr_blocks": [],
                "prefix_list_ids": [],
                "protocol": "tcp",
                "security_groups": [],
                "self": false,
                "to_port": 2181
              },
              {
                "cidr_blocks": [
                  "172.31.0.0/16"
                ],
                "description": "",
                "from_port": 29092,
                "ipv6_cidr_blocks": [],
                "prefix_list_ids": [],
                "protocol": "tcp",
                "security_groups": [],
                "self": false,
                "to_port": 29092
              },
              {
                "cidr_blocks": [
                  "172.31.0.0/16"
                ],
                "description": "",
                "from_port": 5432,
                "ipv6_cidr_blocks": [],
                "prefix_list_ids": [],
                "protocol": "tcp",
                "security_groups": [],
                "self": false,
                "to_port": 5432
              },
              {
                "cidr_blocks": [
                  "172.31.0.0/16"
                ],
                "description": "",
                "from_port": 6379,
                "ipv6_cidr_blocks": [],
                "prefix_list_ids": [],
                "protocol": "tcp",
                "security_groups": [],
                "self": false,
                "to_port": 6379
              },
              {
                "cidr_blocks": [],
                "description": "SSH only via bastion",
                "from_port": 22,
                "ipv6_cidr_blocks": [],
                "prefix_list_ids": [],
                "protocol": "tcp",
                "security_groups": [
                  "sg-0a795234749b347d1"
                ],
                "self": false,
                "to_port": 22
              }
            ],
            "name": "sibu-prod-sg1",
            "name_prefix": "",
            "owner_id": "346732036443",
            "region": "us-east-1",
            "revoke_rules_on_delete": false,
            "tags": {
              "Name": "sibu-prod-sg"
            },
            "tags_all": {
              "Name": "sibu-prod-sg"
            },
            "timeouts": null,
            "vpc_id": "vpc-03b4eda09be71f1f1"
          },
          "sensitive_attributes": [],
          "identity_schema_version": 0,
          "identity": {
            "account_id": "346732036443",
            "id": "sg-0fdd0865ca26ac540",
            "region": "us-east-1"
          },
          "private": "eyJlMmJmYjczMC1lY2FhLTExZTYtOGY4OC0zNDM2M2JjN2M0YzAiOnsiY3JlYXRlIjo2MDAwMDAwMDAwMDAsImRlbGV0ZSI6OTAwMDAwMDAwMDAwfSwic2NoZW1hX3ZlcnNpb24iOiIxIn0=",
          "dependencies": [
            "aws_security_group.bastion_sg",
            "data.aws_vpc.default"
          ]
        }
      ]
    }
  ],
  "check_results": null
}
