{
  "version": 4,
  "terraform_version": "1.6.6",
  "serial": 189,
  "lineage": "14a20e06-3754-a55a-4b07-7a1d96ab1124",
  "outputs": {
    "alb_dns_name": {
      "value": "sibu-qa-alb-1383889737.us-east-1.elb.amazonaws.com",
      "type": "string"
    },
    "asg_names": {
      "value": {
        "admin": "sibu-qa-admin-asg",
        "appointments": "sibu-qa-appointments-asg",
        "audit": "sibu-qa-audit-asg",
        "auth": "sibu-qa-auth-asg",
        "cases": "sibu-qa-cases-asg",
        "reports": "sibu-qa-reports-asg",
        "users": "sibu-qa-users-asg"
      },
      "type": [
        "object",
        {
          "admin": "string",
          "appointments": "string",
          "audit": "string",
          "auth": "string",
          "cases": "string",
          "reports": "string",
          "users": "string"
        }
      ]
    },
    "data_private_ip": {
      "value": "172.31.89.230",
      "type": "string"
    },
    "data_public_ip": {
      "value": "52.55.154.189",
      "type": "string"
    }
  },
  "resources": [
    {
      "mode": "data",
      "type": "aws_ami",
      "name": "al2023",
      "provider": "provider[\"registry.terraform.io/hashicorp/aws\"]",
      "instances": [
        {
          "schema_version": 0,
          "attributes": {
            "allow_unsafe_filter": null,
            "architecture": "x86_64",
            "arn": "arn:aws:ec2:us-east-1::image/ami-02ffee2b2e4bc6891",
            "block_device_mappings": [
              {
                "device_name": "/dev/xvda",
                "ebs": {
                  "delete_on_termination": "true",
                  "encrypted": "false",
                  "iops": "3000",
                  "snapshot_id": "snap-0a14d7605dc3069a4",
                  "throughput": "125",
                  "volume_initialization_rate": "0",
                  "volume_size": "2",
                  "volume_type": "gp3"
                },
                "no_device": "",
                "virtual_name": ""
              }
            ],
            "boot_mode": "uefi-preferred",
            "creation_date": "2026-01-02T18:44:11.000Z",
            "deprecation_time": "2026-04-02T00:00:00.000Z",
            "description": "Amazon Linux 2023 AMI 2023.10.20260105.0 x86_64 Minimal HVM kernel-6.12",
            "ena_support": true,
            "executable_users": null,
            "filter": [
              {
                "name": "name",
                "values": [
                  "al2023-ami-*-x86_64"
                ]
              }
            ],
            "hypervisor": "xen",
            "id": "ami-02ffee2b2e4bc6891",
            "image_id": "ami-02ffee2b2e4bc6891",
            "image_location": "amazon/al2023-ami-minimal-2023.10.20260105.0-kernel-6.12-x86_64",
            "image_owner_alias": "amazon",
            "image_type": "machine",
            "imds_support": "v2.0",
            "include_deprecated": false,
            "kernel_id": "",
            "last_launched_time": "",
            "most_recent": true,
            "name": "al2023-ami-minimal-2023.10.20260105.0-kernel-6.12-x86_64",
            "name_regex": null,
            "owner_id": "137112412989",
            "owners": [
              "amazon"
            ],
            "platform": "",
            "platform_details": "Linux/UNIX",
            "product_codes": [],
            "public": true,
            "ramdisk_id": "",
            "region": "us-east-1",
            "root_device_name": "/dev/xvda",
            "root_device_type": "ebs",
            "root_snapshot_id": "snap-0a14d7605dc3069a4",
            "sriov_net_support": "simple",
            "state": "available",
            "state_reason": {
              "code": "UNSET",
              "message": "UNSET"
            },
            "tags": {},
            "timeouts": null,
            "tpm_support": "",
            "uefi_data": null,
            "usage_operation": "RunInstances",
            "virtualization_type": "hvm"
          },
          "sensitive_attributes": []
        }
      ]
    },
    {
      "mode": "data",
      "type": "aws_subnet",
      "name": "all_default",
      "provider": "provider[\"registry.terraform.io/hashicorp/aws\"]",
      "instances": [
        {
          "index_key": "subnet-3297ce1c",
          "schema_version": 0,
          "attributes": {
            "arn": "arn:aws:ec2:us-east-1:452890924396:subnet/subnet-3297ce1c",
            "assign_ipv6_address_on_creation": false,
            "availability_zone": "us-east-1b",
            "availability_zone_id": "use1-az2",
            "available_ip_address_count": 4091,
            "cidr_block": "172.31.80.0/20",
            "customer_owned_ipv4_pool": "",
            "default_for_az": true,
            "enable_dns64": false,
            "enable_lni_at_device_index": 0,
            "enable_resource_name_dns_a_record_on_launch": false,
            "enable_resource_name_dns_aaaa_record_on_launch": false,
            "filter": null,
            "id": "subnet-3297ce1c",
            "ipv6_cidr_block": "",
            "ipv6_cidr_block_association_id": "",
            "ipv6_native": false,
            "map_customer_owned_ip_on_launch": false,
            "map_public_ip_on_launch": true,
            "outpost_arn": "",
            "owner_id": "452890924396",
            "private_dns_hostname_type_on_launch": "ip-name",
            "region": "us-east-1",
            "state": "available",
            "tags": {},
            "timeouts": null,
            "vpc_id": "vpc-213f515b"
          },
          "sensitive_attributes": []
        },
        {
          "index_key": "subnet-4da2fd11",
          "schema_version": 0,
          "attributes": {
            "arn": "arn:aws:ec2:us-east-1:452890924396:subnet/subnet-4da2fd11",
            "assign_ipv6_address_on_creation": false,
            "availability_zone": "us-east-1d",
            "availability_zone_id": "use1-az6",
            "available_ip_address_count": 4091,
            "cidr_block": "172.31.32.0/20",
            "customer_owned_ipv4_pool": "",
            "default_for_az": true,
            "enable_dns64": false,
            "enable_lni_at_device_index": 0,
            "enable_resource_name_dns_a_record_on_launch": false,
            "enable_resource_name_dns_aaaa_record_on_launch": false,
            "filter": null,
            "id": "subnet-4da2fd11",
            "ipv6_cidr_block": "",
            "ipv6_cidr_block_association_id": "",
            "ipv6_native": false,
            "map_customer_owned_ip_on_launch": false,
            "map_public_ip_on_launch": true,
            "outpost_arn": "",
            "owner_id": "452890924396",
            "private_dns_hostname_type_on_launch": "ip-name",
            "region": "us-east-1",
            "state": "available",
            "tags": {},
            "timeouts": null,
            "vpc_id": "vpc-213f515b"
          },
          "sensitive_attributes": []
        },
        {
          "index_key": "subnet-68d6c267",
          "schema_version": 0,
          "attributes": {
            "arn": "arn:aws:ec2:us-east-1:452890924396:subnet/subnet-68d6c267",
            "assign_ipv6_address_on_creation": false,
            "availability_zone": "us-east-1f",
            "availability_zone_id": "use1-az5",
            "available_ip_address_count": 4091,
            "cidr_block": "172.31.64.0/20",
            "customer_owned_ipv4_pool": "",
            "default_for_az": true,
            "enable_dns64": false,
            "enable_lni_at_device_index": 0,
            "enable_resource_name_dns_a_record_on_launch": false,
            "enable_resource_name_dns_aaaa_record_on_launch": false,
            "filter": null,
            "id": "subnet-68d6c267",
            "ipv6_cidr_block": "",
            "ipv6_cidr_block_association_id": "",
            "ipv6_native": false,
            "map_customer_owned_ip_on_launch": false,
            "map_public_ip_on_launch": true,
            "outpost_arn": "",
            "owner_id": "452890924396",
            "private_dns_hostname_type_on_launch": "ip-name",
            "region": "us-east-1",
            "state": "available",
            "tags": {},
            "timeouts": null,
            "vpc_id": "vpc-213f515b"
          },
          "sensitive_attributes": []
        },
        {
          "index_key": "subnet-935406f4",
          "schema_version": 0,
          "attributes": {
            "arn": "arn:aws:ec2:us-east-1:452890924396:subnet/subnet-935406f4",
            "assign_ipv6_address_on_creation": false,
            "availability_zone": "us-east-1a",
            "availability_zone_id": "use1-az1",
            "available_ip_address_count": 4091,
            "cidr_block": "172.31.0.0/20",
            "customer_owned_ipv4_pool": "",
            "default_for_az": true,
            "enable_dns64": false,
            "enable_lni_at_device_index": 0,
            "enable_resource_name_dns_a_record_on_launch": false,
            "enable_resource_name_dns_aaaa_record_on_launch": false,
            "filter": null,
            "id": "subnet-935406f4",
            "ipv6_cidr_block": "",
            "ipv6_cidr_block_association_id": "",
            "ipv6_native": false,
            "map_customer_owned_ip_on_launch": false,
            "map_public_ip_on_launch": true,
            "outpost_arn": "",
            "owner_id": "452890924396",
            "private_dns_hostname_type_on_launch": "ip-name",
            "region": "us-east-1",
            "state": "available",
            "tags": {},
            "timeouts": null,
            "vpc_id": "vpc-213f515b"
          },
          "sensitive_attributes": []
        },
        {
          "index_key": "subnet-949afcaa",
          "schema_version": 0,
          "attributes": {
            "arn": "arn:aws:ec2:us-east-1:452890924396:subnet/subnet-949afcaa",
            "assign_ipv6_address_on_creation": false,
            "availability_zone": "us-east-1e",
            "availability_zone_id": "use1-az3",
            "available_ip_address_count": 4091,
            "cidr_block": "172.31.48.0/20",
            "customer_owned_ipv4_pool": "",
            "default_for_az": true,
            "enable_dns64": false,
            "enable_lni_at_device_index": 0,
            "enable_resource_name_dns_a_record_on_launch": false,
            "enable_resource_name_dns_aaaa_record_on_launch": false,
            "filter": null,
            "id": "subnet-949afcaa",
            "ipv6_cidr_block": "",
            "ipv6_cidr_block_association_id": "",
            "ipv6_native": false,
            "map_customer_owned_ip_on_launch": false,
            "map_public_ip_on_launch": true,
            "outpost_arn": "",
            "owner_id": "452890924396",
            "private_dns_hostname_type_on_launch": "ip-name",
            "region": "us-east-1",
            "state": "available",
            "tags": {},
            "timeouts": null,
            "vpc_id": "vpc-213f515b"
          },
          "sensitive_attributes": []
        },
        {
          "index_key": "subnet-d509eb98",
          "schema_version": 0,
          "attributes": {
            "arn": "arn:aws:ec2:us-east-1:452890924396:subnet/subnet-d509eb98",
            "assign_ipv6_address_on_creation": false,
            "availability_zone": "us-east-1c",
            "availability_zone_id": "use1-az4",
            "available_ip_address_count": 4091,
            "cidr_block": "172.31.16.0/20",
            "customer_owned_ipv4_pool": "",
            "default_for_az": true,
            "enable_dns64": false,
            "enable_lni_at_device_index": 0,
            "enable_resource_name_dns_a_record_on_launch": false,
            "enable_resource_name_dns_aaaa_record_on_launch": false,
            "filter": null,
            "id": "subnet-d509eb98",
            "ipv6_cidr_block": "",
            "ipv6_cidr_block_association_id": "",
            "ipv6_native": false,
            "map_customer_owned_ip_on_launch": false,
            "map_public_ip_on_launch": true,
            "outpost_arn": "",
            "owner_id": "452890924396",
            "private_dns_hostname_type_on_launch": "ip-name",
            "region": "us-east-1",
            "state": "available",
            "tags": {},
            "timeouts": null,
            "vpc_id": "vpc-213f515b"
          },
          "sensitive_attributes": []
        }
      ]
    },
    {
      "mode": "data",
      "type": "aws_subnets",
      "name": "default",
      "provider": "provider[\"registry.terraform.io/hashicorp/aws\"]",
      "instances": [
        {
          "schema_version": 0,
          "attributes": {
            "filter": [
              {
                "name": "vpc-id",
                "values": [
                  "vpc-213f515b"
                ]
              }
            ],
            "id": "us-east-1",
            "ids": [
              "subnet-3297ce1c",
              "subnet-935406f4",
              "subnet-949afcaa",
              "subnet-68d6c267",
              "subnet-4da2fd11",
              "subnet-d509eb98"
            ],
            "region": "us-east-1",
            "tags": null,
            "timeouts": null
          },
          "sensitive_attributes": []
        }
      ]
    },
    {
      "mode": "data",
      "type": "aws_vpc",
      "name": "default",
      "provider": "provider[\"registry.terraform.io/hashicorp/aws\"]",
      "instances": [
        {
          "schema_version": 0,
          "attributes": {
            "arn": "arn:aws:ec2:us-east-1:452890924396:vpc/vpc-213f515b",
            "cidr_block": "172.31.0.0/16",
            "cidr_block_associations": [
              {
                "association_id": "vpc-cidr-assoc-98661df4",
                "cidr_block": "172.31.0.0/16",
                "state": "associated"
              }
            ],
            "default": true,
            "dhcp_options_id": "dopt-886269f3",
            "enable_dns_hostnames": true,
            "enable_dns_support": true,
            "enable_network_address_usage_metrics": false,
            "filter": null,
            "id": "vpc-213f515b",
            "instance_tenancy": "default",
            "ipv6_association_id": "",
            "ipv6_cidr_block": "",
            "main_route_table_id": "rtb-44d2273a",
            "owner_id": "452890924396",
            "region": "us-east-1",
            "state": null,
            "tags": {},
            "timeouts": null
          },
          "sensitive_attributes": []
        }
      ]
    },
    {
      "mode": "managed",
      "type": "aws_autoscaling_group",
      "name": "admin",
      "provider": "provider[\"registry.terraform.io/hashicorp/aws\"]",
      "instances": [
        {
          "schema_version": 1,
          "attributes": {
            "arn": "arn:aws:autoscaling:us-east-1:452890924396:autoScalingGroup:81204de2-29c9-4994-8a4a-4b7b8f3f7184:autoScalingGroupName/sibu-qa-admin-asg",
            "availability_zone_distribution": [
              {
                "capacity_distribution_strategy": "balanced-best-effort"
              }
            ],
            "availability_zones": [
              "us-east-1a",
              "us-east-1b",
              "us-east-1c",
              "us-east-1d",
              "us-east-1f"
            ],
            "capacity_rebalance": false,
            "capacity_reservation_specification": [
              {
                "capacity_reservation_preference": "default",
                "capacity_reservation_target": []
              }
            ],
            "context": "",
            "default_cooldown": 300,
            "default_instance_warmup": 0,
            "desired_capacity": 1,
            "desired_capacity_type": "",
            "enabled_metrics": null,
            "force_delete": false,
            "force_delete_warm_pool": false,
            "health_check_grace_period": 600,
            "health_check_type": "ELB",
            "id": "sibu-qa-admin-asg",
            "ignore_failed_scaling_activities": false,
            "initial_lifecycle_hook": [],
            "instance_maintenance_policy": [],
            "instance_refresh": [],
            "launch_configuration": "",
            "launch_template": [
              {
                "id": "lt-0270aa58361c53123",
                "name": "sibu-qa-admin-lt-20260112022723837800000004",
                "version": "$Latest"
              }
            ],
            "load_balancers": [],
            "max_instance_lifetime": 0,
            "max_size": 2,
            "metrics_granularity": "1Minute",
            "min_elb_capacity": null,
            "min_size": 1,
            "mixed_instances_policy": [],
            "name": "sibu-qa-admin-asg",
            "name_prefix": "",
            "placement_group": "",
            "predicted_capacity": 0,
            "protect_from_scale_in": false,
            "region": "us-east-1",
            "service_linked_role_arn": "arn:aws:iam::452890924396:role/aws-service-role/autoscaling.amazonaws.com/AWSServiceRoleForAutoScaling",
            "suspended_processes": null,
            "tag": [
              {
                "key": "App",
                "propagate_at_launch": true,
                "value": "sibu"
              },
              {
                "key": "Env",
                "propagate_at_launch": true,
                "value": "qa"
              },
              {
                "key": "Name",
                "propagate_at_launch": true,
                "value": "sibu-qa-admin"
              },
              {
                "key": "Svc",
                "propagate_at_launch": true,
                "value": "admin"
              }
            ],
            "target_group_arns": [
              "arn:aws:elasticloadbalancing:us-east-1:452890924396:targetgroup/sibu-qa-tg-admin/3850adf74946f34f"
            ],
            "termination_policies": null,
            "timeouts": null,
            "traffic_source": [
              {
                "identifier": "arn:aws:elasticloadbalancing:us-east-1:452890924396:targetgroup/sibu-qa-tg-admin/3850adf74946f34f",
                "type": "elbv2"
              }
            ],
            "vpc_zone_identifier": [
              "subnet-3297ce1c",
              "subnet-4da2fd11",
              "subnet-68d6c267",
              "subnet-935406f4",
              "subnet-d509eb98"
            ],
            "wait_for_capacity_timeout": "10m",
            "wait_for_elb_capacity": null,
            "warm_pool": [],
            "warm_pool_size": 0
          },
          "sensitive_attributes": [],
          "private": "eyJlMmJmYjczMC1lY2FhLTExZTYtOGY4OC0zNDM2M2JjN2M0YzAiOnsiZGVsZXRlIjo2MDAwMDAwMDAwMDAsInVwZGF0ZSI6NjAwMDAwMDAwMDAwfSwic2NoZW1hX3ZlcnNpb24iOiIxIn0=",
          "dependencies": [
            "aws_instance.data",
            "aws_key_pair.qa_sibu",
            "aws_launch_template.admin",
            "aws_lb_target_group.tg_admin",
            "aws_security_group.alb_sg",
            "aws_security_group.sibu_sg",
            "data.aws_ami.al2023",
            "data.aws_subnet.all_default",
            "data.aws_subnets.default",
            "data.aws_vpc.default"
          ]
        }
      ]
    },
    {
      "mode": "managed",
      "type": "aws_autoscaling_group",
      "name": "appointments",
      "provider": "provider[\"registry.terraform.io/hashicorp/aws\"]",
      "instances": [
        {
          "schema_version": 1,
          "attributes": {
            "arn": "arn:aws:autoscaling:us-east-1:452890924396:autoScalingGroup:6b4bcbdf-bdcb-4307-b1ce-1eb0f72804e5:autoScalingGroupName/sibu-qa-appointments-asg",
            "availability_zone_distribution": [
              {
                "capacity_distribution_strategy": "balanced-best-effort"
              }
            ],
            "availability_zones": [
              "us-east-1a",
              "us-east-1b",
              "us-east-1c",
              "us-east-1d",
              "us-east-1f"
            ],
            "capacity_rebalance": false,
            "capacity_reservation_specification": [
              {
                "capacity_reservation_preference": "default",
                "capacity_reservation_target": []
              }
            ],
            "context": "",
            "default_cooldown": 300,
            "default_instance_warmup": 0,
            "desired_capacity": 1,
            "desired_capacity_type": "",
            "enabled_metrics": null,
            "force_delete": false,
            "force_delete_warm_pool": false,
            "health_check_grace_period": 600,
            "health_check_type": "ELB",
            "id": "sibu-qa-appointments-asg",
            "ignore_failed_scaling_activities": false,
            "initial_lifecycle_hook": [],
            "instance_maintenance_policy": [],
            "instance_refresh": [],
            "launch_configuration": "",
            "launch_template": [
              {
                "id": "lt-056fb90a7ce4fdc03",
                "name": "sibu-qa-appointments-lt-2026011202272384930000000c",
                "version": "$Latest"
              }
            ],
            "load_balancers": [],
            "max_instance_lifetime": 0,
            "max_size": 2,
            "metrics_granularity": "1Minute",
            "min_elb_capacity": null,
            "min_size": 1,
            "mixed_instances_policy": [],
            "name": "sibu-qa-appointments-asg",
            "name_prefix": "",
            "placement_group": "",
            "predicted_capacity": 0,
            "protect_from_scale_in": false,
            "region": "us-east-1",
            "service_linked_role_arn": "arn:aws:iam::452890924396:role/aws-service-role/autoscaling.amazonaws.com/AWSServiceRoleForAutoScaling",
            "suspended_processes": null,
            "tag": [
              {
                "key": "App",
                "propagate_at_launch": true,
                "value": "sibu"
              },
              {
                "key": "Env",
                "propagate_at_launch": true,
                "value": "qa"
              },
              {
                "key": "Name",
                "propagate_at_launch": true,
                "value": "sibu-qa-appointments"
              },
              {
                "key": "Svc",
                "propagate_at_launch": true,
                "value": "appointments"
              }
            ],
            "target_group_arns": [
              "arn:aws:elasticloadbalancing:us-east-1:452890924396:targetgroup/sibu-qa-tg-appt/295fdbceb4903fbd"
            ],
            "termination_policies": null,
            "timeouts": null,
            "traffic_source": [
              {
                "identifier": "arn:aws:elasticloadbalancing:us-east-1:452890924396:targetgroup/sibu-qa-tg-appt/295fdbceb4903fbd",
                "type": "elbv2"
              }
            ],
            "vpc_zone_identifier": [
              "subnet-3297ce1c",
              "subnet-4da2fd11",
              "subnet-68d6c267",
              "subnet-935406f4",
              "subnet-d509eb98"
            ],
            "wait_for_capacity_timeout": "10m",
            "wait_for_elb_capacity": null,
            "warm_pool": [],
            "warm_pool_size": 0
          },
          "sensitive_attributes": [],
          "private": "eyJlMmJmYjczMC1lY2FhLTExZTYtOGY4OC0zNDM2M2JjN2M0YzAiOnsiZGVsZXRlIjo2MDAwMDAwMDAwMDAsInVwZGF0ZSI6NjAwMDAwMDAwMDAwfSwic2NoZW1hX3ZlcnNpb24iOiIxIn0=",
          "dependencies": [
            "aws_instance.data",
            "aws_key_pair.qa_sibu",
            "aws_launch_template.appointments",
            "aws_lb_target_group.tg_appointments",
            "aws_security_group.alb_sg",
            "aws_security_group.sibu_sg",
            "data.aws_ami.al2023",
            "data.aws_subnet.all_default",
            "data.aws_subnets.default",
            "data.aws_vpc.default"
          ]
        }
      ]
    },
    {
      "mode": "managed",
      "type": "aws_autoscaling_group",
      "name": "audit",
      "provider": "provider[\"registry.terraform.io/hashicorp/aws\"]",
      "instances": [
        {
          "schema_version": 1,
          "attributes": {
            "arn": "arn:aws:autoscaling:us-east-1:452890924396:autoScalingGroup:5d7e0b69-199d-4d7d-a523-b73d27b1257a:autoScalingGroupName/sibu-qa-audit-asg",
            "availability_zone_distribution": [
              {
                "capacity_distribution_strategy": "balanced-best-effort"
              }
            ],
            "availability_zones": [
              "us-east-1a",
              "us-east-1b",
              "us-east-1c",
              "us-east-1d",
              "us-east-1f"
            ],
            "capacity_rebalance": false,
            "capacity_reservation_specification": [
              {
                "capacity_reservation_preference": "default",
                "capacity_reservation_target": []
              }
            ],
            "context": "",
            "default_cooldown": 300,
            "default_instance_warmup": 0,
            "desired_capacity": 1,
            "desired_capacity_type": "",
            "enabled_metrics": null,
            "force_delete": false,
            "force_delete_warm_pool": false,
            "health_check_grace_period": 600,
            "health_check_type": "ELB",
            "id": "sibu-qa-audit-asg",
            "ignore_failed_scaling_activities": false,
            "initial_lifecycle_hook": [],
            "instance_maintenance_policy": [],
            "instance_refresh": [],
            "launch_configuration": "",
            "launch_template": [
              {
                "id": "lt-09a0e77514712f153",
                "name": "sibu-qa-audit-lt-2026011202272384930000000a",
                "version": "$Latest"
              }
            ],
            "load_balancers": [],
            "max_instance_lifetime": 0,
            "max_size": 2,
            "metrics_granularity": "1Minute",
            "min_elb_capacity": null,
            "min_size": 1,
            "mixed_instances_policy": [],
            "name": "sibu-qa-audit-asg",
            "name_prefix": "",
            "placement_group": "",
            "predicted_capacity": 0,
            "protect_from_scale_in": false,
            "region": "us-east-1",
            "service_linked_role_arn": "arn:aws:iam::452890924396:role/aws-service-role/autoscaling.amazonaws.com/AWSServiceRoleForAutoScaling",
            "suspended_processes": null,
            "tag": [
              {
                "key": "App",
                "propagate_at_launch": true,
                "value": "sibu"
              },
              {
                "key": "Env",
                "propagate_at_launch": true,
                "value": "qa"
              },
              {
                "key": "Name",
                "propagate_at_launch": true,
                "value": "sibu-qa-audit"
              },
              {
                "key": "Svc",
                "propagate_at_launch": true,
                "value": "audit"
              }
            ],
            "target_group_arns": [
              "arn:aws:elasticloadbalancing:us-east-1:452890924396:targetgroup/sibu-qa-tg-audit/19a6c94bfcb3872d"
            ],
            "termination_policies": null,
            "timeouts": null,
            "traffic_source": [
              {
                "identifier": "arn:aws:elasticloadbalancing:us-east-1:452890924396:targetgroup/sibu-qa-tg-audit/19a6c94bfcb3872d",
                "type": "elbv2"
              }
            ],
            "vpc_zone_identifier": [
              "subnet-3297ce1c",
              "subnet-4da2fd11",
              "subnet-68d6c267",
              "subnet-935406f4",
              "subnet-d509eb98"
            ],
            "wait_for_capacity_timeout": "10m",
            "wait_for_elb_capacity": null,
            "warm_pool": [],
            "warm_pool_size": 0
          },
          "sensitive_attributes": [],
          "private": "eyJlMmJmYjczMC1lY2FhLTExZTYtOGY4OC0zNDM2M2JjN2M0YzAiOnsiZGVsZXRlIjo2MDAwMDAwMDAwMDAsInVwZGF0ZSI6NjAwMDAwMDAwMDAwfSwic2NoZW1hX3ZlcnNpb24iOiIxIn0=",
          "dependencies": [
            "aws_instance.data",
            "aws_key_pair.qa_sibu",
            "aws_launch_template.audit",
            "aws_lb_target_group.tg_audit",
            "aws_security_group.alb_sg",
            "aws_security_group.sibu_sg",
            "data.aws_ami.al2023",
            "data.aws_subnet.all_default",
            "data.aws_subnets.default",
            "data.aws_vpc.default"
          ]
        }
      ]
    },
    {
      "mode": "managed",
      "type": "aws_autoscaling_group",
      "name": "auth",
      "provider": "provider[\"registry.terraform.io/hashicorp/aws\"]",
      "instances": [
        {
          "schema_version": 1,
          "attributes": {
            "arn": "arn:aws:autoscaling:us-east-1:452890924396:autoScalingGroup:cfe7d3b5-80bf-4078-a099-c8d6e8fdd5d3:autoScalingGroupName/sibu-qa-auth-asg",
            "availability_zone_distribution": [
              {
                "capacity_distribution_strategy": "balanced-best-effort"
              }
            ],
            "availability_zones": [
              "us-east-1a",
              "us-east-1b",
              "us-east-1c",
              "us-east-1d",
              "us-east-1f"
            ],
            "capacity_rebalance": false,
            "capacity_reservation_specification": [
              {
                "capacity_reservation_preference": "default",
                "capacity_reservation_target": []
              }
            ],
            "context": "",
            "default_cooldown": 300,
            "default_instance_warmup": 0,
            "desired_capacity": 1,
            "desired_capacity_type": "",
            "enabled_metrics": null,
            "force_delete": false,
            "force_delete_warm_pool": false,
            "health_check_grace_period": 600,
            "health_check_type": "ELB",
            "id": "sibu-qa-auth-asg",
            "ignore_failed_scaling_activities": false,
            "initial_lifecycle_hook": [],
            "instance_maintenance_policy": [],
            "instance_refresh": [],
            "launch_configuration": "",
            "launch_template": [
              {
                "id": "lt-0c5fb0b7e203502af",
                "name": "sibu-qa-auth-lt-2026011202272385140000000e",
                "version": "$Latest"
              }
            ],
            "load_balancers": [],
            "max_instance_lifetime": 0,
            "max_size": 2,
            "metrics_granularity": "1Minute",
            "min_elb_capacity": null,
            "min_size": 1,
            "mixed_instances_policy": [],
            "name": "sibu-qa-auth-asg",
            "name_prefix": "",
            "placement_group": "",
            "predicted_capacity": 0,
            "protect_from_scale_in": false,
            "region": "us-east-1",
            "service_linked_role_arn": "arn:aws:iam::452890924396:role/aws-service-role/autoscaling.amazonaws.com/AWSServiceRoleForAutoScaling",
            "suspended_processes": null,
            "tag": [
              {
                "key": "App",
                "propagate_at_launch": true,
                "value": "sibu"
              },
              {
                "key": "Env",
                "propagate_at_launch": true,
                "value": "qa"
              },
              {
                "key": "Name",
                "propagate_at_launch": true,
                "value": "sibu-qa-auth"
              },
              {
                "key": "Svc",
                "propagate_at_launch": true,
                "value": "auth"
              }
            ],
            "target_group_arns": [
              "arn:aws:elasticloadbalancing:us-east-1:452890924396:targetgroup/sibu-qa-tg-auth/f36a7316eef96611"
            ],
            "termination_policies": null,
            "timeouts": null,
            "traffic_source": [
              {
                "identifier": "arn:aws:elasticloadbalancing:us-east-1:452890924396:targetgroup/sibu-qa-tg-auth/f36a7316eef96611",
                "type": "elbv2"
              }
            ],
            "vpc_zone_identifier": [
              "subnet-3297ce1c",
              "subnet-4da2fd11",
              "subnet-68d6c267",
              "subnet-935406f4",
              "subnet-d509eb98"
            ],
            "wait_for_capacity_timeout": "10m",
            "wait_for_elb_capacity": null,
            "warm_pool": [],
            "warm_pool_size": 0
          },
          "sensitive_attributes": [],
          "private": "eyJlMmJmYjczMC1lY2FhLTExZTYtOGY4OC0zNDM2M2JjN2M0YzAiOnsiZGVsZXRlIjo2MDAwMDAwMDAwMDAsInVwZGF0ZSI6NjAwMDAwMDAwMDAwfSwic2NoZW1hX3ZlcnNpb24iOiIxIn0=",
          "dependencies": [
            "aws_instance.data",
            "aws_key_pair.qa_sibu",
            "aws_launch_template.auth",
            "aws_lb_target_group.tg_auth",
            "aws_security_group.alb_sg",
            "aws_security_group.sibu_sg",
            "data.aws_ami.al2023",
            "data.aws_subnet.all_default",
            "data.aws_subnets.default",
            "data.aws_vpc.default"
          ]
        }
      ]
    },
    {
      "mode": "managed",
      "type": "aws_autoscaling_group",
      "name": "cases",
      "provider": "provider[\"registry.terraform.io/hashicorp/aws\"]",
      "instances": [
        {
          "schema_version": 1,
          "attributes": {
            "arn": "arn:aws:autoscaling:us-east-1:452890924396:autoScalingGroup:bafa188d-1e39-44c9-80a7-c4c2829ee879:autoScalingGroupName/sibu-qa-cases-asg",
            "availability_zone_distribution": [
              {
                "capacity_distribution_strategy": "balanced-best-effort"
              }
            ],
            "availability_zones": [
              "us-east-1a",
              "us-east-1b",
              "us-east-1c",
              "us-east-1d",
              "us-east-1f"
            ],
            "capacity_rebalance": false,
            "capacity_reservation_specification": [
              {
                "capacity_reservation_preference": "default",
                "capacity_reservation_target": []
              }
            ],
            "context": "",
            "default_cooldown": 300,
            "default_instance_warmup": 0,
            "desired_capacity": 1,
            "desired_capacity_type": "",
            "enabled_metrics": null,
            "force_delete": false,
            "force_delete_warm_pool": false,
            "health_check_grace_period": 600,
            "health_check_type": "ELB",
            "id": "sibu-qa-cases-asg",
            "ignore_failed_scaling_activities": false,
            "initial_lifecycle_hook": [],
            "instance_maintenance_policy": [],
            "instance_refresh": [],
            "launch_configuration": "",
            "launch_template": [
              {
                "id": "lt-00adb10bfde94c639",
                "name": "sibu-qa-cases-lt-20260112022723837200000002",
                "version": "$Latest"
              }
            ],
            "load_balancers": [],
            "max_instance_lifetime": 0,
            "max_size": 2,
            "metrics_granularity": "1Minute",
            "min_elb_capacity": null,
            "min_size": 1,
            "mixed_instances_policy": [],
            "name": "sibu-qa-cases-asg",
            "name_prefix": "",
            "placement_group": "",
            "predicted_capacity": 0,
            "protect_from_scale_in": false,
            "region": "us-east-1",
            "service_linked_role_arn": "arn:aws:iam::452890924396:role/aws-service-role/autoscaling.amazonaws.com/AWSServiceRoleForAutoScaling",
            "suspended_processes": null,
            "tag": [
              {
                "key": "App",
                "propagate_at_launch": true,
                "value": "sibu"
              },
              {
                "key": "Env",
                "propagate_at_launch": true,
                "value": "qa"
              },
              {
                "key": "Name",
                "propagate_at_launch": true,
                "value": "sibu-qa-cases"
              },
              {
                "key": "Svc",
                "propagate_at_launch": true,
                "value": "cases"
              }
            ],
            "target_group_arns": [
              "arn:aws:elasticloadbalancing:us-east-1:452890924396:targetgroup/sibu-qa-tg-cases/6fe1aaee53c2d5d1"
            ],
            "termination_policies": null,
            "timeouts": null,
            "traffic_source": [
              {
                "identifier": "arn:aws:elasticloadbalancing:us-east-1:452890924396:targetgroup/sibu-qa-tg-cases/6fe1aaee53c2d5d1",
                "type": "elbv2"
              }
            ],
            "vpc_zone_identifier": [
              "subnet-3297ce1c",
              "subnet-4da2fd11",
              "subnet-68d6c267",
              "subnet-935406f4",
              "subnet-d509eb98"
            ],
            "wait_for_capacity_timeout": "10m",
            "wait_for_elb_capacity": null,
            "warm_pool": [],
            "warm_pool_size": 0
          },
          "sensitive_attributes": [],
          "private": "eyJlMmJmYjczMC1lY2FhLTExZTYtOGY4OC0zNDM2M2JjN2M0YzAiOnsiZGVsZXRlIjo2MDAwMDAwMDAwMDAsInVwZGF0ZSI6NjAwMDAwMDAwMDAwfSwic2NoZW1hX3ZlcnNpb24iOiIxIn0=",
          "dependencies": [
            "aws_instance.data",
            "aws_key_pair.qa_sibu",
            "aws_launch_template.cases",
            "aws_lb_target_group.tg_cases",
            "aws_security_group.alb_sg",
            "aws_security_group.sibu_sg",
            "data.aws_ami.al2023",
            "data.aws_subnet.all_default",
            "data.aws_subnets.default",
            "data.aws_vpc.default"
          ]
        }
      ]
    },
    {
      "mode": "managed",
      "type": "aws_autoscaling_group",
      "name": "reports",
      "provider": "provider[\"registry.terraform.io/hashicorp/aws\"]",
      "instances": [
        {
          "schema_version": 1,
          "attributes": {
            "arn": "arn:aws:autoscaling:us-east-1:452890924396:autoScalingGroup:605df543-7cce-4a54-a670-bf6375eb6f0a:autoScalingGroupName/sibu-qa-reports-asg",
            "availability_zone_distribution": [
              {
                "capacity_distribution_strategy": "balanced-best-effort"
              }
            ],
            "availability_zones": [
              "us-east-1a",
              "us-east-1b",
              "us-east-1c",
              "us-east-1d",
              "us-east-1f"
            ],
            "capacity_rebalance": false,
            "capacity_reservation_specification": [
              {
                "capacity_reservation_preference": "default",
                "capacity_reservation_target": []
              }
            ],
            "context": "",
            "default_cooldown": 300,
            "default_instance_warmup": 0,
            "desired_capacity": 1,
            "desired_capacity_type": "",
            "enabled_metrics": null,
            "force_delete": false,
            "force_delete_warm_pool": false,
            "health_check_grace_period": 600,
            "health_check_type": "ELB",
            "id": "sibu-qa-reports-asg",
            "ignore_failed_scaling_activities": false,
            "initial_lifecycle_hook": [],
            "instance_maintenance_policy": [],
            "instance_refresh": [],
            "launch_configuration": "",
            "launch_template": [
              {
                "id": "lt-018c811201fb7d98d",
                "name": "sibu-qa-reports-lt-20260112022723838300000006",
                "version": "$Latest"
              }
            ],
            "load_balancers": [],
            "max_instance_lifetime": 0,
            "max_size": 2,
            "metrics_granularity": "1Minute",
            "min_elb_capacity": null,
            "min_size": 1,
            "mixed_instances_policy": [],
            "name": "sibu-qa-reports-asg",
            "name_prefix": "",
            "placement_group": "",
            "predicted_capacity": 0,
            "protect_from_scale_in": false,
            "region": "us-east-1",
            "service_linked_role_arn": "arn:aws:iam::452890924396:role/aws-service-role/autoscaling.amazonaws.com/AWSServiceRoleForAutoScaling",
            "suspended_processes": null,
            "tag": [
              {
                "key": "App",
                "propagate_at_launch": true,
                "value": "sibu"
              },
              {
                "key": "Env",
                "propagate_at_launch": true,
                "value": "qa"
              },
              {
                "key": "Name",
                "propagate_at_launch": true,
                "value": "sibu-qa-reports"
              },
              {
                "key": "Svc",
                "propagate_at_launch": true,
                "value": "reports"
              }
            ],
            "target_group_arns": [
              "arn:aws:elasticloadbalancing:us-east-1:452890924396:targetgroup/sibu-qa-tg-reports/00099a0a871aa963"
            ],
            "termination_policies": null,
            "timeouts": null,
            "traffic_source": [
              {
                "identifier": "arn:aws:elasticloadbalancing:us-east-1:452890924396:targetgroup/sibu-qa-tg-reports/00099a0a871aa963",
                "type": "elbv2"
              }
            ],
            "vpc_zone_identifier": [
              "subnet-3297ce1c",
              "subnet-4da2fd11",
              "subnet-68d6c267",
              "subnet-935406f4",
              "subnet-d509eb98"
            ],
            "wait_for_capacity_timeout": "10m",
            "wait_for_elb_capacity": null,
            "warm_pool": [],
            "warm_pool_size": 0
          },
          "sensitive_attributes": [],
          "private": "eyJlMmJmYjczMC1lY2FhLTExZTYtOGY4OC0zNDM2M2JjN2M0YzAiOnsiZGVsZXRlIjo2MDAwMDAwMDAwMDAsInVwZGF0ZSI6NjAwMDAwMDAwMDAwfSwic2NoZW1hX3ZlcnNpb24iOiIxIn0=",
          "dependencies": [
            "aws_instance.data",
            "aws_key_pair.qa_sibu",
            "aws_launch_template.reports",
            "aws_lb_target_group.tg_reports",
            "aws_security_group.alb_sg",
            "aws_security_group.sibu_sg",
            "data.aws_ami.al2023",
            "data.aws_subnet.all_default",
            "data.aws_subnets.default",
            "data.aws_vpc.default"
          ]
        }
      ]
    },
    {
      "mode": "managed",
      "type": "aws_autoscaling_group",
      "name": "users",
      "provider": "provider[\"registry.terraform.io/hashicorp/aws\"]",
      "instances": [
        {
          "schema_version": 1,
          "attributes": {
            "arn": "arn:aws:autoscaling:us-east-1:452890924396:autoScalingGroup:a938d351-c4ea-421a-b2ac-78b886eee440:autoScalingGroupName/sibu-qa-users-asg",
            "availability_zone_distribution": [
              {
                "capacity_distribution_strategy": "balanced-best-effort"
              }
            ],
            "availability_zones": [
              "us-east-1a",
              "us-east-1b",
              "us-east-1c",
              "us-east-1d",
              "us-east-1f"
            ],
            "capacity_rebalance": false,
            "capacity_reservation_specification": [
              {
                "capacity_reservation_preference": "default",
                "capacity_reservation_target": []
              }
            ],
            "context": "",
            "default_cooldown": 300,
            "default_instance_warmup": 0,
            "desired_capacity": 1,
            "desired_capacity_type": "",
            "enabled_metrics": null,
            "force_delete": false,
            "force_delete_warm_pool": false,
            "health_check_grace_period": 600,
            "health_check_type": "ELB",
            "id": "sibu-qa-users-asg",
            "ignore_failed_scaling_activities": false,
            "initial_lifecycle_hook": [],
            "instance_maintenance_policy": [],
            "instance_refresh": [],
            "launch_configuration": "",
            "launch_template": [
              {
                "id": "lt-042a3325c2cfbc1b9",
                "name": "sibu-qa-users-lt-20260112022723844100000008",
                "version": "$Latest"
              }
            ],
            "load_balancers": [],
            "max_instance_lifetime": 0,
            "max_size": 2,
            "metrics_granularity": "1Minute",
            "min_elb_capacity": null,
            "min_size": 1,
            "mixed_instances_policy": [],
            "name": "sibu-qa-users-asg",
            "name_prefix": "",
            "placement_group": "",
            "predicted_capacity": 0,
            "protect_from_scale_in": false,
            "region": "us-east-1",
            "service_linked_role_arn": "arn:aws:iam::452890924396:role/aws-service-role/autoscaling.amazonaws.com/AWSServiceRoleForAutoScaling",
            "suspended_processes": null,
            "tag": [
              {
                "key": "App",
                "propagate_at_launch": true,
                "value": "sibu"
              },
              {
                "key": "Env",
                "propagate_at_launch": true,
                "value": "qa"
              },
              {
                "key": "Name",
                "propagate_at_launch": true,
                "value": "sibu-qa-users"
              },
              {
                "key": "Svc",
                "propagate_at_launch": true,
                "value": "users"
              }
            ],
            "target_group_arns": [
              "arn:aws:elasticloadbalancing:us-east-1:452890924396:targetgroup/sibu-qa-tg-users/500020308e347083"
            ],
            "termination_policies": null,
            "timeouts": null,
            "traffic_source": [
              {
                "identifier": "arn:aws:elasticloadbalancing:us-east-1:452890924396:targetgroup/sibu-qa-tg-users/500020308e347083",
                "type": "elbv2"
              }
            ],
            "vpc_zone_identifier": [
              "subnet-3297ce1c",
              "subnet-4da2fd11",
              "subnet-68d6c267",
              "subnet-935406f4",
              "subnet-d509eb98"
            ],
            "wait_for_capacity_timeout": "10m",
            "wait_for_elb_capacity": null,
            "warm_pool": [],
            "warm_pool_size": 0
          },
          "sensitive_attributes": [],
          "private": "eyJlMmJmYjczMC1lY2FhLTExZTYtOGY4OC0zNDM2M2JjN2M0YzAiOnsiZGVsZXRlIjo2MDAwMDAwMDAwMDAsInVwZGF0ZSI6NjAwMDAwMDAwMDAwfSwic2NoZW1hX3ZlcnNpb24iOiIxIn0=",
          "dependencies": [
            "aws_instance.data",
            "aws_key_pair.qa_sibu",
            "aws_launch_template.users",
            "aws_lb_target_group.tg_users",
            "aws_security_group.alb_sg",
            "aws_security_group.sibu_sg",
            "data.aws_ami.al2023",
            "data.aws_subnet.all_default",
            "data.aws_subnets.default",
            "data.aws_vpc.default"
          ]
        }
      ]
    },
    {
      "mode": "managed",
      "type": "aws_autoscaling_policy",
      "name": "admin_cpu",
      "provider": "provider[\"registry.terraform.io/hashicorp/aws\"]",
      "instances": [
        {
          "schema_version": 0,
          "attributes": {
            "adjustment_type": "",
            "arn": "arn:aws:autoscaling:us-east-1:452890924396:scalingPolicy:54ef9b8c-d8ba-4df9-af45-aef5912a0526:autoScalingGroupName/sibu-qa-admin-asg:policyName/sibu-qa-admin-cpu",
            "autoscaling_group_name": "sibu-qa-admin-asg",
            "cooldown": 0,
            "enabled": true,
            "estimated_instance_warmup": 0,
            "id": "sibu-qa-admin-cpu",
            "metric_aggregation_type": "",
            "min_adjustment_magnitude": 0,
            "name": "sibu-qa-admin-cpu",
            "policy_type": "TargetTrackingScaling",
            "predictive_scaling_configuration": [],
            "region": "us-east-1",
            "scaling_adjustment": 0,
            "step_adjustment": [],
            "target_tracking_configuration": [
              {
                "customized_metric_specification": [],
                "disable_scale_in": false,
                "predefined_metric_specification": [
                  {
                    "predefined_metric_type": "ASGAverageCPUUtilization",
                    "resource_label": ""
                  }
                ],
                "target_value": 50
              }
            ]
          },
          "sensitive_attributes": [],
          "private": "bnVsbA==",
          "dependencies": [
            "aws_autoscaling_group.admin",
            "aws_instance.data",
            "aws_key_pair.qa_sibu",
            "aws_launch_template.admin",
            "aws_lb_target_group.tg_admin",
            "aws_security_group.alb_sg",
            "aws_security_group.sibu_sg",
            "data.aws_ami.al2023",
            "data.aws_subnet.all_default",
            "data.aws_subnets.default",
            "data.aws_vpc.default"
          ]
        }
      ]
    },
    {
      "mode": "managed",
      "type": "aws_autoscaling_policy",
      "name": "appointments_cpu",
      "provider": "provider[\"registry.terraform.io/hashicorp/aws\"]",
      "instances": [
        {
          "schema_version": 0,
          "attributes": {
            "adjustment_type": "",
            "arn": "arn:aws:autoscaling:us-east-1:452890924396:scalingPolicy:2ef1e3bb-e148-444d-858b-16f206c00794:autoScalingGroupName/sibu-qa-appointments-asg:policyName/sibu-qa-appointments-cpu",
            "autoscaling_group_name": "sibu-qa-appointments-asg",
            "cooldown": 0,
            "enabled": true,
            "estimated_instance_warmup": 0,
            "id": "sibu-qa-appointments-cpu",
            "metric_aggregation_type": "",
            "min_adjustment_magnitude": 0,
            "name": "sibu-qa-appointments-cpu",
            "policy_type": "TargetTrackingScaling",
            "predictive_scaling_configuration": [],
            "region": "us-east-1",
            "scaling_adjustment": 0,
            "step_adjustment": [],
            "target_tracking_configuration": [
              {
                "customized_metric_specification": [],
                "disable_scale_in": false,
                "predefined_metric_specification": [
                  {
                    "predefined_metric_type": "ASGAverageCPUUtilization",
                    "resource_label": ""
                  }
                ],
                "target_value": 50
              }
            ]
          },
          "sensitive_attributes": [],
          "private": "bnVsbA==",
          "dependencies": [
            "aws_autoscaling_group.appointments",
            "aws_instance.data",
            "aws_key_pair.qa_sibu",
            "aws_launch_template.appointments",
            "aws_lb_target_group.tg_appointments",
            "aws_security_group.alb_sg",
            "aws_security_group.sibu_sg",
            "data.aws_ami.al2023",
            "data.aws_subnet.all_default",
            "data.aws_subnets.default",
            "data.aws_vpc.default"
          ]
        }
      ]
    },
    {
      "mode": "managed",
      "type": "aws_autoscaling_policy",
      "name": "audit_cpu",
      "provider": "provider[\"registry.terraform.io/hashicorp/aws\"]",
      "instances": [
        {
          "schema_version": 0,
          "attributes": {
            "adjustment_type": "",
            "arn": "arn:aws:autoscaling:us-east-1:452890924396:scalingPolicy:19afac96-b099-4bc2-b43a-6d28e84f3dbd:autoScalingGroupName/sibu-qa-audit-asg:policyName/sibu-qa-audit-cpu",
            "autoscaling_group_name": "sibu-qa-audit-asg",
            "cooldown": 0,
            "enabled": true,
            "estimated_instance_warmup": 0,
            "id": "sibu-qa-audit-cpu",
            "metric_aggregation_type": "",
            "min_adjustment_magnitude": 0,
            "name": "sibu-qa-audit-cpu",
            "policy_type": "TargetTrackingScaling",
            "predictive_scaling_configuration": [],
            "region": "us-east-1",
            "scaling_adjustment": 0,
            "step_adjustment": [],
            "target_tracking_configuration": [
              {
                "customized_metric_specification": [],
                "disable_scale_in": false,
                "predefined_metric_specification": [
                  {
                    "predefined_metric_type": "ASGAverageCPUUtilization",
                    "resource_label": ""
                  }
                ],
                "target_value": 50
              }
            ]
          },
          "sensitive_attributes": [],
          "private": "bnVsbA==",
          "dependencies": [
            "aws_autoscaling_group.audit",
            "aws_instance.data",
            "aws_key_pair.qa_sibu",
            "aws_launch_template.audit",
            "aws_lb_target_group.tg_audit",
            "aws_security_group.alb_sg",
            "aws_security_group.sibu_sg",
            "data.aws_ami.al2023",
            "data.aws_subnet.all_default",
            "data.aws_subnets.default",
            "data.aws_vpc.default"
          ]
        }
      ]
    },
    {
      "mode": "managed",
      "type": "aws_autoscaling_policy",
      "name": "auth_cpu",
      "provider": "provider[\"registry.terraform.io/hashicorp/aws\"]",
      "instances": [
        {
          "schema_version": 0,
          "attributes": {
            "adjustment_type": "",
            "arn": "arn:aws:autoscaling:us-east-1:452890924396:scalingPolicy:1fd13a97-7c0a-4259-9ace-6a7ba3e88513:autoScalingGroupName/sibu-qa-auth-asg:policyName/sibu-qa-auth-cpu",
            "autoscaling_group_name": "sibu-qa-auth-asg",
            "cooldown": 0,
            "enabled": true,
            "estimated_instance_warmup": 0,
            "id": "sibu-qa-auth-cpu",
            "metric_aggregation_type": "",
            "min_adjustment_magnitude": 0,
            "name": "sibu-qa-auth-cpu",
            "policy_type": "TargetTrackingScaling",
            "predictive_scaling_configuration": [],
            "region": "us-east-1",
            "scaling_adjustment": 0,
            "step_adjustment": [],
            "target_tracking_configuration": [
              {
                "customized_metric_specification": [],
                "disable_scale_in": false,
                "predefined_metric_specification": [
                  {
                    "predefined_metric_type": "ASGAverageCPUUtilization",
                    "resource_label": ""
                  }
                ],
                "target_value": 50
              }
            ]
          },
          "sensitive_attributes": [],
          "private": "bnVsbA==",
          "dependencies": [
            "aws_autoscaling_group.auth",
            "aws_instance.data",
            "aws_key_pair.qa_sibu",
            "aws_launch_template.auth",
            "aws_lb_target_group.tg_auth",
            "aws_security_group.alb_sg",
            "aws_security_group.sibu_sg",
            "data.aws_ami.al2023",
            "data.aws_subnet.all_default",
            "data.aws_subnets.default",
            "data.aws_vpc.default"
          ]
        }
      ]
    },
    {
      "mode": "managed",
      "type": "aws_autoscaling_policy",
      "name": "cases_cpu",
      "provider": "provider[\"registry.terraform.io/hashicorp/aws\"]",
      "instances": [
        {
          "schema_version": 0,
          "attributes": {
            "adjustment_type": "",
            "arn": "arn:aws:autoscaling:us-east-1:452890924396:scalingPolicy:58968170-12b8-4f84-b482-9107cd8ac0fb:autoScalingGroupName/sibu-qa-cases-asg:policyName/sibu-qa-cases-cpu",
            "autoscaling_group_name": "sibu-qa-cases-asg",
            "cooldown": 0,
            "enabled": true,
            "estimated_instance_warmup": 0,
            "id": "sibu-qa-cases-cpu",
            "metric_aggregation_type": "",
            "min_adjustment_magnitude": 0,
            "name": "sibu-qa-cases-cpu",
            "policy_type": "TargetTrackingScaling",
            "predictive_scaling_configuration": [],
            "region": "us-east-1",
            "scaling_adjustment": 0,
            "step_adjustment": [],
            "target_tracking_configuration": [
              {
                "customized_metric_specification": [],
                "disable_scale_in": false,
                "predefined_metric_specification": [
                  {
                    "predefined_metric_type": "ASGAverageCPUUtilization",
                    "resource_label": ""
                  }
                ],
                "target_value": 50
              }
            ]
          },
          "sensitive_attributes": [],
          "private": "bnVsbA==",
          "dependencies": [
            "aws_autoscaling_group.cases",
            "aws_instance.data",
            "aws_key_pair.qa_sibu",
            "aws_launch_template.cases",
            "aws_lb_target_group.tg_cases",
            "aws_security_group.alb_sg",
            "aws_security_group.sibu_sg",
            "data.aws_ami.al2023",
            "data.aws_subnet.all_default",
            "data.aws_subnets.default",
            "data.aws_vpc.default"
          ]
        }
      ]
    },
    {
      "mode": "managed",
      "type": "aws_autoscaling_policy",
      "name": "reports_cpu",
      "provider": "provider[\"registry.terraform.io/hashicorp/aws\"]",
      "instances": [
        {
          "schema_version": 0,
          "attributes": {
            "adjustment_type": "",
            "arn": "arn:aws:autoscaling:us-east-1:452890924396:scalingPolicy:465c0884-51f5-40b4-868b-9818d9b397f9:autoScalingGroupName/sibu-qa-reports-asg:policyName/sibu-qa-reports-cpu",
            "autoscaling_group_name": "sibu-qa-reports-asg",
            "cooldown": 0,
            "enabled": true,
            "estimated_instance_warmup": 0,
            "id": "sibu-qa-reports-cpu",
            "metric_aggregation_type": "",
            "min_adjustment_magnitude": 0,
            "name": "sibu-qa-reports-cpu",
            "policy_type": "TargetTrackingScaling",
            "predictive_scaling_configuration": [],
            "region": "us-east-1",
            "scaling_adjustment": 0,
            "step_adjustment": [],
            "target_tracking_configuration": [
              {
                "customized_metric_specification": [],
                "disable_scale_in": false,
                "predefined_metric_specification": [
                  {
                    "predefined_metric_type": "ASGAverageCPUUtilization",
                    "resource_label": ""
                  }
                ],
                "target_value": 50
              }
            ]
          },
          "sensitive_attributes": [],
          "private": "bnVsbA==",
          "dependencies": [
            "aws_autoscaling_group.reports",
            "aws_instance.data",
            "aws_key_pair.qa_sibu",
            "aws_launch_template.reports",
            "aws_lb_target_group.tg_reports",
            "aws_security_group.alb_sg",
            "aws_security_group.sibu_sg",
            "data.aws_ami.al2023",
            "data.aws_subnet.all_default",
            "data.aws_subnets.default",
            "data.aws_vpc.default"
          ]
        }
      ]
    },
    {
      "mode": "managed",
      "type": "aws_autoscaling_policy",
      "name": "users_cpu",
      "provider": "provider[\"registry.terraform.io/hashicorp/aws\"]",
      "instances": [
        {
          "schema_version": 0,
          "attributes": {
            "adjustment_type": "",
            "arn": "arn:aws:autoscaling:us-east-1:452890924396:scalingPolicy:ee4ccd2c-0a2a-497a-8940-ffc3598d0021:autoScalingGroupName/sibu-qa-users-asg:policyName/sibu-qa-users-cpu",
            "autoscaling_group_name": "sibu-qa-users-asg",
            "cooldown": 0,
            "enabled": true,
            "estimated_instance_warmup": 0,
            "id": "sibu-qa-users-cpu",
            "metric_aggregation_type": "",
            "min_adjustment_magnitude": 0,
            "name": "sibu-qa-users-cpu",
            "policy_type": "TargetTrackingScaling",
            "predictive_scaling_configuration": [],
            "region": "us-east-1",
            "scaling_adjustment": 0,
            "step_adjustment": [],
            "target_tracking_configuration": [
              {
                "customized_metric_specification": [],
                "disable_scale_in": false,
                "predefined_metric_specification": [
                  {
                    "predefined_metric_type": "ASGAverageCPUUtilization",
                    "resource_label": ""
                  }
                ],
                "target_value": 50
              }
            ]
          },
          "sensitive_attributes": [],
          "private": "bnVsbA==",
          "dependencies": [
            "aws_autoscaling_group.users",
            "aws_instance.data",
            "aws_key_pair.qa_sibu",
            "aws_launch_template.users",
            "aws_lb_target_group.tg_users",
            "aws_security_group.alb_sg",
            "aws_security_group.sibu_sg",
            "data.aws_ami.al2023",
            "data.aws_subnet.all_default",
            "data.aws_subnets.default",
            "data.aws_vpc.default"
          ]
        }
      ]
    },
    {
      "mode": "managed",
      "type": "aws_instance",
      "name": "data",
      "provider": "provider[\"registry.terraform.io/hashicorp/aws\"]",
      "instances": [
        {
          "schema_version": 2,
          "attributes": {
            "ami": "ami-02ffee2b2e4bc6891",
            "arn": "arn:aws:ec2:us-east-1:452890924396:instance/i-0f2be7a2a632852d2",
            "associate_public_ip_address": true,
            "availability_zone": "us-east-1b",
            "capacity_reservation_specification": [
              {
                "capacity_reservation_preference": "open",
                "capacity_reservation_target": []
              }
            ],
            "cpu_options": [
              {
                "amd_sev_snp": "",
                "core_count": 1,
                "threads_per_core": 2
              }
            ],
            "credit_specification": [
              {
                "cpu_credits": "unlimited"
              }
            ],
            "disable_api_stop": false,
            "disable_api_termination": false,
            "ebs_block_device": [],
            "ebs_optimized": false,
            "enable_primary_ipv6": null,
            "enclave_options": [
              {
                "enabled": false
              }
            ],
            "ephemeral_block_device": [],
            "force_destroy": false,
            "get_password_data": false,
            "hibernation": false,
            "host_id": "",
            "host_resource_group_arn": null,
            "iam_instance_profile": "",
            "id": "i-0f2be7a2a632852d2",
            "instance_initiated_shutdown_behavior": "stop",
            "instance_lifecycle": "",
            "instance_market_options": [],
            "instance_state": "running",
            "instance_type": "t3.small",
            "ipv6_address_count": 0,
            "ipv6_addresses": [],
            "key_name": "sibu-qa-key",
            "launch_template": [],
            "maintenance_options": [
              {
                "auto_recovery": "default"
              }
            ],
            "metadata_options": [
              {
                "http_endpoint": "enabled",
                "http_protocol_ipv6": "disabled",
                "http_put_response_hop_limit": 2,
                "http_tokens": "required",
                "instance_metadata_tags": "disabled"
              }
            ],
            "monitoring": false,
            "network_interface": [],
            "outpost_arn": "",
            "password_data": "",
            "placement_group": "",
            "placement_group_id": "",
            "placement_partition_number": 0,
            "primary_network_interface": [
              {
                "delete_on_termination": true,
                "network_interface_id": "eni-08dd09967bf972950"
              }
            ],
            "primary_network_interface_id": "eni-08dd09967bf972950",
            "private_dns": "ip-172-31-89-230.ec2.internal",
            "private_dns_name_options": [
              {
                "enable_resource_name_dns_a_record": false,
                "enable_resource_name_dns_aaaa_record": false,
                "hostname_type": "ip-name"
              }
            ],
            "private_ip": "172.31.89.230",
            "public_dns": "ec2-52-55-154-189.compute-1.amazonaws.com",
            "public_ip": "52.55.154.189",
            "region": "us-east-1",
            "root_block_device": [
              {
                "delete_on_termination": true,
                "device_name": "/dev/xvda",
                "encrypted": false,
                "iops": 3000,
                "kms_key_id": "",
                "tags": null,
                "tags_all": {},
                "throughput": 125,
                "volume_id": "vol-021fffc24ac51b905",
                "volume_size": 30,
                "volume_type": "gp3"
              }
            ],
            "secondary_private_ips": [],
            "security_groups": [
              "sibu-qa-sg1"
            ],
            "source_dest_check": true,
            "spot_instance_request_id": "",
            "subnet_id": "subnet-3297ce1c",
            "tags": {
              "Name": "sibu-qa-data"
            },
            "tags_all": {
              "Name": "sibu-qa-data"
            },
            "tenancy": "default",
            "timeouts": null,
            "user_data": "#!/bin/bash\nset -eux\n\ndnf update -y\ndnf install -y docker git nmap-ncat\n\n# -----------------------------\n# Swap (prevents OOM lockups on small instances)\n# -----------------------------\nif ! swapon --show | grep -q \"^/swapfile\"; then\n  (fallocate -l 1G /swapfile || dd if=/dev/zero of=/swapfile bs=1M count=1024) \u003e/dev/null 2\u003e\u00261 || true\n  chmod 600 /swapfile || true\n  mkswap /swapfile \u003e/dev/null 2\u003e\u00261 || true\n  swapon /swapfile || true\n  grep -q \"^/swapfile \" /etc/fstab 2\u003e/dev/null || echo \"/swapfile swap swap defaults 0 0\" \u003e\u003e /etc/fstab\nfi\n\ngroupadd -f docker || true\nsystemctl enable docker\nsystemctl start docker\n\n# Allow ec2-user to use docker without sudo\nusermod -aG docker ec2-user || true\nchmod 666 /var/run/docker.sock || true\n\nsleep 5\ndocker network create sibu-net || true\n\nDATA_IP=\"$(hostname -I | awk '{print $1}')\"\necho \"DATA_IP=$DATA_IP\"\n\n# -----------------------------\n# Postgres\n# -----------------------------\ndocker pull postgres:16\ndocker rm -f sibu-postgres || true\ndocker volume create pgdata || true\n\ndocker run -d --name sibu-postgres --restart always \\\n  --network sibu-net \\\n  -p 5432:5432 \\\n  -e POSTGRES_USER=sibu \\\n  -e POSTGRES_PASSWORD=sibu \\\n  -e POSTGRES_DB=sibu \\\n  -v pgdata:/var/lib/postgresql/data \\\n  postgres:16\n\n# Wait Postgres\nfor i in {1..90}; do\n  if docker exec sibu-postgres pg_isready -U sibu -d sibu \u003e/dev/null 2\u003e\u00261; then\n    echo \"Postgres ready\"\n    break\n  fi\n  echo \"Postgres not ready yet ($i)...\"\n  sleep 2\ndone\n\n# -----------------------------\n# Zookeeper\n# -----------------------------\ndocker pull confluentinc/cp-zookeeper:7.6.1\ndocker rm -f sibu-zookeeper || true\n\ndocker run -d --name sibu-zookeeper --restart always \\\n  --network sibu-net \\\n  -p 2181:2181 \\\n  -e ZOOKEEPER_CLIENT_PORT=2181 \\\n  -e ZOOKEEPER_TICK_TIME=2000 \\\n  confluentinc/cp-zookeeper:7.6.1\n\n# Wait Zookeeper\nfor i in {1..60}; do\n  if nc -z 127.0.0.1 2181 \u003e/dev/null 2\u003e\u00261; then\n    echo \"Zookeeper ready\"\n    break\n  fi\n  echo \"Zookeeper not ready yet ($i)...\"\n  sleep 2\ndone\n\n# -----------------------------\n# Kafka\n# -----------------------------\ndocker pull confluentinc/cp-kafka:7.6.1\ndocker rm -f kafka || true\n\ndocker run -d --name kafka --restart always \\\n  --network sibu-net \\\n  -p 29092:29092 \\\n  -e KAFKA_BROKER_ID=1 \\\n  -e KAFKA_ZOOKEEPER_CONNECT=\"sibu-zookeeper:2181\" \\\n  -e KAFKA_LISTENERS=\"PLAINTEXT://0.0.0.0:29092\" \\\n  -e KAFKA_ADVERTISED_LISTENERS=\"PLAINTEXT://$DATA_IP:29092\" \\\n  -e KAFKA_LISTENER_SECURITY_PROTOCOL_MAP=\"PLAINTEXT:PLAINTEXT\" \\\n  -e KAFKA_INTER_BROKER_LISTENER_NAME=\"PLAINTEXT\" \\\n  -e KAFKA_OFFSETS_TOPIC_REPLICATION_FACTOR=1 \\\n  -e KAFKA_TRANSACTION_STATE_LOG_REPLICATION_FACTOR=1 \\\n  -e KAFKA_TRANSACTION_STATE_LOG_MIN_ISR=1 \\\n  -e KAFKA_AUTO_CREATE_TOPICS_ENABLE=false \\\n  -e KAFKA_LOG_CLEANER_ENABLE=false \\\n  -e KAFKA_HEAP_OPTS=\"-Xms384m -Xmx384m\" \\\n  --memory=\"900m\" --memory-swap=\"1400m\" \\\n  confluentinc/cp-kafka:7.6.1\n\n# Wait Kafka port\nfor i in {1..90}; do\n  if nc -z 127.0.0.1 29092 \u003e/dev/null 2\u003e\u00261; then\n    echo \"Kafka port open\"\n    break\n  fi\n  echo \"Kafka not ready yet ($i)...\"\n  sleep 2\ndone\n\n# Wait Kafka metadata\nfor i in {1..120}; do\n  if docker exec kafka kafka-topics --bootstrap-server 127.0.0.1:29092 --list \u003e/dev/null 2\u003e\u00261; then\n    echo \"Kafka metadata ready\"\n    break\n  fi\n  echo \"Kafka metadata not ready yet ($i)...\"\n  sleep 2\ndone\n\n# -----------------------------\n# CREATE REQUIRED TOPICS (FINAL FIX)\n# -----------------------------\ndocker exec kafka kafka-topics --bootstrap-server 127.0.0.1:29092 \\\n  --create --if-not-exists --topic sibu.user.events --partitions 1 --replication-factor 1 || true\n\ndocker exec kafka kafka-topics --bootstrap-server 127.0.0.1:29092 \\\n  --create --if-not-exists --topic sibu.events --partitions 1 --replication-factor 1 || true\n\ndocker exec kafka kafka-topics --bootstrap-server 127.0.0.1:29092 \\\n  --create --if-not-exists --topic sibu.cases.events --partitions 1 --replication-factor 1 || true\n\ndocker exec kafka kafka-topics --bootstrap-server 127.0.0.1:29092 \\\n  --create --if-not-exists --topic sibu.appointments.events --partitions 1 --replication-factor 1 || true\n\ndocker exec kafka kafka-topics --bootstrap-server 127.0.0.1:29092 --list || true\n",
            "user_data_base64": null,
            "user_data_replace_on_change": false,
            "volume_tags": null,
            "vpc_security_group_ids": [
              "sg-00627b93064774f0d"
            ]
          },
          "sensitive_attributes": [],
          "private": "eyJlMmJmYjczMC1lY2FhLTExZTYtOGY4OC0zNDM2M2JjN2M0YzAiOnsiY3JlYXRlIjo2MDAwMDAwMDAwMDAsImRlbGV0ZSI6MTIwMDAwMDAwMDAwMCwicmVhZCI6OTAwMDAwMDAwMDAwLCJ1cGRhdGUiOjYwMDAwMDAwMDAwMH0sInNjaGVtYV92ZXJzaW9uIjoiMiJ9",
          "dependencies": [
            "aws_key_pair.qa_sibu",
            "aws_security_group.alb_sg",
            "aws_security_group.sibu_sg",
            "data.aws_ami.al2023",
            "data.aws_subnets.default",
            "data.aws_vpc.default"
          ]
        }
      ]
    },
    {
      "mode": "managed",
      "type": "aws_key_pair",
      "name": "qa_sibu",
      "provider": "provider[\"registry.terraform.io/hashicorp/aws\"]",
      "instances": [
        {
          "schema_version": 1,
          "attributes": {
            "arn": "arn:aws:ec2:us-east-1:452890924396:key-pair/sibu-qa-key",
            "fingerprint": "53:d9:47:75:16:8a:ca:3c:87:01:ea:15:1a:1f:f4:2d",
            "id": "sibu-qa-key",
            "key_name": "sibu-qa-key",
            "key_name_prefix": "",
            "key_pair_id": "key-0082321fff9bee65f",
            "key_type": "rsa",
            "public_key": "ssh-rsa AAAAB3NzaC1yc2EAAAADAQABAAACAQCVyvacu420+SrcwCwnaC7c3pgWbVJtMlUFc0Ot1/l0bWmQ0de4UOAa8I0GqwoLh8BPHbhR5KCQS+Lm9oLxPNW3lh2chY9P1uJHjLOajb9pzcT+9goKRxbP3SwifkSoKhUv1svnSoOJgDVV64k3hX1BzFIanVhzUxeFQlExoc55LsuJm/tbaNulDeltliDvXfot1tltugYtEy5fyZUhikKPtmhhwcJhIyhcATtT5WoYW/uqL6dwo/fceJ0STTGs/ZwReEOObYkMMCyEFqRdeY4CYdd91wZcqf1rJgXHmLEb8qwUxe3F3JUTQXpdNPR2xdG8v3Yaxj69cAes9Uu7kheI1ShADk4/h83x6fVzofOhfYz3GzvxziJqe1xgYsytWTE9VBi0Jea8nNOayQmz12LUJzBG8UzEwTabPtze2C8VnGWkqSgraeBxKehc1D77lQj6jjlga522yBwtSr8DKEV33Ti69iqIFMU36qq6QH0mIt3ZyIK9DJruyqEtE4QclENp1hGV7ofzZ+s+ZV0UA6vwa0lr+ed6bVQaLlMLZUVF8t299ojWU8kKAeNm61cV6DtQhln4u16PFNz0sbtOU3o1nDFjE+WajOizgGurnDSCo3mbQUmoIWpvUSluRpjlBF39riJCqISvPVk9d4NDF0JS2E4gfauxMFB/7ZBRoSZKBw== jeanv@JEAN",
            "region": "us-east-1",
            "tags": null,
            "tags_all": {}
          },
          "sensitive_attributes": [],
          "private": "eyJzY2hlbWFfdmVyc2lvbiI6IjEifQ=="
        }
      ]
    },
    {
      "mode": "managed",
      "type": "aws_launch_template",
      "name": "admin",
      "provider": "provider[\"registry.terraform.io/hashicorp/aws\"]",
      "instances": [
        {
          "schema_version": 1,
          "attributes": {
            "arn": "arn:aws:ec2:us-east-1:452890924396:launch-template/lt-0270aa58361c53123",
            "block_device_mappings": [
              {
                "device_name": "/dev/xvda",
                "ebs": [
                  {
                    "delete_on_termination": "",
                    "encrypted": "",
                    "iops": 0,
                    "kms_key_id": "",
                    "snapshot_id": "",
                    "throughput": 0,
                    "volume_initialization_rate": 0,
                    "volume_size": 20,
                    "volume_type": "gp3"
                  }
                ],
                "no_device": "",
                "virtual_name": ""
              }
            ],
            "capacity_reservation_specification": [],
            "cpu_options": [],
            "credit_specification": [],
            "default_version": 1,
            "description": "",
            "disable_api_stop": false,
            "disable_api_termination": false,
            "ebs_optimized": "",
            "enclave_options": [],
            "hibernation_options": [],
            "iam_instance_profile": [],
            "id": "lt-0270aa58361c53123",
            "image_id": "ami-02ffee2b2e4bc6891",
            "instance_initiated_shutdown_behavior": "",
            "instance_market_options": [],
            "instance_requirements": [],
            "instance_type": "t3.micro",
            "kernel_id": "",
            "key_name": "sibu-qa-key",
            "latest_version": 3,
            "license_specification": [],
            "maintenance_options": [],
            "metadata_options": [],
            "monitoring": [],
            "name": "sibu-qa-admin-lt-20260112022723837800000004",
            "name_prefix": "sibu-qa-admin-lt-",
            "network_interfaces": [
              {
                "associate_carrier_ip_address": "",
                "associate_public_ip_address": "true",
                "connection_tracking_specification": [],
                "delete_on_termination": "",
                "description": "",
                "device_index": 0,
                "ena_srd_specification": [],
                "interface_type": "",
                "ipv4_address_count": 0,
                "ipv4_addresses": [],
                "ipv4_prefix_count": 0,
                "ipv4_prefixes": [],
                "ipv6_address_count": 0,
                "ipv6_addresses": [],
                "ipv6_prefix_count": 0,
                "ipv6_prefixes": [],
                "network_card_index": 0,
                "network_interface_id": "",
                "primary_ipv6": "",
                "private_ip_address": "",
                "security_groups": [
                  "sg-00627b93064774f0d"
                ],
                "subnet_id": ""
              }
            ],
            "placement": [],
            "private_dns_name_options": [],
            "ram_disk_id": "",
            "region": "us-east-1",
            "security_group_names": [],
            "tag_specifications": [
              {
                "resource_type": "instance",
                "tags": {
                  "App": "sibu",
                  "Env": "qa",
                  "Name": "sibu-qa-admin",
                  "Svc": "admin"
                }
              }
            ],
            "tags": {},
            "tags_all": {},
            "update_default_version": null,
            "user_data": "IyEvYmluL2Jhc2gKc2V0IC1ldXgKCmRuZiB1cGRhdGUgLXkKZG5mIGluc3RhbGwgLXkgZG9ja2VyIGdpdCBubWFwLW5jYXQKCiMgLS0tLS0tLS0tLS0tLS0tLS0tLS0tLS0tLS0tLS0KIyBTd2FwIChwcmV2ZW50cyBPT00gbG9ja3VwcyBvbiBzbWFsbCBpbnN0YW5jZXMpCiMgLS0tLS0tLS0tLS0tLS0tLS0tLS0tLS0tLS0tLS0KaWYgISBzd2Fwb24gLS1zaG93IHwgZ3JlcCAtcSAiXi9zd2FwZmlsZSI7IHRoZW4KICAoZmFsbG9jYXRlIC1sIDFHIC9zd2FwZmlsZSB8fCBkZCBpZj0vZGV2L3plcm8gb2Y9L3N3YXBmaWxlIGJzPTFNIGNvdW50PTEwMjQpID4vZGV2L251bGwgMj4mMSB8fCB0cnVlCiAgY2htb2QgNjAwIC9zd2FwZmlsZSB8fCB0cnVlCiAgbWtzd2FwIC9zd2FwZmlsZSA+L2Rldi9udWxsIDI+JjEgfHwgdHJ1ZQogIHN3YXBvbiAvc3dhcGZpbGUgfHwgdHJ1ZQogIGdyZXAgLXEgIl4vc3dhcGZpbGUgIiAvZXRjL2ZzdGFiIDI+L2Rldi9udWxsIHx8IGVjaG8gIi9zd2FwZmlsZSBzd2FwIHN3YXAgZGVmYXVsdHMgMCAwIiA+PiAvZXRjL2ZzdGFiCmZpCgpncm91cGFkZCAtZiBkb2NrZXIgfHwgdHJ1ZQpzeXN0ZW1jdGwgZW5hYmxlIGRvY2tlcgpzeXN0ZW1jdGwgc3RhcnQgZG9ja2VyCnVzZXJtb2QgLWFHIGRvY2tlciBlYzItdXNlciB8fCB0cnVlCmNobW9kIDY2NiAvdmFyL3J1bi9kb2NrZXIuc29jayB8fCB0cnVlCnNsZWVwIDUKCmRvY2tlciBuZXR3b3JrIGNyZWF0ZSBzaWJ1LW5ldCB8fCB0cnVlCgojIC0tLSBEQVRBIGVuZHBvaW50cyAoREFUQSBpbnN0YW5jZSBwcml2YXRlIElQKSAtLS0KREFUQV9JUD0iMTcyLjMxLjg5LjIzMCIKCkRBVEFCQVNFX1VSTD0icG9zdGdyZXNxbCthc3luY3BnOi8vc2lidTpzaWJ1QCREQVRBX0lQOjU0MzIvc2lidSIKREJfSE9TVD0iJERBVEFfSVAiCkRCX1BPUlQ9IjU0MzIiCkRCX1VTRVI9InNpYnUiCkRCX1BBU1NXT1JEPSJzaWJ1IgpEQl9OQU1FPSJzaWJ1IgoKIyAtLS0gV2FpdCBmb3IgUG9zdGdyZXMgLS0tCmVjaG8gIldhaXRpbmcgZm9yIFBvc3RncmVzIGF0ICREQVRBX0lQOjU0MzIgLi4uIgpmb3IgaSBpbiB7MS4uOTB9OyBkbwogIGlmIG5jIC16ICIkREFUQV9JUCIgNTQzMiA+L2Rldi9udWxsIDI+JjE7IHRoZW4KICAgIGVjaG8gIlBvc3RncmVzIHJlYWNoYWJsZSIKICAgIGJyZWFrCiAgZmkKICBlY2hvICJQb3N0Z3JlcyBub3QgcmVhZHkgeWV0ICgkaSkuLi4iCiAgc2xlZXAgMgpkb25lCgojIC0tLSBXYWl0IGZvciBLYWZrYSBtZXRhZGF0YSAtLS0KZWNobyAiV2FpdGluZyBmb3IgS2Fma2EgYXQgJERBVEFfSVA6MjkwOTIgLi4uIgpmb3IgaSBpbiB7MS4uOTB9OyBkbwogIGlmIG5jIC16ICIkREFUQV9JUCIgMjkwOTIgPi9kZXYvbnVsbCAyPiYxOyB0aGVuCiAgICBlY2hvICJLYWZrYSBwb3J0IHJlYWNoYWJsZSIKICAgIGJyZWFrCiAgZmkKICBlY2hvICJLYWZrYSBub3QgcmVhZHkgeWV0ICgkaSkuLi4iCiAgc2xlZXAgMgpkb25lCnNsZWVwIDEwCgpkb2NrZXIgcHVsbCBqY2Nhc2F2L3NpYnUtYWRtaW46cWEKZG9ja2VyIHJtIC1mIHNpYnUtYWRtaW4gfHwgdHJ1ZQoKZG9ja2VyIHJ1biAtZCAtLW5hbWUgc2lidS1hZG1pbiAtLXJlc3RhcnQgYWx3YXlzIFwKICAtcCA4MDA2OjgwMDAgXAogIC0tbmV0d29yayBzaWJ1LW5ldCBcCiAgLS1hZGQtaG9zdCBwb3N0Z3JlczokREFUQV9JUCBcCiAgLS1hZGQtaG9zdCBkYjokREFUQV9JUCBcCiAgLS1hZGQtaG9zdCBzaWJ1LXBvc3RncmVzOiREQVRBX0lQIFwKICAtLWFkZC1ob3N0IGthZmthOiREQVRBX0lQIFwKICAtZSBEQVRBQkFTRV9VUkw9IiREQVRBQkFTRV9VUkwiIFwKICAtZSBEQl9IT1NUPSIkREJfSE9TVCIgXAogIC1lIERCX1BPUlQ9IiREQl9QT1JUIiBcCiAgLWUgREJfVVNFUj0iJERCX1VTRVIiIFwKICAtZSBEQl9QQVNTV09SRD0iJERCX1BBU1NXT1JEIiBcCiAgLWUgREJfTkFNRT0iJERCX05BTUUiIFwKICBqY2Nhc2F2L3NpYnUtYWRtaW46cWEKCiMgUXVpY2sgbG9jYWwgY2hlY2sKc2xlZXAgMwpjdXJsIC1zUyBodHRwOi8vMTI3LjAuMC4xOjgwMDYvaGVhbHRoIHx8IHRydWUK",
            "vpc_security_group_ids": []
          },
          "sensitive_attributes": [],
          "private": "eyJzY2hlbWFfdmVyc2lvbiI6IjEifQ==",
          "dependencies": [
            "aws_instance.data",
            "aws_key_pair.qa_sibu",
            "aws_security_group.alb_sg",
            "aws_security_group.sibu_sg",
            "data.aws_ami.al2023",
            "data.aws_subnets.default",
            "data.aws_vpc.default"
          ]
        }
      ]
    },
    {
      "mode": "managed",
      "type": "aws_launch_template",
      "name": "appointments",
      "provider": "provider[\"registry.terraform.io/hashicorp/aws\"]",
      "instances": [
        {
          "schema_version": 1,
          "attributes": {
            "arn": "arn:aws:ec2:us-east-1:452890924396:launch-template/lt-056fb90a7ce4fdc03",
            "block_device_mappings": [
              {
                "device_name": "/dev/xvda",
                "ebs": [
                  {
                    "delete_on_termination": "",
                    "encrypted": "",
                    "iops": 0,
                    "kms_key_id": "",
                    "snapshot_id": "",
                    "throughput": 0,
                    "volume_initialization_rate": 0,
                    "volume_size": 20,
                    "volume_type": "gp3"
                  }
                ],
                "no_device": "",
                "virtual_name": ""
              }
            ],
            "capacity_reservation_specification": [],
            "cpu_options": [],
            "credit_specification": [],
            "default_version": 1,
            "description": "",
            "disable_api_stop": false,
            "disable_api_termination": false,
            "ebs_optimized": "",
            "enclave_options": [],
            "hibernation_options": [],
            "iam_instance_profile": [],
            "id": "lt-056fb90a7ce4fdc03",
            "image_id": "ami-02ffee2b2e4bc6891",
            "instance_initiated_shutdown_behavior": "",
            "instance_market_options": [],
            "instance_requirements": [],
            "instance_type": "t3.micro",
            "kernel_id": "",
            "key_name": "sibu-qa-key",
            "latest_version": 3,
            "license_specification": [],
            "maintenance_options": [],
            "metadata_options": [],
            "monitoring": [],
            "name": "sibu-qa-appointments-lt-2026011202272384930000000c",
            "name_prefix": "sibu-qa-appointments-lt-",
            "network_interfaces": [
              {
                "associate_carrier_ip_address": "",
                "associate_public_ip_address": "true",
                "connection_tracking_specification": [],
                "delete_on_termination": "",
                "description": "",
                "device_index": 0,
                "ena_srd_specification": [],
                "interface_type": "",
                "ipv4_address_count": 0,
                "ipv4_addresses": [],
                "ipv4_prefix_count": 0,
                "ipv4_prefixes": [],
                "ipv6_address_count": 0,
                "ipv6_addresses": [],
                "ipv6_prefix_count": 0,
                "ipv6_prefixes": [],
                "network_card_index": 0,
                "network_interface_id": "",
                "primary_ipv6": "",
                "private_ip_address": "",
                "security_groups": [
                  "sg-00627b93064774f0d"
                ],
                "subnet_id": ""
              }
            ],
            "placement": [],
            "private_dns_name_options": [],
            "ram_disk_id": "",
            "region": "us-east-1",
            "security_group_names": [],
            "tag_specifications": [
              {
                "resource_type": "instance",
                "tags": {
                  "App": "sibu",
                  "Env": "qa",
                  "Name": "sibu-qa-appointments",
                  "Svc": "appointments"
                }
              }
            ],
            "tags": {},
            "tags_all": {},
            "update_default_version": null,
            "user_data": "IyEvYmluL2Jhc2gKc2V0IC1ldXgKCmRuZiB1cGRhdGUgLXkKZG5mIGluc3RhbGwgLXkgZG9ja2VyIGdpdCBubWFwLW5jYXQKCiMgLS0tLS0tLS0tLS0tLS0tLS0tLS0tLS0tLS0tLS0KIyBTd2FwIChwcmV2ZW50cyBPT00gbG9ja3VwcyBvbiBzbWFsbCBpbnN0YW5jZXMpCiMgLS0tLS0tLS0tLS0tLS0tLS0tLS0tLS0tLS0tLS0KaWYgISBzd2Fwb24gLS1zaG93IHwgZ3JlcCAtcSAiXi9zd2FwZmlsZSI7IHRoZW4KICAoZmFsbG9jYXRlIC1sIDFHIC9zd2FwZmlsZSB8fCBkZCBpZj0vZGV2L3plcm8gb2Y9L3N3YXBmaWxlIGJzPTFNIGNvdW50PTEwMjQpID4vZGV2L251bGwgMj4mMSB8fCB0cnVlCiAgY2htb2QgNjAwIC9zd2FwZmlsZSB8fCB0cnVlCiAgbWtzd2FwIC9zd2FwZmlsZSA+L2Rldi9udWxsIDI+JjEgfHwgdHJ1ZQogIHN3YXBvbiAvc3dhcGZpbGUgfHwgdHJ1ZQogIGdyZXAgLXEgIl4vc3dhcGZpbGUgIiAvZXRjL2ZzdGFiIDI+L2Rldi9udWxsIHx8IGVjaG8gIi9zd2FwZmlsZSBzd2FwIHN3YXAgZGVmYXVsdHMgMCAwIiA+PiAvZXRjL2ZzdGFiCmZpCgpncm91cGFkZCAtZiBkb2NrZXIgfHwgdHJ1ZQpzeXN0ZW1jdGwgZW5hYmxlIGRvY2tlcgpzeXN0ZW1jdGwgc3RhcnQgZG9ja2VyCnVzZXJtb2QgLWFHIGRvY2tlciBlYzItdXNlciB8fCB0cnVlCmNobW9kIDY2NiAvdmFyL3J1bi9kb2NrZXIuc29jayB8fCB0cnVlCnNsZWVwIDUKCmRvY2tlciBuZXR3b3JrIGNyZWF0ZSBzaWJ1LW5ldCB8fCB0cnVlCgojIC0tLSBEQVRBIGVuZHBvaW50cyAoREFUQSBpbnN0YW5jZSBwcml2YXRlIElQKSAtLS0KREFUQV9JUD0iMTcyLjMxLjg5LjIzMCIKCkRBVEFCQVNFX1VSTD0icG9zdGdyZXNxbCthc3luY3BnOi8vc2lidTpzaWJ1QCREQVRBX0lQOjU0MzIvc2lidSIKIyBBcHBvaW50bWVudHMgc2VydmljZSB1c2VzIFBPU1RHUkVTX0RTTiAoc2V0dGluZ3MuUE9TVEdSRVNfRFNOKQpQT1NUR1JFU19EU049IiREQVRBQkFTRV9VUkwiCkRCX0hPU1Q9IiREQVRBX0lQIgpEQl9QT1JUPSI1NDMyIgpEQl9VU0VSPSJzaWJ1IgpEQl9QQVNTV09SRD0ic2lidSIKREJfTkFNRT0ic2lidSIKCiMgLS0tIFdhaXQgZm9yIFBvc3RncmVzIC0tLQplY2hvICJXYWl0aW5nIGZvciBQb3N0Z3JlcyBhdCAkREFUQV9JUDo1NDMyIC4uLiIKZm9yIGkgaW4gezEuLjkwfTsgZG8KICBpZiBuYyAteiAiJERBVEFfSVAiIDU0MzIgPi9kZXYvbnVsbCAyPiYxOyB0aGVuCiAgICBlY2hvICJQb3N0Z3JlcyByZWFjaGFibGUiCiAgICBicmVhawogIGZpCiAgZWNobyAiUG9zdGdyZXMgbm90IHJlYWR5IHlldCAoJGkpLi4uIgogIHNsZWVwIDIKZG9uZQoKIyAtLS0gV2FpdCBmb3IgS2Fma2EgbWV0YWRhdGEgLS0tCmVjaG8gIldhaXRpbmcgZm9yIEthZmthIGF0ICREQVRBX0lQOjI5MDkyIC4uLiIKZm9yIGkgaW4gezEuLjkwfTsgZG8KICBpZiBuYyAteiAiJERBVEFfSVAiIDI5MDkyID4vZGV2L251bGwgMj4mMTsgdGhlbgogICAgZWNobyAiS2Fma2EgcG9ydCByZWFjaGFibGUiCiAgICBicmVhawogIGZpCiAgZWNobyAiS2Fma2Egbm90IHJlYWR5IHlldCAoJGkpLi4uIgogIHNsZWVwIDIKZG9uZQpzbGVlcCAxMAoKZG9ja2VyIHB1bGwgamNjYXNhdi9zaWJ1LWFwcG9pbnRtZW50czpxYQpkb2NrZXIgcm0gLWYgc2lidS1hcHBvaW50bWVudHMgfHwgdHJ1ZQoKZG9ja2VyIHJ1biAtZCAtLW5hbWUgc2lidS1hcHBvaW50bWVudHMgLS1yZXN0YXJ0IGFsd2F5cyBcCiAgLXAgODAwMzo4MDA1IFwKICAtLW5ldHdvcmsgc2lidS1uZXQgXAogIC0tYWRkLWhvc3QgcG9zdGdyZXM6JERBVEFfSVAgXAogIC0tYWRkLWhvc3QgZGI6JERBVEFfSVAgXAogIC0tYWRkLWhvc3Qgc2lidS1wb3N0Z3JlczokREFUQV9JUCBcCiAgLS1hZGQtaG9zdCBrYWZrYTokREFUQV9JUCBcCiAgLWUgUE9TVEdSRVNfRFNOPSIkUE9TVEdSRVNfRFNOIiBcCiAgLWUgREFUQUJBU0VfVVJMPSIkREFUQUJBU0VfVVJMIiBcCiAgLWUgREJfSE9TVD0iJERCX0hPU1QiIFwKICAtZSBEQl9QT1JUPSIkREJfUE9SVCIgXAogIC1lIERCX1VTRVI9IiREQl9VU0VSIiBcCiAgLWUgREJfUEFTU1dPUkQ9IiREQl9QQVNTV09SRCIgXAogIC1lIERCX05BTUU9IiREQl9OQU1FIiBcCiAgLWUgS0FGS0FfQk9PVFNUUkFQX1NFUlZFUlM9IiREQVRBX0lQOjI5MDkyIiBcCiAgLWUgS0FGS0FfQk9PVFNUUkFQPSIkREFUQV9JUDoyOTA5MiIgXAogIC1lIEtBRktBX0JST0tFUj0iJERBVEFfSVA6MjkwOTIiIFwKICAtZSBLQUZLQV9VUkw9IiREQVRBX0lQOjI5MDkyIiBcCiAgamNjYXNhdi9zaWJ1LWFwcG9pbnRtZW50czpxYQoKIyBRdWljayBsb2NhbCBjaGVjawpzbGVlcCAzCmN1cmwgLXNTIC1JIGh0dHA6Ly8xMjcuMC4wLjE6ODAwMy9kb2NzIHx8IHRydWUKY3VybCAtc1MgaHR0cDovLzEyNy4wLjAuMTo4MDAzL2hlYWx0aCB8fCB0cnVlCg==",
            "vpc_security_group_ids": []
          },
          "sensitive_attributes": [],
          "private": "eyJzY2hlbWFfdmVyc2lvbiI6IjEifQ==",
          "dependencies": [
            "aws_instance.data",
            "aws_key_pair.qa_sibu",
            "aws_security_group.alb_sg",
            "aws_security_group.sibu_sg",
            "data.aws_ami.al2023",
            "data.aws_subnets.default",
            "data.aws_vpc.default"
          ]
        }
      ]
    },
    {
      "mode": "managed",
      "type": "aws_launch_template",
      "name": "audit",
      "provider": "provider[\"registry.terraform.io/hashicorp/aws\"]",
      "instances": [
        {
          "schema_version": 1,
          "attributes": {
            "arn": "arn:aws:ec2:us-east-1:452890924396:launch-template/lt-09a0e77514712f153",
            "block_device_mappings": [
              {
                "device_name": "/dev/xvda",
                "ebs": [
                  {
                    "delete_on_termination": "",
                    "encrypted": "",
                    "iops": 0,
                    "kms_key_id": "",
                    "snapshot_id": "",
                    "throughput": 0,
                    "volume_initialization_rate": 0,
                    "volume_size": 20,
                    "volume_type": "gp3"
                  }
                ],
                "no_device": "",
                "virtual_name": ""
              }
            ],
            "capacity_reservation_specification": [],
            "cpu_options": [],
            "credit_specification": [],
            "default_version": 1,
            "description": "",
            "disable_api_stop": false,
            "disable_api_termination": false,
            "ebs_optimized": "",
            "enclave_options": [],
            "hibernation_options": [],
            "iam_instance_profile": [],
            "id": "lt-09a0e77514712f153",
            "image_id": "ami-02ffee2b2e4bc6891",
            "instance_initiated_shutdown_behavior": "",
            "instance_market_options": [],
            "instance_requirements": [],
            "instance_type": "t3.micro",
            "kernel_id": "",
            "key_name": "sibu-qa-key",
            "latest_version": 3,
            "license_specification": [],
            "maintenance_options": [],
            "metadata_options": [],
            "monitoring": [],
            "name": "sibu-qa-audit-lt-2026011202272384930000000a",
            "name_prefix": "sibu-qa-audit-lt-",
            "network_interfaces": [
              {
                "associate_carrier_ip_address": "",
                "associate_public_ip_address": "true",
                "connection_tracking_specification": [],
                "delete_on_termination": "",
                "description": "",
                "device_index": 0,
                "ena_srd_specification": [],
                "interface_type": "",
                "ipv4_address_count": 0,
                "ipv4_addresses": [],
                "ipv4_prefix_count": 0,
                "ipv4_prefixes": [],
                "ipv6_address_count": 0,
                "ipv6_addresses": [],
                "ipv6_prefix_count": 0,
                "ipv6_prefixes": [],
                "network_card_index": 0,
                "network_interface_id": "",
                "primary_ipv6": "",
                "private_ip_address": "",
                "security_groups": [
                  "sg-00627b93064774f0d"
                ],
                "subnet_id": ""
              }
            ],
            "placement": [],
            "private_dns_name_options": [],
            "ram_disk_id": "",
            "region": "us-east-1",
            "security_group_names": [],
            "tag_specifications": [
              {
                "resource_type": "instance",
                "tags": {
                  "App": "sibu",
                  "Env": "qa",
                  "Name": "sibu-qa-audit",
                  "Svc": "audit"
                }
              }
            ],
            "tags": {},
            "tags_all": {},
            "update_default_version": null,
            "user_data": "IyEvYmluL2Jhc2gKc2V0IC1ldXgKCmRuZiB1cGRhdGUgLXkKZG5mIGluc3RhbGwgLXkgZG9ja2VyIGdpdCBubWFwLW5jYXQKCiMgLS0tLS0tLS0tLS0tLS0tLS0tLS0tLS0tLS0tLS0KIyBTd2FwIChwcmV2ZW50cyBPT00gbG9ja3VwcyBvbiBzbWFsbCBpbnN0YW5jZXMpCiMgLS0tLS0tLS0tLS0tLS0tLS0tLS0tLS0tLS0tLS0KaWYgISBzd2Fwb24gLS1zaG93IHwgZ3JlcCAtcSAiXi9zd2FwZmlsZSI7IHRoZW4KICAoZmFsbG9jYXRlIC1sIDFHIC9zd2FwZmlsZSB8fCBkZCBpZj0vZGV2L3plcm8gb2Y9L3N3YXBmaWxlIGJzPTFNIGNvdW50PTEwMjQpID4vZGV2L251bGwgMj4mMSB8fCB0cnVlCiAgY2htb2QgNjAwIC9zd2FwZmlsZSB8fCB0cnVlCiAgbWtzd2FwIC9zd2FwZmlsZSA+L2Rldi9udWxsIDI+JjEgfHwgdHJ1ZQogIHN3YXBvbiAvc3dhcGZpbGUgfHwgdHJ1ZQogIGdyZXAgLXEgIl4vc3dhcGZpbGUgIiAvZXRjL2ZzdGFiIDI+L2Rldi9udWxsIHx8IGVjaG8gIi9zd2FwZmlsZSBzd2FwIHN3YXAgZGVmYXVsdHMgMCAwIiA+PiAvZXRjL2ZzdGFiCmZpCgpncm91cGFkZCAtZiBkb2NrZXIgfHwgdHJ1ZQpzeXN0ZW1jdGwgZW5hYmxlIGRvY2tlcgpzeXN0ZW1jdGwgc3RhcnQgZG9ja2VyCnVzZXJtb2QgLWFHIGRvY2tlciBlYzItdXNlciB8fCB0cnVlCmNobW9kIDY2NiAvdmFyL3J1bi9kb2NrZXIuc29jayB8fCB0cnVlCnNsZWVwIDUKCmRvY2tlciBuZXR3b3JrIGNyZWF0ZSBzaWJ1LW5ldCB8fCB0cnVlCgojIC0tLSBEQVRBIGVuZHBvaW50cyAoREFUQSBpbnN0YW5jZSBwcml2YXRlIElQKSAtLS0KREFUQV9JUD0iMTcyLjMxLjg5LjIzMCIKCkRBVEFCQVNFX1VSTD0icG9zdGdyZXNxbCthc3luY3BnOi8vc2lidTpzaWJ1QCREQVRBX0lQOjU0MzIvc2lidSIKREJfSE9TVD0iJERBVEFfSVAiCkRCX1BPUlQ9IjU0MzIiCkRCX1VTRVI9InNpYnUiCkRCX1BBU1NXT1JEPSJzaWJ1IgpEQl9OQU1FPSJzaWJ1IgoKIyAtLS0gV2FpdCBmb3IgUG9zdGdyZXMgLS0tCmVjaG8gIldhaXRpbmcgZm9yIFBvc3RncmVzIGF0ICREQVRBX0lQOjU0MzIgLi4uIgpmb3IgaSBpbiB7MS4uOTB9OyBkbwogIGlmIG5jIC16ICIkREFUQV9JUCIgNTQzMiA+L2Rldi9udWxsIDI+JjE7IHRoZW4KICAgIGVjaG8gIlBvc3RncmVzIHJlYWNoYWJsZSIKICAgIGJyZWFrCiAgZmkKICBlY2hvICJQb3N0Z3JlcyBub3QgcmVhZHkgeWV0ICgkaSkuLi4iCiAgc2xlZXAgMgpkb25lCgojIC0tLSBXYWl0IGZvciBLYWZrYSBtZXRhZGF0YSAtLS0KZWNobyAiV2FpdGluZyBmb3IgS2Fma2EgYXQgJERBVEFfSVA6MjkwOTIgLi4uIgpmb3IgaSBpbiB7MS4uOTB9OyBkbwogIGlmIG5jIC16ICIkREFUQV9JUCIgMjkwOTIgPi9kZXYvbnVsbCAyPiYxOyB0aGVuCiAgICBlY2hvICJLYWZrYSBwb3J0IHJlYWNoYWJsZSIKICAgIGJyZWFrCiAgZmkKICBlY2hvICJLYWZrYSBub3QgcmVhZHkgeWV0ICgkaSkuLi4iCiAgc2xlZXAgMgpkb25lCnNsZWVwIDEwCgojIyMgLS0tLS0tLS0tLS0tLS0tLS0tLS0tLS0tLS0tLS0tLS0tLS0tLS0tLS0tLS0tLS0tLS0tLS0tLS0tLS0tCiMjIyBBdWRpdC1sb2cgZGVwZW5kcyBvbjogTW9uZ29EQiArIFJhYmJpdE1RICsgTVFUVAojIyMgSW4gUUEgd2UgcnVuIHRoZXNlIGJyb2tlcnMgbG9jYWxseSBvbiBUSElTIGluc3RhbmNlIChub3Qgb24gREFUQSkKIyMjIC0tLS0tLS0tLS0tLS0tLS0tLS0tLS0tLS0tLS0tLS0tLS0tLS0tLS0tLS0tLS0tLS0tLS0tLS0tLS0tLQoKIyBNb25nbwpkb2NrZXIgcm0gLWYgc2lidS1tb25nbyB8fCB0cnVlCmRvY2tlciBydW4gLWQgLS1uYW1lIHNpYnUtbW9uZ28gLS1yZXN0YXJ0IGFsd2F5cyBcCiAgLS1uZXR3b3JrIHNpYnUtbmV0IFwKICBtb25nbzo3CgojIFJhYmJpdE1RCmRvY2tlciBybSAtZiBzaWJ1LXJhYmJpdCB8fCB0cnVlCmRvY2tlciBydW4gLWQgLS1uYW1lIHNpYnUtcmFiYml0IC0tcmVzdGFydCBhbHdheXMgXAogIC0tbmV0d29yayBzaWJ1LW5ldCBcCiAgcmFiYml0bXE6MwoKIyBNUVRUIChNb3NxdWl0dG8pCmRvY2tlciBybSAtZiBzaWJ1LW1xdHQgfHwgdHJ1ZQpkb2NrZXIgcnVuIC1kIC0tbmFtZSBzaWJ1LW1xdHQgLS1yZXN0YXJ0IGFsd2F5cyBcCiAgLS1uZXR3b3JrIHNpYnUtbmV0IFwKICBlY2xpcHNlLW1vc3F1aXR0bzoyCgpzbGVlcCA1CgojIC0tLSBQdWxsICYgUnVuIGF1ZGl0LWxvZyBzZXJ2aWNlIChpbWFnZSBuYW1lIGluIERvY2tlckh1YiB1c2VzIHVuZGVyc2NvcmUpIC0tLQpkb2NrZXIgcHVsbCBqY2Nhc2F2L3NpYnUtYXVkaXRfbG9nOnFhCmRvY2tlciBybSAtZiBzaWJ1LWF1ZGl0IHx8IHRydWUKCiMgTk9URTogdGhpcyBpbWFnZSBydW5zIFV2aWNvcm4gb24gcG9ydCA4MDA2CmRvY2tlciBydW4gLWQgLS1uYW1lIHNpYnUtYXVkaXQgLS1yZXN0YXJ0IGFsd2F5cyBcCiAgLXAgODAwNDo4MDA2IFwKICAtLW5ldHdvcmsgc2lidS1uZXQgXAogIC0tYWRkLWhvc3QgcG9zdGdyZXM6JERBVEFfSVAgXAogIC0tYWRkLWhvc3QgZGI6JERBVEFfSVAgXAogIC0tYWRkLWhvc3Qgc2lidS1wb3N0Z3JlczokREFUQV9JUCBcCiAgLS1hZGQtaG9zdCBrYWZrYTokREFUQV9JUCBcCiAgLWUgREFUQUJBU0VfVVJMPSIkREFUQUJBU0VfVVJMIiBcCiAgLWUgREJfSE9TVD0iJERCX0hPU1QiIFwKICAtZSBEQl9QT1JUPSIkREJfUE9SVCIgXAogIC1lIERCX1VTRVI9IiREQl9VU0VSIiBcCiAgLWUgREJfUEFTU1dPUkQ9IiREQl9QQVNTV09SRCIgXAogIC1lIERCX05BTUU9IiREQl9OQU1FIiBcCiAgLWUgS0FGS0FfQk9PVFNUUkFQPSIkREFUQV9JUDoyOTA5MiIgXAogIC1lIFJBQkJJVE1RX1VSTD0iYW1xcDovL2d1ZXN0Omd1ZXN0QHNpYnUtcmFiYml0OjU2NzIvIiBcCiAgLWUgTU9OR09fVVJJPSJtb25nb2RiOi8vc2lidS1tb25nbzoyNzAxNyIgXAogIC1lIE1RVFRfQlJPS0VSPSJzaWJ1LW1xdHQiIFwKICAtZSBNUVRUX1BPUlQ9IjE4ODMiIFwKICBqY2Nhc2F2L3NpYnUtYXVkaXRfbG9nOnFhCgojIFF1aWNrIGxvY2FsIGNoZWNrCnNsZWVwIDMKY3VybCAtc1MgLUkgaHR0cDovLzEyNy4wLjAuMTo4MDA0L2RvY3MgfHwgdHJ1ZQo=",
            "vpc_security_group_ids": []
          },
          "sensitive_attributes": [],
          "private": "eyJzY2hlbWFfdmVyc2lvbiI6IjEifQ==",
          "dependencies": [
            "aws_instance.data",
            "aws_key_pair.qa_sibu",
            "aws_security_group.alb_sg",
            "aws_security_group.sibu_sg",
            "data.aws_ami.al2023",
            "data.aws_subnets.default",
            "data.aws_vpc.default"
          ]
        }
      ]
    },
    {
      "mode": "managed",
      "type": "aws_launch_template",
      "name": "auth",
      "provider": "provider[\"registry.terraform.io/hashicorp/aws\"]",
      "instances": [
        {
          "schema_version": 1,
          "attributes": {
            "arn": "arn:aws:ec2:us-east-1:452890924396:launch-template/lt-0c5fb0b7e203502af",
            "block_device_mappings": [
              {
                "device_name": "/dev/xvda",
                "ebs": [
                  {
                    "delete_on_termination": "",
                    "encrypted": "",
                    "iops": 0,
                    "kms_key_id": "",
                    "snapshot_id": "",
                    "throughput": 0,
                    "volume_initialization_rate": 0,
                    "volume_size": 20,
                    "volume_type": "gp3"
                  }
                ],
                "no_device": "",
                "virtual_name": ""
              }
            ],
            "capacity_reservation_specification": [],
            "cpu_options": [],
            "credit_specification": [],
            "default_version": 1,
            "description": "",
            "disable_api_stop": false,
            "disable_api_termination": false,
            "ebs_optimized": "",
            "enclave_options": [],
            "hibernation_options": [],
            "iam_instance_profile": [],
            "id": "lt-0c5fb0b7e203502af",
            "image_id": "ami-02ffee2b2e4bc6891",
            "instance_initiated_shutdown_behavior": "",
            "instance_market_options": [],
            "instance_requirements": [],
            "instance_type": "t3.micro",
            "kernel_id": "",
            "key_name": "sibu-qa-key",
            "latest_version": 3,
            "license_specification": [],
            "maintenance_options": [],
            "metadata_options": [],
            "monitoring": [],
            "name": "sibu-qa-auth-lt-2026011202272385140000000e",
            "name_prefix": "sibu-qa-auth-lt-",
            "network_interfaces": [
              {
                "associate_carrier_ip_address": "",
                "associate_public_ip_address": "true",
                "connection_tracking_specification": [],
                "delete_on_termination": "",
                "description": "",
                "device_index": 0,
                "ena_srd_specification": [],
                "interface_type": "",
                "ipv4_address_count": 0,
                "ipv4_addresses": [],
                "ipv4_prefix_count": 0,
                "ipv4_prefixes": [],
                "ipv6_address_count": 0,
                "ipv6_addresses": [],
                "ipv6_prefix_count": 0,
                "ipv6_prefixes": [],
                "network_card_index": 0,
                "network_interface_id": "",
                "primary_ipv6": "",
                "private_ip_address": "",
                "security_groups": [
                  "sg-00627b93064774f0d"
                ],
                "subnet_id": ""
              }
            ],
            "placement": [],
            "private_dns_name_options": [],
            "ram_disk_id": "",
            "region": "us-east-1",
            "security_group_names": [],
            "tag_specifications": [
              {
                "resource_type": "instance",
                "tags": {
                  "App": "sibu",
                  "Env": "qa",
                  "Name": "sibu-qa-auth",
                  "Svc": "auth"
                }
              }
            ],
            "tags": {},
            "tags_all": {},
            "update_default_version": null,
            "user_data": "IyEvYmluL2Jhc2gKc2V0IC1ldXgKCmRuZiB1cGRhdGUgLXkKZG5mIGluc3RhbGwgLXkgZG9ja2VyIGdpdCBubWFwLW5jYXQKCiMgLS0tLS0tLS0tLS0tLS0tLS0tLS0tLS0tLS0tLS0KIyBTd2FwIChwcmV2ZW50cyBPT00gbG9ja3VwcyBvbiBzbWFsbCBpbnN0YW5jZXMpCiMgLS0tLS0tLS0tLS0tLS0tLS0tLS0tLS0tLS0tLS0KaWYgISBzd2Fwb24gLS1zaG93IHwgZ3JlcCAtcSAiXi9zd2FwZmlsZSI7IHRoZW4KICAoZmFsbG9jYXRlIC1sIDFHIC9zd2FwZmlsZSB8fCBkZCBpZj0vZGV2L3plcm8gb2Y9L3N3YXBmaWxlIGJzPTFNIGNvdW50PTEwMjQpID4vZGV2L251bGwgMj4mMSB8fCB0cnVlCiAgY2htb2QgNjAwIC9zd2FwZmlsZSB8fCB0cnVlCiAgbWtzd2FwIC9zd2FwZmlsZSA+L2Rldi9udWxsIDI+JjEgfHwgdHJ1ZQogIHN3YXBvbiAvc3dhcGZpbGUgfHwgdHJ1ZQogIGdyZXAgLXEgIl4vc3dhcGZpbGUgIiAvZXRjL2ZzdGFiIDI+L2Rldi9udWxsIHx8IGVjaG8gIi9zd2FwZmlsZSBzd2FwIHN3YXAgZGVmYXVsdHMgMCAwIiA+PiAvZXRjL2ZzdGFiCmZpCgpncm91cGFkZCAtZiBkb2NrZXIgfHwgdHJ1ZQpzeXN0ZW1jdGwgZW5hYmxlIGRvY2tlcgpzeXN0ZW1jdGwgc3RhcnQgZG9ja2VyCnVzZXJtb2QgLWFHIGRvY2tlciBlYzItdXNlciB8fCB0cnVlCmNobW9kIDY2NiAvdmFyL3J1bi9kb2NrZXIuc29jayB8fCB0cnVlCnNsZWVwIDUKCmRvY2tlciBuZXR3b3JrIGNyZWF0ZSBzaWJ1LW5ldCB8fCB0cnVlCgojIC0tLSBEQVRBIGVuZHBvaW50cyAoREFUQSBpbnN0YW5jZSBwcml2YXRlIElQKSAtLS0KREFUQV9JUD0iMTcyLjMxLjg5LjIzMCIKCkRBVEFCQVNFX1VSTD0icG9zdGdyZXNxbCthc3luY3BnOi8vc2lidTpzaWJ1QCREQVRBX0lQOjU0MzIvc2lidSIKREJfSE9TVD0iJERBVEFfSVAiCkRCX1BPUlQ9IjU0MzIiCkRCX1VTRVI9InNpYnUiCkRCX1BBU1NXT1JEPSJzaWJ1IgpEQl9OQU1FPSJzaWJ1IgoKIyAtLS0gV2FpdCBmb3IgUG9zdGdyZXMgLS0tCmVjaG8gIldhaXRpbmcgZm9yIFBvc3RncmVzIGF0ICREQVRBX0lQOjU0MzIgLi4uIgpmb3IgaSBpbiB7MS4uOTB9OyBkbwogIGlmIG5jIC16ICIkREFUQV9JUCIgNTQzMiA+L2Rldi9udWxsIDI+JjE7IHRoZW4KICAgIGVjaG8gIlBvc3RncmVzIHJlYWNoYWJsZSIKICAgIGJyZWFrCiAgZmkKICBlY2hvICJQb3N0Z3JlcyBub3QgcmVhZHkgeWV0ICgkaSkuLi4iCiAgc2xlZXAgMgpkb25lCgojIC0tLSBXYWl0IGZvciBLYWZrYSBtZXRhZGF0YSAtLS0KZWNobyAiV2FpdGluZyBmb3IgS2Fma2EgYXQgJERBVEFfSVA6MjkwOTIgLi4uIgpmb3IgaSBpbiB7MS4uOTB9OyBkbwogIGlmIG5jIC16ICIkREFUQV9JUCIgMjkwOTIgPi9kZXYvbnVsbCAyPiYxOyB0aGVuCiAgICBlY2hvICJLYWZrYSBwb3J0IHJlYWNoYWJsZSIKICAgIGJyZWFrCiAgZmkKICBlY2hvICJLYWZrYSBub3QgcmVhZHkgeWV0ICgkaSkuLi4iCiAgc2xlZXAgMgpkb25lCnNsZWVwIDEwCgpkb2NrZXIgcHVsbCBqY2Nhc2F2L3NpYnUtYXV0aDpxYQpkb2NrZXIgcm0gLWYgc2lidS1hdXRoIHx8IHRydWUKCmRvY2tlciBydW4gLWQgLS1uYW1lIHNpYnUtYXV0aCAtLXJlc3RhcnQgYWx3YXlzIFwKICAtcCA4MDAwOjgwMDAgXAogIC0tbmV0d29yayBzaWJ1LW5ldCBcCiAgLS1hZGQtaG9zdCBwb3N0Z3JlczokREFUQV9JUCBcCiAgLS1hZGQtaG9zdCBkYjokREFUQV9JUCBcCiAgLS1hZGQtaG9zdCBzaWJ1LXBvc3RncmVzOiREQVRBX0lQIFwKICAtLWFkZC1ob3N0IGthZmthOiREQVRBX0lQIFwKICAtZSBEQVRBQkFTRV9VUkw9IiREQVRBQkFTRV9VUkwiIFwKICAtZSBEQl9IT1NUPSIkREJfSE9TVCIgXAogIC1lIERCX1BPUlQ9IiREQl9QT1JUIiBcCiAgLWUgREJfVVNFUj0iJERCX1VTRVIiIFwKICAtZSBEQl9QQVNTV09SRD0iJERCX1BBU1NXT1JEIiBcCiAgLWUgREJfTkFNRT0iJERCX05BTUUiIFwKICAtZSBLQUZLQV9CT09UU1RSQVBfU0VSVkVSUz0iJERBVEFfSVA6MjkwOTIiIFwKICAtZSBLQUZLQV9CT09UU1RSQVA9IiREQVRBX0lQOjI5MDkyIiBcCiAgLWUgS0FGS0FfQlJPS0VSPSIkREFUQV9JUDoyOTA5MiIgXAogIC1lIEtBRktBX1VSTD0iJERBVEFfSVA6MjkwOTIiIFwKICBqY2Nhc2F2L3NpYnUtYXV0aDpxYQoKIyBRdWljayBsb2NhbCBjaGVjawpzbGVlcCAzCmN1cmwgLXNTIGh0dHA6Ly8xMjcuMC4wLjE6ODAwMC9oZWFsdGggfHwgdHJ1ZQo=",
            "vpc_security_group_ids": []
          },
          "sensitive_attributes": [],
          "private": "eyJzY2hlbWFfdmVyc2lvbiI6IjEifQ==",
          "dependencies": [
            "aws_instance.data",
            "aws_key_pair.qa_sibu",
            "aws_security_group.alb_sg",
            "aws_security_group.sibu_sg",
            "data.aws_ami.al2023",
            "data.aws_subnets.default",
            "data.aws_vpc.default"
          ]
        }
      ]
    },
    {
      "mode": "managed",
      "type": "aws_launch_template",
      "name": "cases",
      "provider": "provider[\"registry.terraform.io/hashicorp/aws\"]",
      "instances": [
        {
          "schema_version": 1,
          "attributes": {
            "arn": "arn:aws:ec2:us-east-1:452890924396:launch-template/lt-00adb10bfde94c639",
            "block_device_mappings": [
              {
                "device_name": "/dev/xvda",
                "ebs": [
                  {
                    "delete_on_termination": "",
                    "encrypted": "",
                    "iops": 0,
                    "kms_key_id": "",
                    "snapshot_id": "",
                    "throughput": 0,
                    "volume_initialization_rate": 0,
                    "volume_size": 20,
                    "volume_type": "gp3"
                  }
                ],
                "no_device": "",
                "virtual_name": ""
              }
            ],
            "capacity_reservation_specification": [],
            "cpu_options": [],
            "credit_specification": [],
            "default_version": 1,
            "description": "",
            "disable_api_stop": false,
            "disable_api_termination": false,
            "ebs_optimized": "",
            "enclave_options": [],
            "hibernation_options": [],
            "iam_instance_profile": [],
            "id": "lt-00adb10bfde94c639",
            "image_id": "ami-02ffee2b2e4bc6891",
            "instance_initiated_shutdown_behavior": "",
            "instance_market_options": [],
            "instance_requirements": [],
            "instance_type": "t3.micro",
            "kernel_id": "",
            "key_name": "sibu-qa-key",
            "latest_version": 3,
            "license_specification": [],
            "maintenance_options": [],
            "metadata_options": [],
            "monitoring": [],
            "name": "sibu-qa-cases-lt-20260112022723837200000002",
            "name_prefix": "sibu-qa-cases-lt-",
            "network_interfaces": [
              {
                "associate_carrier_ip_address": "",
                "associate_public_ip_address": "true",
                "connection_tracking_specification": [],
                "delete_on_termination": "",
                "description": "",
                "device_index": 0,
                "ena_srd_specification": [],
                "interface_type": "",
                "ipv4_address_count": 0,
                "ipv4_addresses": [],
                "ipv4_prefix_count": 0,
                "ipv4_prefixes": [],
                "ipv6_address_count": 0,
                "ipv6_addresses": [],
                "ipv6_prefix_count": 0,
                "ipv6_prefixes": [],
                "network_card_index": 0,
                "network_interface_id": "",
                "primary_ipv6": "",
                "private_ip_address": "",
                "security_groups": [
                  "sg-00627b93064774f0d"
                ],
                "subnet_id": ""
              }
            ],
            "placement": [],
            "private_dns_name_options": [],
            "ram_disk_id": "",
            "region": "us-east-1",
            "security_group_names": [],
            "tag_specifications": [
              {
                "resource_type": "instance",
                "tags": {
                  "App": "sibu",
                  "Env": "qa",
                  "Name": "sibu-qa-cases",
                  "Svc": "cases"
                }
              }
            ],
            "tags": {},
            "tags_all": {},
            "update_default_version": null,
            "user_data": "IyEvYmluL2Jhc2gKc2V0IC1ldXgKCmRuZiB1cGRhdGUgLXkKZG5mIGluc3RhbGwgLXkgZG9ja2VyIGdpdCBubWFwLW5jYXQKCiMgLS0tLS0tLS0tLS0tLS0tLS0tLS0tLS0tLS0tLS0KIyBTd2FwIChwcmV2ZW50cyBPT00gbG9ja3VwcyBvbiBzbWFsbCBpbnN0YW5jZXMpCiMgLS0tLS0tLS0tLS0tLS0tLS0tLS0tLS0tLS0tLS0KaWYgISBzd2Fwb24gLS1zaG93IHwgZ3JlcCAtcSAiXi9zd2FwZmlsZSI7IHRoZW4KICAoZmFsbG9jYXRlIC1sIDFHIC9zd2FwZmlsZSB8fCBkZCBpZj0vZGV2L3plcm8gb2Y9L3N3YXBmaWxlIGJzPTFNIGNvdW50PTEwMjQpID4vZGV2L251bGwgMj4mMSB8fCB0cnVlCiAgY2htb2QgNjAwIC9zd2FwZmlsZSB8fCB0cnVlCiAgbWtzd2FwIC9zd2FwZmlsZSA+L2Rldi9udWxsIDI+JjEgfHwgdHJ1ZQogIHN3YXBvbiAvc3dhcGZpbGUgfHwgdHJ1ZQogIGdyZXAgLXEgIl4vc3dhcGZpbGUgIiAvZXRjL2ZzdGFiIDI+L2Rldi9udWxsIHx8IGVjaG8gIi9zd2FwZmlsZSBzd2FwIHN3YXAgZGVmYXVsdHMgMCAwIiA+PiAvZXRjL2ZzdGFiCmZpCgpncm91cGFkZCAtZiBkb2NrZXIgfHwgdHJ1ZQpzeXN0ZW1jdGwgZW5hYmxlIGRvY2tlcgpzeXN0ZW1jdGwgc3RhcnQgZG9ja2VyCnVzZXJtb2QgLWFHIGRvY2tlciBlYzItdXNlciB8fCB0cnVlCmNobW9kIDY2NiAvdmFyL3J1bi9kb2NrZXIuc29jayB8fCB0cnVlCnNsZWVwIDUKCmRvY2tlciBuZXR3b3JrIGNyZWF0ZSBzaWJ1LW5ldCB8fCB0cnVlCgojIC0tLSBEQVRBIGVuZHBvaW50cyAoREFUQSBpbnN0YW5jZSBwcml2YXRlIElQKSAtLS0KREFUQV9JUD0iMTcyLjMxLjg5LjIzMCIKCkRBVEFCQVNFX1VSTD0icG9zdGdyZXNxbCthc3luY3BnOi8vc2lidTpzaWJ1QCREQVRBX0lQOjU0MzIvc2lidSIKREJfSE9TVD0iJERBVEFfSVAiCkRCX1BPUlQ9IjU0MzIiCkRCX1VTRVI9InNpYnUiCkRCX1BBU1NXT1JEPSJzaWJ1IgpEQl9OQU1FPSJzaWJ1IgoKIyAtLS0gV2FpdCBmb3IgUG9zdGdyZXMgLS0tCmVjaG8gIldhaXRpbmcgZm9yIFBvc3RncmVzIGF0ICREQVRBX0lQOjU0MzIgLi4uIgpmb3IgaSBpbiB7MS4uOTB9OyBkbwogIGlmIG5jIC16ICIkREFUQV9JUCIgNTQzMiA+L2Rldi9udWxsIDI+JjE7IHRoZW4KICAgIGVjaG8gIlBvc3RncmVzIHJlYWNoYWJsZSIKICAgIGJyZWFrCiAgZmkKICBlY2hvICJQb3N0Z3JlcyBub3QgcmVhZHkgeWV0ICgkaSkuLi4iCiAgc2xlZXAgMgpkb25lCgojIC0tLSBXYWl0IGZvciBLYWZrYSBtZXRhZGF0YSAtLS0KZWNobyAiV2FpdGluZyBmb3IgS2Fma2EgYXQgJERBVEFfSVA6MjkwOTIgLi4uIgpmb3IgaSBpbiB7MS4uOTB9OyBkbwogIGlmIG5jIC16ICIkREFUQV9JUCIgMjkwOTIgPi9kZXYvbnVsbCAyPiYxOyB0aGVuCiAgICBlY2hvICJLYWZrYSBwb3J0IHJlYWNoYWJsZSIKICAgIGJyZWFrCiAgZmkKICBlY2hvICJLYWZrYSBub3QgcmVhZHkgeWV0ICgkaSkuLi4iCiAgc2xlZXAgMgpkb25lCnNsZWVwIDEwCgpkb2NrZXIgcHVsbCBqY2Nhc2F2L3NpYnUtY2FzZXM6cWEKZG9ja2VyIHJtIC1mIHNpYnUtY2FzZXMgfHwgdHJ1ZQoKZG9ja2VyIHJ1biAtZCAtLW5hbWUgc2lidS1jYXNlcyAtLXJlc3RhcnQgYWx3YXlzIFwKICAtcCA4MDAyOjgwMDMgXAogIC0tbmV0d29yayBzaWJ1LW5ldCBcCiAgLS1hZGQtaG9zdCBwb3N0Z3JlczokREFUQV9JUCBcCiAgLS1hZGQtaG9zdCBkYjokREFUQV9JUCBcCiAgLS1hZGQtaG9zdCBzaWJ1LXBvc3RncmVzOiREQVRBX0lQIFwKICAtLWFkZC1ob3N0IGthZmthOiREQVRBX0lQIFwKICAtZSBEQVRBQkFTRV9VUkw9IiREQVRBQkFTRV9VUkwiIFwKICAtZSBEQl9IT1NUPSIkREJfSE9TVCIgXAogIC1lIERCX1BPUlQ9IiREQl9QT1JUIiBcCiAgLWUgREJfVVNFUj0iJERCX1VTRVIiIFwKICAtZSBEQl9QQVNTV09SRD0iJERCX1BBU1NXT1JEIiBcCiAgLWUgREJfTkFNRT0iJERCX05BTUUiIFwKICAtZSBLQUZLQV9CT09UU1RSQVBfU0VSVkVSUz0iJERBVEFfSVA6MjkwOTIiIFwKICAtZSBLQUZLQV9CT09UU1RSQVA9IiREQVRBX0lQOjI5MDkyIiBcCiAgLWUgS0FGS0FfQlJPS0VSPSIkREFUQV9JUDoyOTA5MiIgXAogIC1lIEtBRktBX1VSTD0iJERBVEFfSVA6MjkwOTIiIFwKICBqY2Nhc2F2L3NpYnUtY2FzZXM6cWEKCiMgUXVpY2sgbG9jYWwgY2hlY2sKc2xlZXAgMwpjdXJsIC1zUyBodHRwOi8vMTI3LjAuMC4xOjgwMDIvaGVhbHRoIHx8IHRydWUK",
            "vpc_security_group_ids": []
          },
          "sensitive_attributes": [],
          "private": "eyJzY2hlbWFfdmVyc2lvbiI6IjEifQ==",
          "dependencies": [
            "aws_instance.data",
            "aws_key_pair.qa_sibu",
            "aws_security_group.alb_sg",
            "aws_security_group.sibu_sg",
            "data.aws_ami.al2023",
            "data.aws_subnets.default",
            "data.aws_vpc.default"
          ]
        }
      ]
    },
    {
      "mode": "managed",
      "type": "aws_launch_template",
      "name": "reports",
      "provider": "provider[\"registry.terraform.io/hashicorp/aws\"]",
      "instances": [
        {
          "schema_version": 1,
          "attributes": {
            "arn": "arn:aws:ec2:us-east-1:452890924396:launch-template/lt-018c811201fb7d98d",
            "block_device_mappings": [
              {
                "device_name": "/dev/xvda",
                "ebs": [
                  {
                    "delete_on_termination": "",
                    "encrypted": "",
                    "iops": 0,
                    "kms_key_id": "",
                    "snapshot_id": "",
                    "throughput": 0,
                    "volume_initialization_rate": 0,
                    "volume_size": 20,
                    "volume_type": "gp3"
                  }
                ],
                "no_device": "",
                "virtual_name": ""
              }
            ],
            "capacity_reservation_specification": [],
            "cpu_options": [],
            "credit_specification": [],
            "default_version": 1,
            "description": "",
            "disable_api_stop": false,
            "disable_api_termination": false,
            "ebs_optimized": "",
            "enclave_options": [],
            "hibernation_options": [],
            "iam_instance_profile": [],
            "id": "lt-018c811201fb7d98d",
            "image_id": "ami-02ffee2b2e4bc6891",
            "instance_initiated_shutdown_behavior": "",
            "instance_market_options": [],
            "instance_requirements": [],
            "instance_type": "t3.micro",
            "kernel_id": "",
            "key_name": "sibu-qa-key",
            "latest_version": 3,
            "license_specification": [],
            "maintenance_options": [],
            "metadata_options": [],
            "monitoring": [],
            "name": "sibu-qa-reports-lt-20260112022723838300000006",
            "name_prefix": "sibu-qa-reports-lt-",
            "network_interfaces": [
              {
                "associate_carrier_ip_address": "",
                "associate_public_ip_address": "true",
                "connection_tracking_specification": [],
                "delete_on_termination": "",
                "description": "",
                "device_index": 0,
                "ena_srd_specification": [],
                "interface_type": "",
                "ipv4_address_count": 0,
                "ipv4_addresses": [],
                "ipv4_prefix_count": 0,
                "ipv4_prefixes": [],
                "ipv6_address_count": 0,
                "ipv6_addresses": [],
                "ipv6_prefix_count": 0,
                "ipv6_prefixes": [],
                "network_card_index": 0,
                "network_interface_id": "",
                "primary_ipv6": "",
                "private_ip_address": "",
                "security_groups": [
                  "sg-00627b93064774f0d"
                ],
                "subnet_id": ""
              }
            ],
            "placement": [],
            "private_dns_name_options": [],
            "ram_disk_id": "",
            "region": "us-east-1",
            "security_group_names": [],
            "tag_specifications": [
              {
                "resource_type": "instance",
                "tags": {
                  "App": "sibu",
                  "Env": "qa",
                  "Name": "sibu-qa-reports",
                  "Svc": "reports"
                }
              }
            ],
            "tags": {},
            "tags_all": {},
            "update_default_version": null,
            "user_data": "IyEvYmluL2Jhc2gKc2V0IC1ldXgKCmRuZiB1cGRhdGUgLXkKZG5mIGluc3RhbGwgLXkgZG9ja2VyIGdpdCBubWFwLW5jYXQKCiMgLS0tLS0tLS0tLS0tLS0tLS0tLS0tLS0tLS0tLS0KIyBTd2FwIChwcmV2ZW50cyBPT00gbG9ja3VwcyBvbiBzbWFsbCBpbnN0YW5jZXMpCiMgLS0tLS0tLS0tLS0tLS0tLS0tLS0tLS0tLS0tLS0KaWYgISBzd2Fwb24gLS1zaG93IHwgZ3JlcCAtcSAiXi9zd2FwZmlsZSI7IHRoZW4KICAoZmFsbG9jYXRlIC1sIDFHIC9zd2FwZmlsZSB8fCBkZCBpZj0vZGV2L3plcm8gb2Y9L3N3YXBmaWxlIGJzPTFNIGNvdW50PTEwMjQpID4vZGV2L251bGwgMj4mMSB8fCB0cnVlCiAgY2htb2QgNjAwIC9zd2FwZmlsZSB8fCB0cnVlCiAgbWtzd2FwIC9zd2FwZmlsZSA+L2Rldi9udWxsIDI+JjEgfHwgdHJ1ZQogIHN3YXBvbiAvc3dhcGZpbGUgfHwgdHJ1ZQogIGdyZXAgLXEgIl4vc3dhcGZpbGUgIiAvZXRjL2ZzdGFiIDI+L2Rldi9udWxsIHx8IGVjaG8gIi9zd2FwZmlsZSBzd2FwIHN3YXAgZGVmYXVsdHMgMCAwIiA+PiAvZXRjL2ZzdGFiCmZpCgpncm91cGFkZCAtZiBkb2NrZXIgfHwgdHJ1ZQpzeXN0ZW1jdGwgZW5hYmxlIGRvY2tlcgpzeXN0ZW1jdGwgc3RhcnQgZG9ja2VyCnVzZXJtb2QgLWFHIGRvY2tlciBlYzItdXNlciB8fCB0cnVlCmNobW9kIDY2NiAvdmFyL3J1bi9kb2NrZXIuc29jayB8fCB0cnVlCnNsZWVwIDUKCmRvY2tlciBuZXR3b3JrIGNyZWF0ZSBzaWJ1LW5ldCB8fCB0cnVlCgojIC0tLSBEQVRBIGVuZHBvaW50cyAoREFUQSBpbnN0YW5jZSBwcml2YXRlIElQKSAtLS0KREFUQV9JUD0iMTcyLjMxLjg5LjIzMCIKCkRBVEFCQVNFX1VSTD0icG9zdGdyZXNxbCthc3luY3BnOi8vc2lidTpzaWJ1QCREQVRBX0lQOjU0MzIvc2lidSIKREJfSE9TVD0iJERBVEFfSVAiCkRCX1BPUlQ9IjU0MzIiCkRCX1VTRVI9InNpYnUiCkRCX1BBU1NXT1JEPSJzaWJ1IgpEQl9OQU1FPSJzaWJ1IgoKIyAtLS0gV2FpdCBmb3IgUG9zdGdyZXMgLS0tCmVjaG8gIldhaXRpbmcgZm9yIFBvc3RncmVzIGF0ICREQVRBX0lQOjU0MzIgLi4uIgpmb3IgaSBpbiB7MS4uOTB9OyBkbwogIGlmIG5jIC16ICIkREFUQV9JUCIgNTQzMiA+L2Rldi9udWxsIDI+JjE7IHRoZW4KICAgIGVjaG8gIlBvc3RncmVzIHJlYWNoYWJsZSIKICAgIGJyZWFrCiAgZmkKICBlY2hvICJQb3N0Z3JlcyBub3QgcmVhZHkgeWV0ICgkaSkuLi4iCiAgc2xlZXAgMgpkb25lCgojIC0tLSBXYWl0IGZvciBLYWZrYSBtZXRhZGF0YSAtLS0KZWNobyAiV2FpdGluZyBmb3IgS2Fma2EgYXQgJERBVEFfSVA6MjkwOTIgLi4uIgpmb3IgaSBpbiB7MS4uOTB9OyBkbwogIGlmIG5jIC16ICIkREFUQV9JUCIgMjkwOTIgPi9kZXYvbnVsbCAyPiYxOyB0aGVuCiAgICBlY2hvICJLYWZrYSBwb3J0IHJlYWNoYWJsZSIKICAgIGJyZWFrCiAgZmkKICBlY2hvICJLYWZrYSBub3QgcmVhZHkgeWV0ICgkaSkuLi4iCiAgc2xlZXAgMgpkb25lCnNsZWVwIDEwCgpkb2NrZXIgcHVsbCBqY2Nhc2F2L3NpYnUtcmVwb3J0czpxYQpkb2NrZXIgcm0gLWYgc2lidS1yZXBvcnRzIHx8IHRydWUKCmRvY2tlciBydW4gLWQgLS1uYW1lIHNpYnUtcmVwb3J0cyAtLXJlc3RhcnQgYWx3YXlzIFwKICAtcCA4MDA1OjgwMDAgXAogIC0tbmV0d29yayBzaWJ1LW5ldCBcCiAgLS1hZGQtaG9zdCBwb3N0Z3JlczokREFUQV9JUCBcCiAgLS1hZGQtaG9zdCBkYjokREFUQV9JUCBcCiAgLS1hZGQtaG9zdCBzaWJ1LXBvc3RncmVzOiREQVRBX0lQIFwKICAtLWFkZC1ob3N0IGthZmthOiREQVRBX0lQIFwKICAtZSBEQVRBQkFTRV9VUkw9IiREQVRBQkFTRV9VUkwiIFwKICAtZSBEQl9IT1NUPSIkREJfSE9TVCIgXAogIC1lIERCX1BPUlQ9IiREQl9QT1JUIiBcCiAgLWUgREJfVVNFUj0iJERCX1VTRVIiIFwKICAtZSBEQl9QQVNTV09SRD0iJERCX1BBU1NXT1JEIiBcCiAgLWUgREJfTkFNRT0iJERCX05BTUUiIFwKICBqY2Nhc2F2L3NpYnUtcmVwb3J0czpxYQoKIyBRdWljayBsb2NhbCBjaGVjawpzbGVlcCAzCmN1cmwgLXNTIGh0dHA6Ly8xMjcuMC4wLjE6ODAwNS9oZWFsdGggfHwgdHJ1ZQo=",
            "vpc_security_group_ids": []
          },
          "sensitive_attributes": [],
          "private": "eyJzY2hlbWFfdmVyc2lvbiI6IjEifQ==",
          "dependencies": [
            "aws_instance.data",
            "aws_key_pair.qa_sibu",
            "aws_security_group.alb_sg",
            "aws_security_group.sibu_sg",
            "data.aws_ami.al2023",
            "data.aws_subnets.default",
            "data.aws_vpc.default"
          ]
        }
      ]
    },
    {
      "mode": "managed",
      "type": "aws_launch_template",
      "name": "users",
      "provider": "provider[\"registry.terraform.io/hashicorp/aws\"]",
      "instances": [
        {
          "schema_version": 1,
          "attributes": {
            "arn": "arn:aws:ec2:us-east-1:452890924396:launch-template/lt-042a3325c2cfbc1b9",
            "block_device_mappings": [
              {
                "device_name": "/dev/xvda",
                "ebs": [
                  {
                    "delete_on_termination": "",
                    "encrypted": "",
                    "iops": 0,
                    "kms_key_id": "",
                    "snapshot_id": "",
                    "throughput": 0,
                    "volume_initialization_rate": 0,
                    "volume_size": 20,
                    "volume_type": "gp3"
                  }
                ],
                "no_device": "",
                "virtual_name": ""
              }
            ],
            "capacity_reservation_specification": [],
            "cpu_options": [],
            "credit_specification": [],
            "default_version": 1,
            "description": "",
            "disable_api_stop": false,
            "disable_api_termination": false,
            "ebs_optimized": "",
            "enclave_options": [],
            "hibernation_options": [],
            "iam_instance_profile": [],
            "id": "lt-042a3325c2cfbc1b9",
            "image_id": "ami-02ffee2b2e4bc6891",
            "instance_initiated_shutdown_behavior": "",
            "instance_market_options": [],
            "instance_requirements": [],
            "instance_type": "t3.micro",
            "kernel_id": "",
            "key_name": "sibu-qa-key",
            "latest_version": 3,
            "license_specification": [],
            "maintenance_options": [],
            "metadata_options": [],
            "monitoring": [],
            "name": "sibu-qa-users-lt-20260112022723844100000008",
            "name_prefix": "sibu-qa-users-lt-",
            "network_interfaces": [
              {
                "associate_carrier_ip_address": "",
                "associate_public_ip_address": "true",
                "connection_tracking_specification": [],
                "delete_on_termination": "",
                "description": "",
                "device_index": 0,
                "ena_srd_specification": [],
                "interface_type": "",
                "ipv4_address_count": 0,
                "ipv4_addresses": [],
                "ipv4_prefix_count": 0,
                "ipv4_prefixes": [],
                "ipv6_address_count": 0,
                "ipv6_addresses": [],
                "ipv6_prefix_count": 0,
                "ipv6_prefixes": [],
                "network_card_index": 0,
                "network_interface_id": "",
                "primary_ipv6": "",
                "private_ip_address": "",
                "security_groups": [
                  "sg-00627b93064774f0d"
                ],
                "subnet_id": ""
              }
            ],
            "placement": [],
            "private_dns_name_options": [],
            "ram_disk_id": "",
            "region": "us-east-1",
            "security_group_names": [],
            "tag_specifications": [
              {
                "resource_type": "instance",
                "tags": {
                  "App": "sibu",
                  "Env": "qa",
                  "Name": "sibu-qa-users",
                  "Svc": "users"
                }
              }
            ],
            "tags": {},
            "tags_all": {},
            "update_default_version": null,
            "user_data": "IyEvYmluL2Jhc2gKc2V0IC1ldXgKCmRuZiB1cGRhdGUgLXkKZG5mIGluc3RhbGwgLXkgZG9ja2VyIGdpdCBubWFwLW5jYXQKCiMgLS0tLS0tLS0tLS0tLS0tLS0tLS0tLS0tLS0tLS0KIyBTd2FwIChwcmV2ZW50cyBPT00gbG9ja3VwcyBvbiBzbWFsbCBpbnN0YW5jZXMpCiMgLS0tLS0tLS0tLS0tLS0tLS0tLS0tLS0tLS0tLS0KaWYgISBzd2Fwb24gLS1zaG93IHwgZ3JlcCAtcSAiXi9zd2FwZmlsZSI7IHRoZW4KICAoZmFsbG9jYXRlIC1sIDFHIC9zd2FwZmlsZSB8fCBkZCBpZj0vZGV2L3plcm8gb2Y9L3N3YXBmaWxlIGJzPTFNIGNvdW50PTEwMjQpID4vZGV2L251bGwgMj4mMSB8fCB0cnVlCiAgY2htb2QgNjAwIC9zd2FwZmlsZSB8fCB0cnVlCiAgbWtzd2FwIC9zd2FwZmlsZSA+L2Rldi9udWxsIDI+JjEgfHwgdHJ1ZQogIHN3YXBvbiAvc3dhcGZpbGUgfHwgdHJ1ZQogIGdyZXAgLXEgIl4vc3dhcGZpbGUgIiAvZXRjL2ZzdGFiIDI+L2Rldi9udWxsIHx8IGVjaG8gIi9zd2FwZmlsZSBzd2FwIHN3YXAgZGVmYXVsdHMgMCAwIiA+PiAvZXRjL2ZzdGFiCmZpCgpncm91cGFkZCAtZiBkb2NrZXIgfHwgdHJ1ZQpzeXN0ZW1jdGwgZW5hYmxlIGRvY2tlcgpzeXN0ZW1jdGwgc3RhcnQgZG9ja2VyCnVzZXJtb2QgLWFHIGRvY2tlciBlYzItdXNlciB8fCB0cnVlCmNobW9kIDY2NiAvdmFyL3J1bi9kb2NrZXIuc29jayB8fCB0cnVlCnNsZWVwIDUKCmRvY2tlciBuZXR3b3JrIGNyZWF0ZSBzaWJ1LW5ldCB8fCB0cnVlCgojIC0tLSBEQVRBIGVuZHBvaW50cyAoREFUQSBpbnN0YW5jZSBwcml2YXRlIElQKSAtLS0KREFUQV9JUD0iMTcyLjMxLjg5LjIzMCIKCkRBVEFCQVNFX1VSTD0icG9zdGdyZXNxbCthc3luY3BnOi8vc2lidTpzaWJ1QCREQVRBX0lQOjU0MzIvc2lidSIKREJfSE9TVD0iJERBVEFfSVAiCkRCX1BPUlQ9IjU0MzIiCkRCX1VTRVI9InNpYnUiCkRCX1BBU1NXT1JEPSJzaWJ1IgpEQl9OQU1FPSJzaWJ1IgoKIyAtLS0gV2FpdCBmb3IgUG9zdGdyZXMgLS0tCmVjaG8gIldhaXRpbmcgZm9yIFBvc3RncmVzIGF0ICREQVRBX0lQOjU0MzIgLi4uIgpmb3IgaSBpbiB7MS4uOTB9OyBkbwogIGlmIG5jIC16ICIkREFUQV9JUCIgNTQzMiA+L2Rldi9udWxsIDI+JjE7IHRoZW4KICAgIGVjaG8gIlBvc3RncmVzIHJlYWNoYWJsZSIKICAgIGJyZWFrCiAgZmkKICBlY2hvICJQb3N0Z3JlcyBub3QgcmVhZHkgeWV0ICgkaSkuLi4iCiAgc2xlZXAgMgpkb25lCgojIC0tLSBXYWl0IGZvciBLYWZrYSBtZXRhZGF0YSAtLS0KZWNobyAiV2FpdGluZyBmb3IgS2Fma2EgYXQgJERBVEFfSVA6MjkwOTIgLi4uIgpmb3IgaSBpbiB7MS4uOTB9OyBkbwogIGlmIG5jIC16ICIkREFUQV9JUCIgMjkwOTIgPi9kZXYvbnVsbCAyPiYxOyB0aGVuCiAgICBlY2hvICJLYWZrYSBwb3J0IHJlYWNoYWJsZSIKICAgIGJyZWFrCiAgZmkKICBlY2hvICJLYWZrYSBub3QgcmVhZHkgeWV0ICgkaSkuLi4iCiAgc2xlZXAgMgpkb25lCnNsZWVwIDEwCgpkb2NrZXIgcHVsbCBqY2Nhc2F2L3NpYnUtdXNlcnM6cWEKZG9ja2VyIHJtIC1mIHNpYnUtdXNlcnMgfHwgdHJ1ZQoKZG9ja2VyIHJ1biAtZCAtLW5hbWUgc2lidS11c2VycyAtLXJlc3RhcnQgYWx3YXlzIFwKICAtcCA4MDAxOjgwMDAgXAogIC0tbmV0d29yayBzaWJ1LW5ldCBcCiAgLS1hZGQtaG9zdCBwb3N0Z3JlczokREFUQV9JUCBcCiAgLS1hZGQtaG9zdCBkYjokREFUQV9JUCBcCiAgLS1hZGQtaG9zdCBzaWJ1LXBvc3RncmVzOiREQVRBX0lQIFwKICAtLWFkZC1ob3N0IGthZmthOiREQVRBX0lQIFwKICAtZSBEQVRBQkFTRV9VUkw9IiREQVRBQkFTRV9VUkwiIFwKICAtZSBEQl9IT1NUPSIkREJfSE9TVCIgXAogIC1lIERCX1BPUlQ9IiREQl9QT1JUIiBcCiAgLWUgREJfVVNFUj0iJERCX1VTRVIiIFwKICAtZSBEQl9QQVNTV09SRD0iJERCX1BBU1NXT1JEIiBcCiAgLWUgREJfTkFNRT0iJERCX05BTUUiIFwKICAtZSBLQUZLQV9CT09UU1RSQVBfU0VSVkVSUz0iJERBVEFfSVA6MjkwOTIiIFwKICAtZSBLQUZLQV9CT09UU1RSQVA9IiREQVRBX0lQOjI5MDkyIiBcCiAgLWUgS0FGS0FfQlJPS0VSPSIkREFUQV9JUDoyOTA5MiIgXAogIC1lIEtBRktBX1VSTD0iJERBVEFfSVA6MjkwOTIiIFwKICBqY2Nhc2F2L3NpYnUtdXNlcnM6cWEKCiMgUXVpY2sgbG9jYWwgY2hlY2sKc2xlZXAgMwpjdXJsIC1zUyBodHRwOi8vMTI3LjAuMC4xOjgwMDEvaGVhbHRoIHx8IHRydWUK",
            "vpc_security_group_ids": []
          },
          "sensitive_attributes": [],
          "private": "eyJzY2hlbWFfdmVyc2lvbiI6IjEifQ==",
          "dependencies": [
            "aws_instance.data",
            "aws_key_pair.qa_sibu",
            "aws_security_group.alb_sg",
            "aws_security_group.sibu_sg",
            "data.aws_ami.al2023",
            "data.aws_subnets.default",
            "data.aws_vpc.default"
          ]
        }
      ]
    },
    {
      "mode": "managed",
      "type": "aws_lb",
      "name": "sibu_alb",
      "provider": "provider[\"registry.terraform.io/hashicorp/aws\"]",
      "instances": [
        {
          "schema_version": 0,
          "attributes": {
            "access_logs": [
              {
                "bucket": "",
                "enabled": false,
                "prefix": ""
              }
            ],
            "arn": "arn:aws:elasticloadbalancing:us-east-1:452890924396:loadbalancer/app/sibu-qa-alb/bd2d550ec677b498",
            "arn_suffix": "app/sibu-qa-alb/bd2d550ec677b498",
            "client_keep_alive": 3600,
            "connection_logs": [
              {
                "bucket": "",
                "enabled": false,
                "prefix": ""
              }
            ],
            "customer_owned_ipv4_pool": "",
            "desync_mitigation_mode": "defensive",
            "dns_name": "sibu-qa-alb-1383889737.us-east-1.elb.amazonaws.com",
            "dns_record_client_routing_policy": null,
            "drop_invalid_header_fields": false,
            "enable_cross_zone_load_balancing": true,
            "enable_deletion_protection": false,
            "enable_http2": true,
            "enable_tls_version_and_cipher_suite_headers": false,
            "enable_waf_fail_open": false,
            "enable_xff_client_port": false,
            "enable_zonal_shift": false,
            "enforce_security_group_inbound_rules_on_private_link_traffic": "",
            "health_check_logs": [
              {
                "bucket": "",
                "enabled": false,
                "prefix": ""
              }
            ],
            "id": "arn:aws:elasticloadbalancing:us-east-1:452890924396:loadbalancer/app/sibu-qa-alb/bd2d550ec677b498",
            "idle_timeout": 60,
            "internal": false,
            "ip_address_type": "ipv4",
            "ipam_pools": [],
            "load_balancer_type": "application",
            "minimum_load_balancer_capacity": [],
            "name": "sibu-qa-alb",
            "name_prefix": "",
            "preserve_host_header": false,
            "region": "us-east-1",
            "secondary_ips_auto_assigned_per_subnet": null,
            "security_groups": [
              "sg-0c14c0627d8344577"
            ],
            "subnet_mapping": [
              {
                "allocation_id": "",
                "ipv6_address": "",
                "outpost_id": "",
                "private_ipv4_address": "",
                "subnet_id": "subnet-3297ce1c"
              },
              {
                "allocation_id": "",
                "ipv6_address": "",
                "outpost_id": "",
                "private_ipv4_address": "",
                "subnet_id": "subnet-4da2fd11"
              },
              {
                "allocation_id": "",
                "ipv6_address": "",
                "outpost_id": "",
                "private_ipv4_address": "",
                "subnet_id": "subnet-68d6c267"
              },
              {
                "allocation_id": "",
                "ipv6_address": "",
                "outpost_id": "",
                "private_ipv4_address": "",
                "subnet_id": "subnet-935406f4"
              },
              {
                "allocation_id": "",
                "ipv6_address": "",
                "outpost_id": "",
                "private_ipv4_address": "",
                "subnet_id": "subnet-949afcaa"
              },
              {
                "allocation_id": "",
                "ipv6_address": "",
                "outpost_id": "",
                "private_ipv4_address": "",
                "subnet_id": "subnet-d509eb98"
              }
            ],
            "subnets": [
              "subnet-3297ce1c",
              "subnet-4da2fd11",
              "subnet-68d6c267",
              "subnet-935406f4",
              "subnet-949afcaa",
              "subnet-d509eb98"
            ],
            "tags": {
              "Name": "sibu-qa-alb"
            },
            "tags_all": {
              "Name": "sibu-qa-alb"
            },
            "timeouts": null,
            "vpc_id": "vpc-213f515b",
            "xff_header_processing_mode": "append",
            "zone_id": "Z35SXDOTRQ7X7K"
          },
          "sensitive_attributes": [],
          "private": "eyJlMmJmYjczMC1lY2FhLTExZTYtOGY4OC0zNDM2M2JjN2M0YzAiOnsiY3JlYXRlIjo2MDAwMDAwMDAwMDAsImRlbGV0ZSI6NjAwMDAwMDAwMDAwLCJ1cGRhdGUiOjYwMDAwMDAwMDAwMH19",
          "dependencies": [
            "aws_security_group.alb_sg",
            "data.aws_subnets.default",
            "data.aws_vpc.default"
          ]
        }
      ]
    },
    {
      "mode": "managed",
      "type": "aws_lb_listener",
      "name": "http",
      "provider": "provider[\"registry.terraform.io/hashicorp/aws\"]",
      "instances": [
        {
          "schema_version": 0,
          "attributes": {
            "alpn_policy": null,
            "arn": "arn:aws:elasticloadbalancing:us-east-1:452890924396:listener/app/sibu-qa-alb/bd2d550ec677b498/8993df03fbe65906",
            "certificate_arn": null,
            "default_action": [
              {
                "authenticate_cognito": [],
                "authenticate_oidc": [],
                "fixed_response": [
                  {
                    "content_type": "text/plain",
                    "message_body": "SIBU ALB OK",
                    "status_code": "200"
                  }
                ],
                "forward": [],
                "jwt_validation": [],
                "order": 1,
                "redirect": [],
                "target_group_arn": "",
                "type": "fixed-response"
              }
            ],
            "id": "arn:aws:elasticloadbalancing:us-east-1:452890924396:listener/app/sibu-qa-alb/bd2d550ec677b498/8993df03fbe65906",
            "load_balancer_arn": "arn:aws:elasticloadbalancing:us-east-1:452890924396:loadbalancer/app/sibu-qa-alb/bd2d550ec677b498",
            "mutual_authentication": [],
            "port": 80,
            "protocol": "HTTP",
            "region": "us-east-1",
            "routing_http_request_x_amzn_mtls_clientcert_header_name": null,
            "routing_http_request_x_amzn_mtls_clientcert_issuer_header_name": null,
            "routing_http_request_x_amzn_mtls_clientcert_leaf_header_name": null,
            "routing_http_request_x_amzn_mtls_clientcert_serial_number_header_name": null,
            "routing_http_request_x_amzn_mtls_clientcert_subject_header_name": null,
            "routing_http_request_x_amzn_mtls_clientcert_validity_header_name": null,
            "routing_http_request_x_amzn_tls_cipher_suite_header_name": null,
            "routing_http_request_x_amzn_tls_version_header_name": null,
            "routing_http_response_access_control_allow_credentials_header_value": "",
            "routing_http_response_access_control_allow_headers_header_value": "",
            "routing_http_response_access_control_allow_methods_header_value": "",
            "routing_http_response_access_control_allow_origin_header_value": "",
            "routing_http_response_access_control_expose_headers_header_value": "",
            "routing_http_response_access_control_max_age_header_value": "",
            "routing_http_response_content_security_policy_header_value": "",
            "routing_http_response_server_enabled": true,
            "routing_http_response_strict_transport_security_header_value": "",
            "routing_http_response_x_content_type_options_header_value": "",
            "routing_http_response_x_frame_options_header_value": "",
            "ssl_policy": "",
            "tags": null,
            "tags_all": {},
            "tcp_idle_timeout_seconds": null,
            "timeouts": null
          },
          "sensitive_attributes": [],
          "private": "eyJlMmJmYjczMC1lY2FhLTExZTYtOGY4OC0zNDM2M2JjN2M0YzAiOnsiY3JlYXRlIjozMDAwMDAwMDAwMDAsInVwZGF0ZSI6MzAwMDAwMDAwMDAwfX0=",
          "dependencies": [
            "aws_lb.sibu_alb",
            "aws_security_group.alb_sg",
            "data.aws_subnets.default",
            "data.aws_vpc.default"
          ]
        }
      ]
    },
    {
      "mode": "managed",
      "type": "aws_lb_listener_rule",
      "name": "admin",
      "provider": "provider[\"registry.terraform.io/hashicorp/aws\"]",
      "instances": [
        {
          "schema_version": 0,
          "attributes": {
            "action": [
              {
                "authenticate_cognito": [],
                "authenticate_oidc": [],
                "fixed_response": [],
                "forward": [],
                "jwt_validation": [],
                "order": 1,
                "redirect": [],
                "target_group_arn": "arn:aws:elasticloadbalancing:us-east-1:452890924396:targetgroup/sibu-qa-tg-admin/3850adf74946f34f",
                "type": "forward"
              }
            ],
            "arn": "arn:aws:elasticloadbalancing:us-east-1:452890924396:listener-rule/app/sibu-qa-alb/bd2d550ec677b498/8993df03fbe65906/b116f9883714c69c",
            "condition": [
              {
                "host_header": [],
                "http_header": [],
                "http_request_method": [],
                "path_pattern": [
                  {
                    "regex_values": [],
                    "values": [
                      "/admin*",
                      "/admin/*"
                    ]
                  }
                ],
                "query_string": [],
                "source_ip": []
              }
            ],
            "id": "arn:aws:elasticloadbalancing:us-east-1:452890924396:listener-rule/app/sibu-qa-alb/bd2d550ec677b498/8993df03fbe65906/b116f9883714c69c",
            "listener_arn": "arn:aws:elasticloadbalancing:us-east-1:452890924396:listener/app/sibu-qa-alb/bd2d550ec677b498/8993df03fbe65906",
            "priority": 70,
            "region": "us-east-1",
            "tags": null,
            "tags_all": {},
            "transform": []
          },
          "sensitive_attributes": [],
          "private": "bnVsbA==",
          "dependencies": [
            "aws_lb.sibu_alb",
            "aws_lb_listener.http",
            "aws_lb_target_group.tg_admin",
            "aws_security_group.alb_sg",
            "data.aws_subnets.default",
            "data.aws_vpc.default"
          ]
        }
      ]
    },
    {
      "mode": "managed",
      "type": "aws_lb_listener_rule",
      "name": "appointments",
      "provider": "provider[\"registry.terraform.io/hashicorp/aws\"]",
      "instances": [
        {
          "schema_version": 0,
          "attributes": {
            "action": [
              {
                "authenticate_cognito": [],
                "authenticate_oidc": [],
                "fixed_response": [],
                "forward": [],
                "jwt_validation": [],
                "order": 1,
                "redirect": [],
                "target_group_arn": "arn:aws:elasticloadbalancing:us-east-1:452890924396:targetgroup/sibu-qa-tg-appt/295fdbceb4903fbd",
                "type": "forward"
              }
            ],
            "arn": "arn:aws:elasticloadbalancing:us-east-1:452890924396:listener-rule/app/sibu-qa-alb/bd2d550ec677b498/8993df03fbe65906/7d768c4b0117e169",
            "condition": [
              {
                "host_header": [],
                "http_header": [],
                "http_request_method": [],
                "path_pattern": [
                  {
                    "regex_values": [],
                    "values": [
                      "/appointments*",
                      "/appointments/*",
                      "/appt*",
                      "/appt/*"
                    ]
                  }
                ],
                "query_string": [],
                "source_ip": []
              }
            ],
            "id": "arn:aws:elasticloadbalancing:us-east-1:452890924396:listener-rule/app/sibu-qa-alb/bd2d550ec677b498/8993df03fbe65906/7d768c4b0117e169",
            "listener_arn": "arn:aws:elasticloadbalancing:us-east-1:452890924396:listener/app/sibu-qa-alb/bd2d550ec677b498/8993df03fbe65906",
            "priority": 40,
            "region": "us-east-1",
            "tags": null,
            "tags_all": {},
            "transform": []
          },
          "sensitive_attributes": [],
          "private": "bnVsbA==",
          "dependencies": [
            "aws_lb.sibu_alb",
            "aws_lb_listener.http",
            "aws_lb_target_group.tg_appointments",
            "aws_security_group.alb_sg",
            "data.aws_subnets.default",
            "data.aws_vpc.default"
          ]
        }
      ]
    },
    {
      "mode": "managed",
      "type": "aws_lb_listener_rule",
      "name": "audit",
      "provider": "provider[\"registry.terraform.io/hashicorp/aws\"]",
      "instances": [
        {
          "schema_version": 0,
          "attributes": {
            "action": [
              {
                "authenticate_cognito": [],
                "authenticate_oidc": [],
                "fixed_response": [],
                "forward": [],
                "jwt_validation": [],
                "order": 1,
                "redirect": [],
                "target_group_arn": "arn:aws:elasticloadbalancing:us-east-1:452890924396:targetgroup/sibu-qa-tg-audit/19a6c94bfcb3872d",
                "type": "forward"
              }
            ],
            "arn": "arn:aws:elasticloadbalancing:us-east-1:452890924396:listener-rule/app/sibu-qa-alb/bd2d550ec677b498/8993df03fbe65906/62513677f0e95006",
            "condition": [
              {
                "host_header": [],
                "http_header": [],
                "http_request_method": [],
                "path_pattern": [
                  {
                    "regex_values": [],
                    "values": [
                      "/audit*",
                      "/audit-log*",
                      "/audit-log/*",
                      "/audit/*"
                    ]
                  }
                ],
                "query_string": [],
                "source_ip": []
              }
            ],
            "id": "arn:aws:elasticloadbalancing:us-east-1:452890924396:listener-rule/app/sibu-qa-alb/bd2d550ec677b498/8993df03fbe65906/62513677f0e95006",
            "listener_arn": "arn:aws:elasticloadbalancing:us-east-1:452890924396:listener/app/sibu-qa-alb/bd2d550ec677b498/8993df03fbe65906",
            "priority": 50,
            "region": "us-east-1",
            "tags": null,
            "tags_all": {},
            "transform": []
          },
          "sensitive_attributes": [],
          "private": "bnVsbA==",
          "dependencies": [
            "aws_lb.sibu_alb",
            "aws_lb_listener.http",
            "aws_lb_target_group.tg_audit",
            "aws_security_group.alb_sg",
            "data.aws_subnets.default",
            "data.aws_vpc.default"
          ]
        }
      ]
    },
    {
      "mode": "managed",
      "type": "aws_lb_listener_rule",
      "name": "auth",
      "provider": "provider[\"registry.terraform.io/hashicorp/aws\"]",
      "instances": [
        {
          "schema_version": 0,
          "attributes": {
            "action": [
              {
                "authenticate_cognito": [],
                "authenticate_oidc": [],
                "fixed_response": [],
                "forward": [],
                "jwt_validation": [],
                "order": 1,
                "redirect": [],
                "target_group_arn": "arn:aws:elasticloadbalancing:us-east-1:452890924396:targetgroup/sibu-qa-tg-auth/f36a7316eef96611",
                "type": "forward"
              }
            ],
            "arn": "arn:aws:elasticloadbalancing:us-east-1:452890924396:listener-rule/app/sibu-qa-alb/bd2d550ec677b498/8993df03fbe65906/478b06f3f4d8f5b1",
            "condition": [
              {
                "host_header": [],
                "http_header": [],
                "http_request_method": [],
                "path_pattern": [
                  {
                    "regex_values": [],
                    "values": [
                      "/auth*",
                      "/auth/*"
                    ]
                  }
                ],
                "query_string": [],
                "source_ip": []
              }
            ],
            "id": "arn:aws:elasticloadbalancing:us-east-1:452890924396:listener-rule/app/sibu-qa-alb/bd2d550ec677b498/8993df03fbe65906/478b06f3f4d8f5b1",
            "listener_arn": "arn:aws:elasticloadbalancing:us-east-1:452890924396:listener/app/sibu-qa-alb/bd2d550ec677b498/8993df03fbe65906",
            "priority": 10,
            "region": "us-east-1",
            "tags": null,
            "tags_all": {},
            "transform": []
          },
          "sensitive_attributes": [],
          "private": "bnVsbA==",
          "dependencies": [
            "aws_lb.sibu_alb",
            "aws_lb_listener.http",
            "aws_lb_target_group.tg_auth",
            "aws_security_group.alb_sg",
            "data.aws_subnets.default",
            "data.aws_vpc.default"
          ]
        }
      ]
    },
    {
      "mode": "managed",
      "type": "aws_lb_listener_rule",
      "name": "cases",
      "provider": "provider[\"registry.terraform.io/hashicorp/aws\"]",
      "instances": [
        {
          "schema_version": 0,
          "attributes": {
            "action": [
              {
                "authenticate_cognito": [],
                "authenticate_oidc": [],
                "fixed_response": [],
                "forward": [],
                "jwt_validation": [],
                "order": 1,
                "redirect": [],
                "target_group_arn": "arn:aws:elasticloadbalancing:us-east-1:452890924396:targetgroup/sibu-qa-tg-cases/6fe1aaee53c2d5d1",
                "type": "forward"
              }
            ],
            "arn": "arn:aws:elasticloadbalancing:us-east-1:452890924396:listener-rule/app/sibu-qa-alb/bd2d550ec677b498/8993df03fbe65906/0e571b315d0cdfd1",
            "condition": [
              {
                "host_header": [],
                "http_header": [],
                "http_request_method": [],
                "path_pattern": [
                  {
                    "regex_values": [],
                    "values": [
                      "/cases*",
                      "/cases/*"
                    ]
                  }
                ],
                "query_string": [],
                "source_ip": []
              }
            ],
            "id": "arn:aws:elasticloadbalancing:us-east-1:452890924396:listener-rule/app/sibu-qa-alb/bd2d550ec677b498/8993df03fbe65906/0e571b315d0cdfd1",
            "listener_arn": "arn:aws:elasticloadbalancing:us-east-1:452890924396:listener/app/sibu-qa-alb/bd2d550ec677b498/8993df03fbe65906",
            "priority": 30,
            "region": "us-east-1",
            "tags": null,
            "tags_all": {},
            "transform": []
          },
          "sensitive_attributes": [],
          "private": "bnVsbA==",
          "dependencies": [
            "aws_lb.sibu_alb",
            "aws_lb_listener.http",
            "aws_lb_target_group.tg_cases",
            "aws_security_group.alb_sg",
            "data.aws_subnets.default",
            "data.aws_vpc.default"
          ]
        }
      ]
    },
    {
      "mode": "managed",
      "type": "aws_lb_listener_rule",
      "name": "reports",
      "provider": "provider[\"registry.terraform.io/hashicorp/aws\"]",
      "instances": [
        {
          "schema_version": 0,
          "attributes": {
            "action": [
              {
                "authenticate_cognito": [],
                "authenticate_oidc": [],
                "fixed_response": [],
                "forward": [],
                "jwt_validation": [],
                "order": 1,
                "redirect": [],
                "target_group_arn": "arn:aws:elasticloadbalancing:us-east-1:452890924396:targetgroup/sibu-qa-tg-reports/00099a0a871aa963",
                "type": "forward"
              }
            ],
            "arn": "arn:aws:elasticloadbalancing:us-east-1:452890924396:listener-rule/app/sibu-qa-alb/bd2d550ec677b498/8993df03fbe65906/bfa9033ec12655b3",
            "condition": [
              {
                "host_header": [],
                "http_header": [],
                "http_request_method": [],
                "path_pattern": [
                  {
                    "regex_values": [],
                    "values": [
                      "/reports*",
                      "/reports/*"
                    ]
                  }
                ],
                "query_string": [],
                "source_ip": []
              }
            ],
            "id": "arn:aws:elasticloadbalancing:us-east-1:452890924396:listener-rule/app/sibu-qa-alb/bd2d550ec677b498/8993df03fbe65906/bfa9033ec12655b3",
            "listener_arn": "arn:aws:elasticloadbalancing:us-east-1:452890924396:listener/app/sibu-qa-alb/bd2d550ec677b498/8993df03fbe65906",
            "priority": 60,
            "region": "us-east-1",
            "tags": null,
            "tags_all": {},
            "transform": []
          },
          "sensitive_attributes": [],
          "private": "bnVsbA==",
          "dependencies": [
            "aws_lb.sibu_alb",
            "aws_lb_listener.http",
            "aws_lb_target_group.tg_reports",
            "aws_security_group.alb_sg",
            "data.aws_subnets.default",
            "data.aws_vpc.default"
          ]
        }
      ]
    },
    {
      "mode": "managed",
      "type": "aws_lb_listener_rule",
      "name": "users",
      "provider": "provider[\"registry.terraform.io/hashicorp/aws\"]",
      "instances": [
        {
          "schema_version": 0,
          "attributes": {
            "action": [
              {
                "authenticate_cognito": [],
                "authenticate_oidc": [],
                "fixed_response": [],
                "forward": [],
                "jwt_validation": [],
                "order": 1,
                "redirect": [],
                "target_group_arn": "arn:aws:elasticloadbalancing:us-east-1:452890924396:targetgroup/sibu-qa-tg-users/500020308e347083",
                "type": "forward"
              }
            ],
            "arn": "arn:aws:elasticloadbalancing:us-east-1:452890924396:listener-rule/app/sibu-qa-alb/bd2d550ec677b498/8993df03fbe65906/312f3602067114ee",
            "condition": [
              {
                "host_header": [],
                "http_header": [],
                "http_request_method": [],
                "path_pattern": [
                  {
                    "regex_values": [],
                    "values": [
                      "/users*",
                      "/users/*"
                    ]
                  }
                ],
                "query_string": [],
                "source_ip": []
              }
            ],
            "id": "arn:aws:elasticloadbalancing:us-east-1:452890924396:listener-rule/app/sibu-qa-alb/bd2d550ec677b498/8993df03fbe65906/312f3602067114ee",
            "listener_arn": "arn:aws:elasticloadbalancing:us-east-1:452890924396:listener/app/sibu-qa-alb/bd2d550ec677b498/8993df03fbe65906",
            "priority": 20,
            "region": "us-east-1",
            "tags": null,
            "tags_all": {},
            "transform": []
          },
          "sensitive_attributes": [],
          "private": "bnVsbA==",
          "dependencies": [
            "aws_lb.sibu_alb",
            "aws_lb_listener.http",
            "aws_lb_target_group.tg_users",
            "aws_security_group.alb_sg",
            "data.aws_subnets.default",
            "data.aws_vpc.default"
          ]
        }
      ]
    },
    {
      "mode": "managed",
      "type": "aws_lb_target_group",
      "name": "tg_admin",
      "provider": "provider[\"registry.terraform.io/hashicorp/aws\"]",
      "instances": [
        {
          "schema_version": 0,
          "attributes": {
            "arn": "arn:aws:elasticloadbalancing:us-east-1:452890924396:targetgroup/sibu-qa-tg-admin/3850adf74946f34f",
            "arn_suffix": "targetgroup/sibu-qa-tg-admin/3850adf74946f34f",
            "connection_termination": null,
            "deregistration_delay": "300",
            "health_check": [
              {
                "enabled": true,
                "healthy_threshold": 2,
                "interval": 15,
                "matcher": "200-399",
                "path": "/health",
                "port": "traffic-port",
                "protocol": "HTTP",
                "timeout": 5,
                "unhealthy_threshold": 3
              }
            ],
            "id": "arn:aws:elasticloadbalancing:us-east-1:452890924396:targetgroup/sibu-qa-tg-admin/3850adf74946f34f",
            "ip_address_type": "ipv4",
            "lambda_multi_value_headers_enabled": false,
            "load_balancer_arns": [],
            "load_balancing_algorithm_type": "round_robin",
            "load_balancing_anomaly_mitigation": "off",
            "load_balancing_cross_zone_enabled": "use_load_balancer_configuration",
            "name": "sibu-qa-tg-admin",
            "name_prefix": "",
            "port": 8006,
            "preserve_client_ip": null,
            "protocol": "HTTP",
            "protocol_version": "HTTP1",
            "proxy_protocol_v2": false,
            "region": "us-east-1",
            "slow_start": 0,
            "stickiness": [
              {
                "cookie_duration": 86400,
                "cookie_name": "",
                "enabled": false,
                "type": "lb_cookie"
              }
            ],
            "tags": null,
            "tags_all": {},
            "target_control_port": 0,
            "target_failover": [
              {
                "on_deregistration": null,
                "on_unhealthy": null
              }
            ],
            "target_group_health": [
              {
                "dns_failover": [
                  {
                    "minimum_healthy_targets_count": "1",
                    "minimum_healthy_targets_percentage": "off"
                  }
                ],
                "unhealthy_state_routing": [
                  {
                    "minimum_healthy_targets_count": 1,
                    "minimum_healthy_targets_percentage": "off"
                  }
                ]
              }
            ],
            "target_health_state": [
              {
                "enable_unhealthy_connection_termination": null,
                "unhealthy_draining_interval": null
              }
            ],
            "target_type": "instance",
            "vpc_id": "vpc-213f515b"
          },
          "sensitive_attributes": [],
          "private": "bnVsbA==",
          "dependencies": [
            "data.aws_vpc.default"
          ]
        }
      ]
    },
    {
      "mode": "managed",
      "type": "aws_lb_target_group",
      "name": "tg_appointments",
      "provider": "provider[\"registry.terraform.io/hashicorp/aws\"]",
      "instances": [
        {
          "schema_version": 0,
          "attributes": {
            "arn": "arn:aws:elasticloadbalancing:us-east-1:452890924396:targetgroup/sibu-qa-tg-appt/295fdbceb4903fbd",
            "arn_suffix": "targetgroup/sibu-qa-tg-appt/295fdbceb4903fbd",
            "connection_termination": null,
            "deregistration_delay": "300",
            "health_check": [
              {
                "enabled": true,
                "healthy_threshold": 2,
                "interval": 15,
                "matcher": "200-399",
                "path": "/health",
                "port": "traffic-port",
                "protocol": "HTTP",
                "timeout": 5,
                "unhealthy_threshold": 3
              }
            ],
            "id": "arn:aws:elasticloadbalancing:us-east-1:452890924396:targetgroup/sibu-qa-tg-appt/295fdbceb4903fbd",
            "ip_address_type": "ipv4",
            "lambda_multi_value_headers_enabled": false,
            "load_balancer_arns": [],
            "load_balancing_algorithm_type": "round_robin",
            "load_balancing_anomaly_mitigation": "off",
            "load_balancing_cross_zone_enabled": "use_load_balancer_configuration",
            "name": "sibu-qa-tg-appt",
            "name_prefix": "",
            "port": 8003,
            "preserve_client_ip": null,
            "protocol": "HTTP",
            "protocol_version": "HTTP1",
            "proxy_protocol_v2": false,
            "region": "us-east-1",
            "slow_start": 0,
            "stickiness": [
              {
                "cookie_duration": 86400,
                "cookie_name": "",
                "enabled": false,
                "type": "lb_cookie"
              }
            ],
            "tags": null,
            "tags_all": {},
            "target_control_port": 0,
            "target_failover": [
              {
                "on_deregistration": null,
                "on_unhealthy": null
              }
            ],
            "target_group_health": [
              {
                "dns_failover": [
                  {
                    "minimum_healthy_targets_count": "1",
                    "minimum_healthy_targets_percentage": "off"
                  }
                ],
                "unhealthy_state_routing": [
                  {
                    "minimum_healthy_targets_count": 1,
                    "minimum_healthy_targets_percentage": "off"
                  }
                ]
              }
            ],
            "target_health_state": [
              {
                "enable_unhealthy_connection_termination": null,
                "unhealthy_draining_interval": null
              }
            ],
            "target_type": "instance",
            "vpc_id": "vpc-213f515b"
          },
          "sensitive_attributes": [],
          "private": "bnVsbA==",
          "dependencies": [
            "data.aws_vpc.default"
          ]
        }
      ]
    },
    {
      "mode": "managed",
      "type": "aws_lb_target_group",
      "name": "tg_audit",
      "provider": "provider[\"registry.terraform.io/hashicorp/aws\"]",
      "instances": [
        {
          "schema_version": 0,
          "attributes": {
            "arn": "arn:aws:elasticloadbalancing:us-east-1:452890924396:targetgroup/sibu-qa-tg-audit/19a6c94bfcb3872d",
            "arn_suffix": "targetgroup/sibu-qa-tg-audit/19a6c94bfcb3872d",
            "connection_termination": null,
            "deregistration_delay": "300",
            "health_check": [
              {
                "enabled": true,
                "healthy_threshold": 2,
                "interval": 15,
                "matcher": "200-399",
                "path": "/health",
                "port": "traffic-port",
                "protocol": "HTTP",
                "timeout": 5,
                "unhealthy_threshold": 3
              }
            ],
            "id": "arn:aws:elasticloadbalancing:us-east-1:452890924396:targetgroup/sibu-qa-tg-audit/19a6c94bfcb3872d",
            "ip_address_type": "ipv4",
            "lambda_multi_value_headers_enabled": false,
            "load_balancer_arns": [],
            "load_balancing_algorithm_type": "round_robin",
            "load_balancing_anomaly_mitigation": "off",
            "load_balancing_cross_zone_enabled": "use_load_balancer_configuration",
            "name": "sibu-qa-tg-audit",
            "name_prefix": "",
            "port": 8004,
            "preserve_client_ip": null,
            "protocol": "HTTP",
            "protocol_version": "HTTP1",
            "proxy_protocol_v2": false,
            "region": "us-east-1",
            "slow_start": 0,
            "stickiness": [
              {
                "cookie_duration": 86400,
                "cookie_name": "",
                "enabled": false,
                "type": "lb_cookie"
              }
            ],
            "tags": null,
            "tags_all": {},
            "target_control_port": 0,
            "target_failover": [
              {
                "on_deregistration": null,
                "on_unhealthy": null
              }
            ],
            "target_group_health": [
              {
                "dns_failover": [
                  {
                    "minimum_healthy_targets_count": "1",
                    "minimum_healthy_targets_percentage": "off"
                  }
                ],
                "unhealthy_state_routing": [
                  {
                    "minimum_healthy_targets_count": 1,
                    "minimum_healthy_targets_percentage": "off"
                  }
                ]
              }
            ],
            "target_health_state": [
              {
                "enable_unhealthy_connection_termination": null,
                "unhealthy_draining_interval": null
              }
            ],
            "target_type": "instance",
            "vpc_id": "vpc-213f515b"
          },
          "sensitive_attributes": [],
          "private": "bnVsbA==",
          "dependencies": [
            "data.aws_vpc.default"
          ]
        }
      ]
    },
    {
      "mode": "managed",
      "type": "aws_lb_target_group",
      "name": "tg_auth",
      "provider": "provider[\"registry.terraform.io/hashicorp/aws\"]",
      "instances": [
        {
          "schema_version": 0,
          "attributes": {
            "arn": "arn:aws:elasticloadbalancing:us-east-1:452890924396:targetgroup/sibu-qa-tg-auth/f36a7316eef96611",
            "arn_suffix": "targetgroup/sibu-qa-tg-auth/f36a7316eef96611",
            "connection_termination": null,
            "deregistration_delay": "300",
            "health_check": [
              {
                "enabled": true,
                "healthy_threshold": 2,
                "interval": 15,
                "matcher": "200-399",
                "path": "/health",
                "port": "traffic-port",
                "protocol": "HTTP",
                "timeout": 5,
                "unhealthy_threshold": 3
              }
            ],
            "id": "arn:aws:elasticloadbalancing:us-east-1:452890924396:targetgroup/sibu-qa-tg-auth/f36a7316eef96611",
            "ip_address_type": "ipv4",
            "lambda_multi_value_headers_enabled": false,
            "load_balancer_arns": [],
            "load_balancing_algorithm_type": "round_robin",
            "load_balancing_anomaly_mitigation": "off",
            "load_balancing_cross_zone_enabled": "use_load_balancer_configuration",
            "name": "sibu-qa-tg-auth",
            "name_prefix": "",
            "port": 8000,
            "preserve_client_ip": null,
            "protocol": "HTTP",
            "protocol_version": "HTTP1",
            "proxy_protocol_v2": false,
            "region": "us-east-1",
            "slow_start": 0,
            "stickiness": [
              {
                "cookie_duration": 86400,
                "cookie_name": "",
                "enabled": false,
                "type": "lb_cookie"
              }
            ],
            "tags": null,
            "tags_all": {},
            "target_control_port": 0,
            "target_failover": [
              {
                "on_deregistration": null,
                "on_unhealthy": null
              }
            ],
            "target_group_health": [
              {
                "dns_failover": [
                  {
                    "minimum_healthy_targets_count": "1",
                    "minimum_healthy_targets_percentage": "off"
                  }
                ],
                "unhealthy_state_routing": [
                  {
                    "minimum_healthy_targets_count": 1,
                    "minimum_healthy_targets_percentage": "off"
                  }
                ]
              }
            ],
            "target_health_state": [
              {
                "enable_unhealthy_connection_termination": null,
                "unhealthy_draining_interval": null
              }
            ],
            "target_type": "instance",
            "vpc_id": "vpc-213f515b"
          },
          "sensitive_attributes": [],
          "private": "bnVsbA==",
          "dependencies": [
            "data.aws_vpc.default"
          ]
        }
      ]
    },
    {
      "mode": "managed",
      "type": "aws_lb_target_group",
      "name": "tg_cases",
      "provider": "provider[\"registry.terraform.io/hashicorp/aws\"]",
      "instances": [
        {
          "schema_version": 0,
          "attributes": {
            "arn": "arn:aws:elasticloadbalancing:us-east-1:452890924396:targetgroup/sibu-qa-tg-cases/6fe1aaee53c2d5d1",
            "arn_suffix": "targetgroup/sibu-qa-tg-cases/6fe1aaee53c2d5d1",
            "connection_termination": null,
            "deregistration_delay": "300",
            "health_check": [
              {
                "enabled": true,
                "healthy_threshold": 2,
                "interval": 15,
                "matcher": "200-399",
                "path": "/health",
                "port": "traffic-port",
                "protocol": "HTTP",
                "timeout": 5,
                "unhealthy_threshold": 3
              }
            ],
            "id": "arn:aws:elasticloadbalancing:us-east-1:452890924396:targetgroup/sibu-qa-tg-cases/6fe1aaee53c2d5d1",
            "ip_address_type": "ipv4",
            "lambda_multi_value_headers_enabled": false,
            "load_balancer_arns": [],
            "load_balancing_algorithm_type": "round_robin",
            "load_balancing_anomaly_mitigation": "off",
            "load_balancing_cross_zone_enabled": "use_load_balancer_configuration",
            "name": "sibu-qa-tg-cases",
            "name_prefix": "",
            "port": 8002,
            "preserve_client_ip": null,
            "protocol": "HTTP",
            "protocol_version": "HTTP1",
            "proxy_protocol_v2": false,
            "region": "us-east-1",
            "slow_start": 0,
            "stickiness": [
              {
                "cookie_duration": 86400,
                "cookie_name": "",
                "enabled": false,
                "type": "lb_cookie"
              }
            ],
            "tags": null,
            "tags_all": {},
            "target_control_port": 0,
            "target_failover": [
              {
                "on_deregistration": null,
                "on_unhealthy": null
              }
            ],
            "target_group_health": [
              {
                "dns_failover": [
                  {
                    "minimum_healthy_targets_count": "1",
                    "minimum_healthy_targets_percentage": "off"
                  }
                ],
                "unhealthy_state_routing": [
                  {
                    "minimum_healthy_targets_count": 1,
                    "minimum_healthy_targets_percentage": "off"
                  }
                ]
              }
            ],
            "target_health_state": [
              {
                "enable_unhealthy_connection_termination": null,
                "unhealthy_draining_interval": null
              }
            ],
            "target_type": "instance",
            "vpc_id": "vpc-213f515b"
          },
          "sensitive_attributes": [],
          "private": "bnVsbA==",
          "dependencies": [
            "data.aws_vpc.default"
          ]
        }
      ]
    },
    {
      "mode": "managed",
      "type": "aws_lb_target_group",
      "name": "tg_reports",
      "provider": "provider[\"registry.terraform.io/hashicorp/aws\"]",
      "instances": [
        {
          "schema_version": 0,
          "attributes": {
            "arn": "arn:aws:elasticloadbalancing:us-east-1:452890924396:targetgroup/sibu-qa-tg-reports/00099a0a871aa963",
            "arn_suffix": "targetgroup/sibu-qa-tg-reports/00099a0a871aa963",
            "connection_termination": null,
            "deregistration_delay": "300",
            "health_check": [
              {
                "enabled": true,
                "healthy_threshold": 2,
                "interval": 15,
                "matcher": "200-399",
                "path": "/health",
                "port": "traffic-port",
                "protocol": "HTTP",
                "timeout": 5,
                "unhealthy_threshold": 3
              }
            ],
            "id": "arn:aws:elasticloadbalancing:us-east-1:452890924396:targetgroup/sibu-qa-tg-reports/00099a0a871aa963",
            "ip_address_type": "ipv4",
            "lambda_multi_value_headers_enabled": false,
            "load_balancer_arns": [],
            "load_balancing_algorithm_type": "round_robin",
            "load_balancing_anomaly_mitigation": "off",
            "load_balancing_cross_zone_enabled": "use_load_balancer_configuration",
            "name": "sibu-qa-tg-reports",
            "name_prefix": "",
            "port": 8005,
            "preserve_client_ip": null,
            "protocol": "HTTP",
            "protocol_version": "HTTP1",
            "proxy_protocol_v2": false,
            "region": "us-east-1",
            "slow_start": 0,
            "stickiness": [
              {
                "cookie_duration": 86400,
                "cookie_name": "",
                "enabled": false,
                "type": "lb_cookie"
              }
            ],
            "tags": null,
            "tags_all": {},
            "target_control_port": 0,
            "target_failover": [
              {
                "on_deregistration": null,
                "on_unhealthy": null
              }
            ],
            "target_group_health": [
              {
                "dns_failover": [
                  {
                    "minimum_healthy_targets_count": "1",
                    "minimum_healthy_targets_percentage": "off"
                  }
                ],
                "unhealthy_state_routing": [
                  {
                    "minimum_healthy_targets_count": 1,
                    "minimum_healthy_targets_percentage": "off"
                  }
                ]
              }
            ],
            "target_health_state": [
              {
                "enable_unhealthy_connection_termination": null,
                "unhealthy_draining_interval": null
              }
            ],
            "target_type": "instance",
            "vpc_id": "vpc-213f515b"
          },
          "sensitive_attributes": [],
          "private": "bnVsbA==",
          "dependencies": [
            "data.aws_vpc.default"
          ]
        }
      ]
    },
    {
      "mode": "managed",
      "type": "aws_lb_target_group",
      "name": "tg_users",
      "provider": "provider[\"registry.terraform.io/hashicorp/aws\"]",
      "instances": [
        {
          "schema_version": 0,
          "attributes": {
            "arn": "arn:aws:elasticloadbalancing:us-east-1:452890924396:targetgroup/sibu-qa-tg-users/500020308e347083",
            "arn_suffix": "targetgroup/sibu-qa-tg-users/500020308e347083",
            "connection_termination": null,
            "deregistration_delay": "300",
            "health_check": [
              {
                "enabled": true,
                "healthy_threshold": 2,
                "interval": 15,
                "matcher": "200-399",
                "path": "/health",
                "port": "traffic-port",
                "protocol": "HTTP",
                "timeout": 5,
                "unhealthy_threshold": 3
              }
            ],
            "id": "arn:aws:elasticloadbalancing:us-east-1:452890924396:targetgroup/sibu-qa-tg-users/500020308e347083",
            "ip_address_type": "ipv4",
            "lambda_multi_value_headers_enabled": false,
            "load_balancer_arns": [],
            "load_balancing_algorithm_type": "round_robin",
            "load_balancing_anomaly_mitigation": "off",
            "load_balancing_cross_zone_enabled": "use_load_balancer_configuration",
            "name": "sibu-qa-tg-users",
            "name_prefix": "",
            "port": 8001,
            "preserve_client_ip": null,
            "protocol": "HTTP",
            "protocol_version": "HTTP1",
            "proxy_protocol_v2": false,
            "region": "us-east-1",
            "slow_start": 0,
            "stickiness": [
              {
                "cookie_duration": 86400,
                "cookie_name": "",
                "enabled": false,
                "type": "lb_cookie"
              }
            ],
            "tags": null,
            "tags_all": {},
            "target_control_port": 0,
            "target_failover": [
              {
                "on_deregistration": null,
                "on_unhealthy": null
              }
            ],
            "target_group_health": [
              {
                "dns_failover": [
                  {
                    "minimum_healthy_targets_count": "1",
                    "minimum_healthy_targets_percentage": "off"
                  }
                ],
                "unhealthy_state_routing": [
                  {
                    "minimum_healthy_targets_count": 1,
                    "minimum_healthy_targets_percentage": "off"
                  }
                ]
              }
            ],
            "target_health_state": [
              {
                "enable_unhealthy_connection_termination": null,
                "unhealthy_draining_interval": null
              }
            ],
            "target_type": "instance",
            "vpc_id": "vpc-213f515b"
          },
          "sensitive_attributes": [],
          "private": "bnVsbA==",
          "dependencies": [
            "data.aws_vpc.default"
          ]
        }
      ]
    },
    {
      "mode": "managed",
      "type": "aws_security_group",
      "name": "alb_sg",
      "provider": "provider[\"registry.terraform.io/hashicorp/aws\"]",
      "instances": [
        {
          "schema_version": 1,
          "attributes": {
            "arn": "arn:aws:ec2:us-east-1:452890924396:security-group/sg-0c14c0627d8344577",
            "description": "ALB SG for sibu-qa",
            "egress": [
              {
                "cidr_blocks": [
                  "0.0.0.0/0"
                ],
                "description": "To instances",
                "from_port": 0,
                "ipv6_cidr_blocks": [],
                "prefix_list_ids": [],
                "protocol": "-1",
                "security_groups": [],
                "self": false,
                "to_port": 0
              }
            ],
            "id": "sg-0c14c0627d8344577",
            "ingress": [
              {
                "cidr_blocks": [
                  "0.0.0.0/0"
                ],
                "description": "HTTP from Internet",
                "from_port": 80,
                "ipv6_cidr_blocks": [],
                "prefix_list_ids": [],
                "protocol": "tcp",
                "security_groups": [],
                "self": false,
                "to_port": 80
              }
            ],
            "name": "sibu-qa-alb-sg",
            "name_prefix": "",
            "owner_id": "452890924396",
            "region": "us-east-1",
            "revoke_rules_on_delete": false,
            "tags": {
              "Name": "sibu-qa-alb-sg"
            },
            "tags_all": {
              "Name": "sibu-qa-alb-sg"
            },
            "timeouts": null,
            "vpc_id": "vpc-213f515b"
          },
          "sensitive_attributes": [],
          "private": "eyJlMmJmYjczMC1lY2FhLTExZTYtOGY4OC0zNDM2M2JjN2M0YzAiOnsiY3JlYXRlIjo2MDAwMDAwMDAwMDAsImRlbGV0ZSI6OTAwMDAwMDAwMDAwfSwic2NoZW1hX3ZlcnNpb24iOiIxIn0=",
          "dependencies": [
            "data.aws_vpc.default"
          ]
        }
      ]
    },
    {
      "mode": "managed",
      "type": "aws_security_group",
      "name": "sibu_sg",
      "provider": "provider[\"registry.terraform.io/hashicorp/aws\"]",
      "instances": [
        {
          "schema_version": 1,
          "attributes": {
            "arn": "arn:aws:ec2:us-east-1:452890924396:security-group/sg-00627b93064774f0d",
            "description": "SIBU QA SG",
            "egress": [
              {
                "cidr_blocks": [
                  "0.0.0.0/0"
                ],
                "description": "",
                "from_port": 0,
                "ipv6_cidr_blocks": [],
                "prefix_list_ids": [],
                "protocol": "-1",
                "security_groups": [],
                "self": false,
                "to_port": 0
              }
            ],
            "id": "sg-00627b93064774f0d",
            "ingress": [
              {
                "cidr_blocks": [
                  "0.0.0.0/0"
                ],
                "description": "",
                "from_port": 22,
                "ipv6_cidr_blocks": [],
                "prefix_list_ids": [],
                "protocol": "tcp",
                "security_groups": [],
                "self": false,
                "to_port": 22
              },
              {
                "cidr_blocks": [
                  "172.31.0.0/16"
                ],
                "description": "",
                "from_port": -1,
                "ipv6_cidr_blocks": [],
                "prefix_list_ids": [],
                "protocol": "icmp",
                "security_groups": [],
                "self": false,
                "to_port": -1
              },
              {
                "cidr_blocks": [
                  "172.31.0.0/16"
                ],
                "description": "",
                "from_port": 2181,
                "ipv6_cidr_blocks": [],
                "prefix_list_ids": [],
                "protocol": "tcp",
                "security_groups": [],
                "self": false,
                "to_port": 2181
              },
              {
                "cidr_blocks": [
                  "172.31.0.0/16"
                ],
                "description": "",
                "from_port": 29092,
                "ipv6_cidr_blocks": [],
                "prefix_list_ids": [],
                "protocol": "tcp",
                "security_groups": [],
                "self": false,
                "to_port": 29092
              },
              {
                "cidr_blocks": [
                  "172.31.0.0/16"
                ],
                "description": "",
                "from_port": 5432,
                "ipv6_cidr_blocks": [],
                "prefix_list_ids": [],
                "protocol": "tcp",
                "security_groups": [],
                "self": false,
                "to_port": 5432
              },
              {
                "cidr_blocks": [],
                "description": "",
                "from_port": 8000,
                "ipv6_cidr_blocks": [],
                "prefix_list_ids": [],
                "protocol": "tcp",
                "security_groups": [
                  "sg-0c14c0627d8344577"
                ],
                "self": false,
                "to_port": 8006
              }
            ],
            "name": "sibu-qa-sg1",
            "name_prefix": "",
            "owner_id": "452890924396",
            "region": "us-east-1",
            "revoke_rules_on_delete": false,
            "tags": {
              "Name": "sibu-qa-sg"
            },
            "tags_all": {
              "Name": "sibu-qa-sg"
            },
            "timeouts": null,
            "vpc_id": "vpc-213f515b"
          },
          "sensitive_attributes": [],
          "private": "eyJlMmJmYjczMC1lY2FhLTExZTYtOGY4OC0zNDM2M2JjN2M0YzAiOnsiY3JlYXRlIjo2MDAwMDAwMDAwMDAsImRlbGV0ZSI6OTAwMDAwMDAwMDAwfSwic2NoZW1hX3ZlcnNpb24iOiIxIn0=",
          "dependencies": [
            "aws_security_group.alb_sg",
            "data.aws_vpc.default"
          ]
        }
      ]
    }
  ],
  "check_results": null
}
