{
  "version": 4,
  "terraform_version": "1.14.0",
  "serial": 105,
  "lineage": "14a20e06-3754-a55a-4b07-7a1d96ab1124",
  "outputs": {
    "data_private_ip": {
      "value": "172.31.94.215",
      "type": "string"
    },
    "data_public_ip": {
      "value": "44.210.140.116",
      "type": "string"
    },
    "service_public_ips": {
      "value": {
        "admin": "3.90.15.34",
        "appointments": "34.230.43.208",
        "audit": "54.197.7.111",
        "auth": "35.175.247.201",
        "cases": "54.166.69.118",
        "reports": "18.233.155.41",
        "users": "18.212.57.145"
      },
      "type": [
        "object",
        {
          "admin": "string",
          "appointments": "string",
          "audit": "string",
          "auth": "string",
          "cases": "string",
          "reports": "string",
          "users": "string"
        }
      ]
    }
  },
  "resources": [
    {
      "mode": "data",
      "type": "aws_ami",
      "name": "al2023",
      "provider": "provider[\"registry.terraform.io/hashicorp/aws\"]",
      "instances": [
        {
          "schema_version": 0,
          "attributes": {
            "allow_unsafe_filter": null,
            "architecture": "x86_64",
            "arn": "arn:aws:ec2:us-east-1::image/ami-02ffee2b2e4bc6891",
            "block_device_mappings": [
              {
                "device_name": "/dev/xvda",
                "ebs": {
                  "delete_on_termination": "true",
                  "encrypted": "false",
                  "iops": "3000",
                  "snapshot_id": "snap-0a14d7605dc3069a4",
                  "throughput": "125",
                  "volume_initialization_rate": "0",
                  "volume_size": "2",
                  "volume_type": "gp3"
                },
                "no_device": "",
                "virtual_name": ""
              }
            ],
            "boot_mode": "uefi-preferred",
            "creation_date": "2026-01-02T18:44:11.000Z",
            "deprecation_time": "2026-04-02T00:00:00.000Z",
            "description": "Amazon Linux 2023 AMI 2023.10.20260105.0 x86_64 Minimal HVM kernel-6.12",
            "ena_support": true,
            "executable_users": null,
            "filter": [
              {
                "name": "name",
                "values": [
                  "al2023-ami-*-x86_64"
                ]
              }
            ],
            "hypervisor": "xen",
            "id": "ami-02ffee2b2e4bc6891",
            "image_id": "ami-02ffee2b2e4bc6891",
            "image_location": "amazon/al2023-ami-minimal-2023.10.20260105.0-kernel-6.12-x86_64",
            "image_owner_alias": "amazon",
            "image_type": "machine",
            "imds_support": "v2.0",
            "include_deprecated": false,
            "kernel_id": "",
            "last_launched_time": "",
            "most_recent": true,
            "name": "al2023-ami-minimal-2023.10.20260105.0-kernel-6.12-x86_64",
            "name_regex": null,
            "owner_id": "137112412989",
            "owners": [
              "amazon"
            ],
            "platform": "",
            "platform_details": "Linux/UNIX",
            "product_codes": [],
            "public": true,
            "ramdisk_id": "",
            "region": "us-east-1",
            "root_device_name": "/dev/xvda",
            "root_device_type": "ebs",
            "root_snapshot_id": "snap-0a14d7605dc3069a4",
            "sriov_net_support": "simple",
            "state": "available",
            "state_reason": {
              "code": "UNSET",
              "message": "UNSET"
            },
            "tags": {},
            "timeouts": null,
            "tpm_support": "",
            "uefi_data": null,
            "usage_operation": "RunInstances",
            "virtualization_type": "hvm"
          },
          "sensitive_attributes": [],
          "identity_schema_version": 0
        }
      ]
    },
    {
      "mode": "data",
      "type": "aws_subnets",
      "name": "default",
      "provider": "provider[\"registry.terraform.io/hashicorp/aws\"]",
      "instances": [
        {
          "schema_version": 0,
          "attributes": {
            "filter": [
              {
                "name": "vpc-id",
                "values": [
                  "vpc-213f515b"
                ]
              }
            ],
            "id": "us-east-1",
            "ids": [
              "subnet-3297ce1c",
              "subnet-935406f4",
              "subnet-949afcaa",
              "subnet-68d6c267",
              "subnet-4da2fd11",
              "subnet-d509eb98"
            ],
            "region": "us-east-1",
            "tags": null,
            "timeouts": null
          },
          "sensitive_attributes": [],
          "identity_schema_version": 0
        }
      ]
    },
    {
      "mode": "data",
      "type": "aws_vpc",
      "name": "default",
      "provider": "provider[\"registry.terraform.io/hashicorp/aws\"]",
      "instances": [
        {
          "schema_version": 0,
          "attributes": {
            "arn": "arn:aws:ec2:us-east-1:452890924396:vpc/vpc-213f515b",
            "cidr_block": "172.31.0.0/16",
            "cidr_block_associations": [
              {
                "association_id": "vpc-cidr-assoc-98661df4",
                "cidr_block": "172.31.0.0/16",
                "state": "associated"
              }
            ],
            "default": true,
            "dhcp_options_id": "dopt-886269f3",
            "enable_dns_hostnames": true,
            "enable_dns_support": true,
            "enable_network_address_usage_metrics": false,
            "filter": null,
            "id": "vpc-213f515b",
            "instance_tenancy": "default",
            "ipv6_association_id": "",
            "ipv6_cidr_block": "",
            "main_route_table_id": "rtb-44d2273a",
            "owner_id": "452890924396",
            "region": "us-east-1",
            "state": null,
            "tags": {},
            "timeouts": null
          },
          "sensitive_attributes": [],
          "identity_schema_version": 0
        }
      ]
    },
    {
      "mode": "managed",
      "type": "aws_instance",
      "name": "admin",
      "provider": "provider[\"registry.terraform.io/hashicorp/aws\"]",
      "instances": [
        {
          "schema_version": 2,
          "attributes": {
            "ami": "ami-02ffee2b2e4bc6891",
            "arn": "arn:aws:ec2:us-east-1:452890924396:instance/i-0fbe1d8f3c9eddffd",
            "associate_public_ip_address": true,
            "availability_zone": "us-east-1b",
            "capacity_reservation_specification": [
              {
                "capacity_reservation_preference": "open",
                "capacity_reservation_target": []
              }
            ],
            "cpu_options": [
              {
                "amd_sev_snp": "",
                "core_count": 1,
                "threads_per_core": 2
              }
            ],
            "credit_specification": [
              {
                "cpu_credits": "unlimited"
              }
            ],
            "disable_api_stop": false,
            "disable_api_termination": false,
            "ebs_block_device": [],
            "ebs_optimized": false,
            "enable_primary_ipv6": null,
            "enclave_options": [
              {
                "enabled": false
              }
            ],
            "ephemeral_block_device": [],
            "force_destroy": false,
            "get_password_data": false,
            "hibernation": false,
            "host_id": "",
            "host_resource_group_arn": null,
            "iam_instance_profile": "",
            "id": "i-0fbe1d8f3c9eddffd",
            "instance_initiated_shutdown_behavior": "stop",
            "instance_lifecycle": "",
            "instance_market_options": [],
            "instance_state": "running",
            "instance_type": "t3.micro",
            "ipv6_address_count": 0,
            "ipv6_addresses": [],
            "key_name": "sibu-qa-key",
            "launch_template": [],
            "maintenance_options": [
              {
                "auto_recovery": "default"
              }
            ],
            "metadata_options": [
              {
                "http_endpoint": "enabled",
                "http_protocol_ipv6": "disabled",
                "http_put_response_hop_limit": 2,
                "http_tokens": "required",
                "instance_metadata_tags": "disabled"
              }
            ],
            "monitoring": false,
            "network_interface": [],
            "outpost_arn": "",
            "password_data": "",
            "placement_group": "",
            "placement_group_id": "",
            "placement_partition_number": 0,
            "primary_network_interface": [
              {
                "delete_on_termination": true,
                "network_interface_id": "eni-0fd475657b1c29e01"
              }
            ],
            "primary_network_interface_id": "eni-0fd475657b1c29e01",
            "private_dns": "ip-172-31-88-193.ec2.internal",
            "private_dns_name_options": [
              {
                "enable_resource_name_dns_a_record": false,
                "enable_resource_name_dns_aaaa_record": false,
                "hostname_type": "ip-name"
              }
            ],
            "private_ip": "172.31.88.193",
            "public_dns": "ec2-3-90-15-34.compute-1.amazonaws.com",
            "public_ip": "3.90.15.34",
            "region": "us-east-1",
            "root_block_device": [
              {
                "delete_on_termination": true,
                "device_name": "/dev/xvda",
                "encrypted": false,
                "iops": 3000,
                "kms_key_id": "",
                "tags": null,
                "tags_all": {},
                "throughput": 125,
                "volume_id": "vol-0411a7cdca56a0102",
                "volume_size": 20,
                "volume_type": "gp3"
              }
            ],
            "secondary_private_ips": [],
            "security_groups": [
              "sibu-qa-sg1"
            ],
            "source_dest_check": true,
            "spot_instance_request_id": "",
            "subnet_id": "subnet-3297ce1c",
            "tags": {
              "Name": "sibu-qa-admin"
            },
            "tags_all": {
              "Name": "sibu-qa-admin"
            },
            "tenancy": "default",
            "timeouts": null,
            "user_data": "#!/bin/bash\nset -eux\n\ndnf update -y\ndnf install -y docker git nmap-ncat\n\n# -----------------------------\n# Swap (prevents OOM lockups on small instances)\n# -----------------------------\nif ! swapon --show | grep -q \"^/swapfile\"; then\n  (fallocate -l 1G /swapfile || dd if=/dev/zero of=/swapfile bs=1M count=1024) \u003e/dev/null 2\u003e\u00261 || true\n  chmod 600 /swapfile || true\n  mkswap /swapfile \u003e/dev/null 2\u003e\u00261 || true\n  swapon /swapfile || true\n  grep -q \"^/swapfile \" /etc/fstab 2\u003e/dev/null || echo \"/swapfile swap swap defaults 0 0\" \u003e\u003e /etc/fstab\nfi\n\ngroupadd -f docker || true\nsystemctl enable docker\nsystemctl start docker\nusermod -aG docker ec2-user || true\nchmod 666 /var/run/docker.sock || true\nsleep 5\n\ndocker network create sibu-net || true\n\n# --- DATA endpoints (DATA instance private IP) ---\nDATA_IP=\"172.31.94.215\"\n\nDATABASE_URL=\"postgresql+asyncpg://sibu:sibu@$DATA_IP:5432/sibu\"\nDB_HOST=\"$DATA_IP\"\nDB_PORT=\"5432\"\nDB_USER=\"sibu\"\nDB_PASSWORD=\"sibu\"\nDB_NAME=\"sibu\"\n\n# --- Wait for Postgres ---\necho \"Waiting for Postgres at $DATA_IP:5432 ...\"\nfor i in {1..90}; do\n  if nc -z \"$DATA_IP\" 5432 \u003e/dev/null 2\u003e\u00261; then\n    echo \"Postgres reachable\"\n    break\n  fi\n  echo \"Postgres not ready yet ($i)...\"\n  sleep 2\ndone\n\n# --- Wait for Kafka metadata ---\necho \"Waiting for Kafka at $DATA_IP:29092 ...\"\nfor i in {1..90}; do\n  if nc -z \"$DATA_IP\" 29092 \u003e/dev/null 2\u003e\u00261; then\n    echo \"Kafka port reachable\"\n    break\n  fi\n  echo \"Kafka not ready yet ($i)...\"\n  sleep 2\ndone\nsleep 10\n\ndocker pull jccasav/sibu-admin:qa\ndocker rm -f sibu-admin || true\n\ndocker run -d --name sibu-admin --restart always \\\n  -p 8006:8000 \\\n  --network sibu-net \\\n  --add-host postgres:$DATA_IP \\\n  --add-host db:$DATA_IP \\\n  --add-host sibu-postgres:$DATA_IP \\\n  --add-host kafka:$DATA_IP \\\n  -e DATABASE_URL=\"$DATABASE_URL\" \\\n  -e DB_HOST=\"$DB_HOST\" \\\n  -e DB_PORT=\"$DB_PORT\" \\\n  -e DB_USER=\"$DB_USER\" \\\n  -e DB_PASSWORD=\"$DB_PASSWORD\" \\\n  -e DB_NAME=\"$DB_NAME\" \\\n  jccasav/sibu-admin:qa\n\n# Quick local check\nsleep 3\ncurl -sS http://127.0.0.1:8006/health || true\n",
            "user_data_base64": null,
            "user_data_replace_on_change": false,
            "volume_tags": null,
            "vpc_security_group_ids": [
              "sg-06bdaa0f081faca60"
            ]
          },
          "sensitive_attributes": [],
          "identity_schema_version": 0,
          "identity": {
            "account_id": "452890924396",
            "id": "i-0fbe1d8f3c9eddffd",
            "region": "us-east-1"
          },
          "private": "eyJlMmJmYjczMC1lY2FhLTExZTYtOGY4OC0zNDM2M2JjN2M0YzAiOnsiY3JlYXRlIjo2MDAwMDAwMDAwMDAsImRlbGV0ZSI6MTIwMDAwMDAwMDAwMCwicmVhZCI6OTAwMDAwMDAwMDAwLCJ1cGRhdGUiOjYwMDAwMDAwMDAwMH0sInNjaGVtYV92ZXJzaW9uIjoiMiJ9",
          "dependencies": [
            "aws_instance.data",
            "aws_key_pair.qa_sibu",
            "aws_security_group.sibu_sg",
            "data.aws_ami.al2023",
            "data.aws_subnets.default",
            "data.aws_vpc.default"
          ]
        }
      ]
    },
    {
      "mode": "managed",
      "type": "aws_instance",
      "name": "appointments",
      "provider": "provider[\"registry.terraform.io/hashicorp/aws\"]",
      "instances": [
        {
          "schema_version": 2,
          "attributes": {
            "ami": "ami-02ffee2b2e4bc6891",
            "arn": "arn:aws:ec2:us-east-1:452890924396:instance/i-0f9a896bddbe21b7a",
            "associate_public_ip_address": true,
            "availability_zone": "us-east-1b",
            "capacity_reservation_specification": [
              {
                "capacity_reservation_preference": "open",
                "capacity_reservation_target": []
              }
            ],
            "cpu_options": [
              {
                "amd_sev_snp": "",
                "core_count": 1,
                "threads_per_core": 2
              }
            ],
            "credit_specification": [
              {
                "cpu_credits": "unlimited"
              }
            ],
            "disable_api_stop": false,
            "disable_api_termination": false,
            "ebs_block_device": [],
            "ebs_optimized": false,
            "enable_primary_ipv6": null,
            "enclave_options": [
              {
                "enabled": false
              }
            ],
            "ephemeral_block_device": [],
            "force_destroy": false,
            "get_password_data": false,
            "hibernation": false,
            "host_id": "",
            "host_resource_group_arn": null,
            "iam_instance_profile": "",
            "id": "i-0f9a896bddbe21b7a",
            "instance_initiated_shutdown_behavior": "stop",
            "instance_lifecycle": "",
            "instance_market_options": [],
            "instance_state": "running",
            "instance_type": "t3.micro",
            "ipv6_address_count": 0,
            "ipv6_addresses": [],
            "key_name": "sibu-qa-key",
            "launch_template": [],
            "maintenance_options": [
              {
                "auto_recovery": "default"
              }
            ],
            "metadata_options": [
              {
                "http_endpoint": "enabled",
                "http_protocol_ipv6": "disabled",
                "http_put_response_hop_limit": 2,
                "http_tokens": "required",
                "instance_metadata_tags": "disabled"
              }
            ],
            "monitoring": false,
            "network_interface": [],
            "outpost_arn": "",
            "password_data": "",
            "placement_group": "",
            "placement_group_id": "",
            "placement_partition_number": 0,
            "primary_network_interface": [
              {
                "delete_on_termination": true,
                "network_interface_id": "eni-0b06925c85dbebad8"
              }
            ],
            "primary_network_interface_id": "eni-0b06925c85dbebad8",
            "private_dns": "ip-172-31-80-70.ec2.internal",
            "private_dns_name_options": [
              {
                "enable_resource_name_dns_a_record": false,
                "enable_resource_name_dns_aaaa_record": false,
                "hostname_type": "ip-name"
              }
            ],
            "private_ip": "172.31.80.70",
            "public_dns": "ec2-34-230-43-208.compute-1.amazonaws.com",
            "public_ip": "34.230.43.208",
            "region": "us-east-1",
            "root_block_device": [
              {
                "delete_on_termination": true,
                "device_name": "/dev/xvda",
                "encrypted": false,
                "iops": 3000,
                "kms_key_id": "",
                "tags": null,
                "tags_all": {},
                "throughput": 125,
                "volume_id": "vol-032326b613b5cf08f",
                "volume_size": 20,
                "volume_type": "gp3"
              }
            ],
            "secondary_private_ips": [],
            "security_groups": [
              "sibu-qa-sg1"
            ],
            "source_dest_check": true,
            "spot_instance_request_id": "",
            "subnet_id": "subnet-3297ce1c",
            "tags": {
              "Name": "sibu-qa-appointments"
            },
            "tags_all": {
              "Name": "sibu-qa-appointments"
            },
            "tenancy": "default",
            "timeouts": null,
            "user_data": "#!/bin/bash\nset -eux\n\ndnf update -y\ndnf install -y docker git nmap-ncat\n\n# -----------------------------\n# Swap (prevents OOM lockups on small instances)\n# -----------------------------\nif ! swapon --show | grep -q \"^/swapfile\"; then\n  (fallocate -l 1G /swapfile || dd if=/dev/zero of=/swapfile bs=1M count=1024) \u003e/dev/null 2\u003e\u00261 || true\n  chmod 600 /swapfile || true\n  mkswap /swapfile \u003e/dev/null 2\u003e\u00261 || true\n  swapon /swapfile || true\n  grep -q \"^/swapfile \" /etc/fstab 2\u003e/dev/null || echo \"/swapfile swap swap defaults 0 0\" \u003e\u003e /etc/fstab\nfi\n\ngroupadd -f docker || true\nsystemctl enable docker\nsystemctl start docker\nusermod -aG docker ec2-user || true\nchmod 666 /var/run/docker.sock || true\nsleep 5\n\ndocker network create sibu-net || true\n\n# --- DATA endpoints (DATA instance private IP) ---\nDATA_IP=\"172.31.94.215\"\n\nDATABASE_URL=\"postgresql+asyncpg://sibu:sibu@$DATA_IP:5432/sibu\"\n# Appointments service uses POSTGRES_DSN (settings.POSTGRES_DSN)\nPOSTGRES_DSN=\"$DATABASE_URL\"\nDB_HOST=\"$DATA_IP\"\nDB_PORT=\"5432\"\nDB_USER=\"sibu\"\nDB_PASSWORD=\"sibu\"\nDB_NAME=\"sibu\"\n\n# --- Wait for Postgres ---\necho \"Waiting for Postgres at $DATA_IP:5432 ...\"\nfor i in {1..90}; do\n  if nc -z \"$DATA_IP\" 5432 \u003e/dev/null 2\u003e\u00261; then\n    echo \"Postgres reachable\"\n    break\n  fi\n  echo \"Postgres not ready yet ($i)...\"\n  sleep 2\ndone\n\n# --- Wait for Kafka metadata ---\necho \"Waiting for Kafka at $DATA_IP:29092 ...\"\nfor i in {1..90}; do\n  if nc -z \"$DATA_IP\" 29092 \u003e/dev/null 2\u003e\u00261; then\n    echo \"Kafka port reachable\"\n    break\n  fi\n  echo \"Kafka not ready yet ($i)...\"\n  sleep 2\ndone\nsleep 10\n\ndocker pull jccasav/sibu-appointments:qa\ndocker rm -f sibu-appointments || true\n\ndocker run -d --name sibu-appointments --restart always \\\n  -p 8003:8005 \\\n  --network sibu-net \\\n  --add-host postgres:$DATA_IP \\\n  --add-host db:$DATA_IP \\\n  --add-host sibu-postgres:$DATA_IP \\\n  --add-host kafka:$DATA_IP \\\n  -e POSTGRES_DSN=\"$POSTGRES_DSN\" \\\n  -e DATABASE_URL=\"$DATABASE_URL\" \\\n  -e DB_HOST=\"$DB_HOST\" \\\n  -e DB_PORT=\"$DB_PORT\" \\\n  -e DB_USER=\"$DB_USER\" \\\n  -e DB_PASSWORD=\"$DB_PASSWORD\" \\\n  -e DB_NAME=\"$DB_NAME\" \\\n  -e KAFKA_BOOTSTRAP_SERVERS=\"$DATA_IP:29092\" \\\n  -e KAFKA_BOOTSTRAP=\"$DATA_IP:29092\" \\\n  -e KAFKA_BROKER=\"$DATA_IP:29092\" \\\n  -e KAFKA_URL=\"$DATA_IP:29092\" \\\n  jccasav/sibu-appointments:qa\n\n# Quick local check\nsleep 3\ncurl -sS -I http://127.0.0.1:8003/docs || true\ncurl -sS http://127.0.0.1:8003/health || true\n",
            "user_data_base64": null,
            "user_data_replace_on_change": false,
            "volume_tags": null,
            "vpc_security_group_ids": [
              "sg-06bdaa0f081faca60"
            ]
          },
          "sensitive_attributes": [],
          "identity_schema_version": 0,
          "identity": {
            "account_id": "452890924396",
            "id": "i-0f9a896bddbe21b7a",
            "region": "us-east-1"
          },
          "private": "eyJlMmJmYjczMC1lY2FhLTExZTYtOGY4OC0zNDM2M2JjN2M0YzAiOnsiY3JlYXRlIjo2MDAwMDAwMDAwMDAsImRlbGV0ZSI6MTIwMDAwMDAwMDAwMCwicmVhZCI6OTAwMDAwMDAwMDAwLCJ1cGRhdGUiOjYwMDAwMDAwMDAwMH0sInNjaGVtYV92ZXJzaW9uIjoiMiJ9",
          "dependencies": [
            "aws_instance.data",
            "aws_key_pair.qa_sibu",
            "aws_security_group.sibu_sg",
            "data.aws_ami.al2023",
            "data.aws_subnets.default",
            "data.aws_vpc.default"
          ]
        }
      ]
    },
    {
      "mode": "managed",
      "type": "aws_instance",
      "name": "audit",
      "provider": "provider[\"registry.terraform.io/hashicorp/aws\"]",
      "instances": [
        {
          "schema_version": 2,
          "attributes": {
            "ami": "ami-02ffee2b2e4bc6891",
            "arn": "arn:aws:ec2:us-east-1:452890924396:instance/i-061c6815798d2ba0a",
            "associate_public_ip_address": true,
            "availability_zone": "us-east-1b",
            "capacity_reservation_specification": [
              {
                "capacity_reservation_preference": "open",
                "capacity_reservation_target": []
              }
            ],
            "cpu_options": [
              {
                "amd_sev_snp": "",
                "core_count": 1,
                "threads_per_core": 2
              }
            ],
            "credit_specification": [
              {
                "cpu_credits": "unlimited"
              }
            ],
            "disable_api_stop": false,
            "disable_api_termination": false,
            "ebs_block_device": [],
            "ebs_optimized": false,
            "enable_primary_ipv6": null,
            "enclave_options": [
              {
                "enabled": false
              }
            ],
            "ephemeral_block_device": [],
            "force_destroy": false,
            "get_password_data": false,
            "hibernation": false,
            "host_id": "",
            "host_resource_group_arn": null,
            "iam_instance_profile": "",
            "id": "i-061c6815798d2ba0a",
            "instance_initiated_shutdown_behavior": "stop",
            "instance_lifecycle": "",
            "instance_market_options": [],
            "instance_state": "running",
            "instance_type": "t3.micro",
            "ipv6_address_count": 0,
            "ipv6_addresses": [],
            "key_name": "sibu-qa-key",
            "launch_template": [],
            "maintenance_options": [
              {
                "auto_recovery": "default"
              }
            ],
            "metadata_options": [
              {
                "http_endpoint": "enabled",
                "http_protocol_ipv6": "disabled",
                "http_put_response_hop_limit": 2,
                "http_tokens": "required",
                "instance_metadata_tags": "disabled"
              }
            ],
            "monitoring": false,
            "network_interface": [],
            "outpost_arn": "",
            "password_data": "",
            "placement_group": "",
            "placement_group_id": "",
            "placement_partition_number": 0,
            "primary_network_interface": [
              {
                "delete_on_termination": true,
                "network_interface_id": "eni-04f571fe299899e6e"
              }
            ],
            "primary_network_interface_id": "eni-04f571fe299899e6e",
            "private_dns": "ip-172-31-85-124.ec2.internal",
            "private_dns_name_options": [
              {
                "enable_resource_name_dns_a_record": false,
                "enable_resource_name_dns_aaaa_record": false,
                "hostname_type": "ip-name"
              }
            ],
            "private_ip": "172.31.85.124",
            "public_dns": "ec2-54-197-7-111.compute-1.amazonaws.com",
            "public_ip": "54.197.7.111",
            "region": "us-east-1",
            "root_block_device": [
              {
                "delete_on_termination": true,
                "device_name": "/dev/xvda",
                "encrypted": false,
                "iops": 3000,
                "kms_key_id": "",
                "tags": null,
                "tags_all": {},
                "throughput": 125,
                "volume_id": "vol-0f70c05273e9b8e51",
                "volume_size": 20,
                "volume_type": "gp3"
              }
            ],
            "secondary_private_ips": [],
            "security_groups": [
              "sibu-qa-sg1"
            ],
            "source_dest_check": true,
            "spot_instance_request_id": "",
            "subnet_id": "subnet-3297ce1c",
            "tags": {
              "Name": "sibu-qa-audit"
            },
            "tags_all": {
              "Name": "sibu-qa-audit"
            },
            "tenancy": "default",
            "timeouts": null,
            "user_data": "#!/bin/bash\nset -eux\n\ndnf update -y\ndnf install -y docker git nmap-ncat\n\n# -----------------------------\n# Swap (prevents OOM lockups on small instances)\n# -----------------------------\nif ! swapon --show | grep -q \"^/swapfile\"; then\n  (fallocate -l 1G /swapfile || dd if=/dev/zero of=/swapfile bs=1M count=1024) \u003e/dev/null 2\u003e\u00261 || true\n  chmod 600 /swapfile || true\n  mkswap /swapfile \u003e/dev/null 2\u003e\u00261 || true\n  swapon /swapfile || true\n  grep -q \"^/swapfile \" /etc/fstab 2\u003e/dev/null || echo \"/swapfile swap swap defaults 0 0\" \u003e\u003e /etc/fstab\nfi\n\ngroupadd -f docker || true\nsystemctl enable docker\nsystemctl start docker\nusermod -aG docker ec2-user || true\nchmod 666 /var/run/docker.sock || true\nsleep 5\n\ndocker network create sibu-net || true\n\n# --- DATA endpoints (DATA instance private IP) ---\nDATA_IP=\"172.31.94.215\"\n\nDATABASE_URL=\"postgresql+asyncpg://sibu:sibu@$DATA_IP:5432/sibu\"\nDB_HOST=\"$DATA_IP\"\nDB_PORT=\"5432\"\nDB_USER=\"sibu\"\nDB_PASSWORD=\"sibu\"\nDB_NAME=\"sibu\"\n\n# --- Wait for Postgres ---\necho \"Waiting for Postgres at $DATA_IP:5432 ...\"\nfor i in {1..90}; do\n  if nc -z \"$DATA_IP\" 5432 \u003e/dev/null 2\u003e\u00261; then\n    echo \"Postgres reachable\"\n    break\n  fi\n  echo \"Postgres not ready yet ($i)...\"\n  sleep 2\ndone\n\n# --- Wait for Kafka metadata ---\necho \"Waiting for Kafka at $DATA_IP:29092 ...\"\nfor i in {1..90}; do\n  if nc -z \"$DATA_IP\" 29092 \u003e/dev/null 2\u003e\u00261; then\n    echo \"Kafka port reachable\"\n    break\n  fi\n  echo \"Kafka not ready yet ($i)...\"\n  sleep 2\ndone\nsleep 10\n\n### ------------------------------------------------------------\n### Audit-log depends on: MongoDB + RabbitMQ + MQTT\n### In QA we run these brokers locally on THIS instance (not on DATA)\n### ------------------------------------------------------------\n\n# Mongo\ndocker rm -f sibu-mongo || true\ndocker run -d --name sibu-mongo --restart always \\\n  --network sibu-net \\\n  mongo:7\n\n# RabbitMQ\ndocker rm -f sibu-rabbit || true\ndocker run -d --name sibu-rabbit --restart always \\\n  --network sibu-net \\\n  rabbitmq:3\n\n# MQTT (Mosquitto)\ndocker rm -f sibu-mqtt || true\ndocker run -d --name sibu-mqtt --restart always \\\n  --network sibu-net \\\n  eclipse-mosquitto:2\n\nsleep 5\n\n# --- Pull \u0026 Run audit-log service (image name in DockerHub uses underscore) ---\ndocker pull jccasav/sibu-audit_log:qa\ndocker rm -f sibu-audit || true\n\n# NOTE: this image runs Uvicorn on port 8006\ndocker run -d --name sibu-audit --restart always \\\n  -p 8004:8006 \\\n  --network sibu-net \\\n  --add-host postgres:$DATA_IP \\\n  --add-host db:$DATA_IP \\\n  --add-host sibu-postgres:$DATA_IP \\\n  --add-host kafka:$DATA_IP \\\n  -e DATABASE_URL=\"$DATABASE_URL\" \\\n  -e DB_HOST=\"$DB_HOST\" \\\n  -e DB_PORT=\"$DB_PORT\" \\\n  -e DB_USER=\"$DB_USER\" \\\n  -e DB_PASSWORD=\"$DB_PASSWORD\" \\\n  -e DB_NAME=\"$DB_NAME\" \\\n  -e KAFKA_BOOTSTRAP=\"$DATA_IP:29092\" \\\n  -e RABBITMQ_URL=\"amqp://guest:guest@sibu-rabbit:5672/\" \\\n  -e MONGO_URI=\"mongodb://sibu-mongo:27017\" \\\n  -e MQTT_BROKER=\"sibu-mqtt\" \\\n  -e MQTT_PORT=\"1883\" \\\n  jccasav/sibu-audit_log:qa\n\n# Quick local check\nsleep 3\ncurl -sS -I http://127.0.0.1:8004/docs || true\n",
            "user_data_base64": null,
            "user_data_replace_on_change": false,
            "volume_tags": null,
            "vpc_security_group_ids": [
              "sg-06bdaa0f081faca60"
            ]
          },
          "sensitive_attributes": [],
          "identity_schema_version": 0,
          "identity": {
            "account_id": "452890924396",
            "id": "i-061c6815798d2ba0a",
            "region": "us-east-1"
          },
          "private": "eyJlMmJmYjczMC1lY2FhLTExZTYtOGY4OC0zNDM2M2JjN2M0YzAiOnsiY3JlYXRlIjo2MDAwMDAwMDAwMDAsImRlbGV0ZSI6MTIwMDAwMDAwMDAwMCwicmVhZCI6OTAwMDAwMDAwMDAwLCJ1cGRhdGUiOjYwMDAwMDAwMDAwMH0sInNjaGVtYV92ZXJzaW9uIjoiMiJ9",
          "dependencies": [
            "aws_instance.data",
            "aws_key_pair.qa_sibu",
            "aws_security_group.sibu_sg",
            "data.aws_ami.al2023",
            "data.aws_subnets.default",
            "data.aws_vpc.default"
          ]
        }
      ]
    },
    {
      "mode": "managed",
      "type": "aws_instance",
      "name": "auth",
      "provider": "provider[\"registry.terraform.io/hashicorp/aws\"]",
      "instances": [
        {
          "schema_version": 2,
          "attributes": {
            "ami": "ami-02ffee2b2e4bc6891",
            "arn": "arn:aws:ec2:us-east-1:452890924396:instance/i-032623ada9176cb04",
            "associate_public_ip_address": true,
            "availability_zone": "us-east-1b",
            "capacity_reservation_specification": [
              {
                "capacity_reservation_preference": "open",
                "capacity_reservation_target": []
              }
            ],
            "cpu_options": [
              {
                "amd_sev_snp": "",
                "core_count": 1,
                "threads_per_core": 2
              }
            ],
            "credit_specification": [
              {
                "cpu_credits": "unlimited"
              }
            ],
            "disable_api_stop": false,
            "disable_api_termination": false,
            "ebs_block_device": [],
            "ebs_optimized": false,
            "enable_primary_ipv6": null,
            "enclave_options": [
              {
                "enabled": false
              }
            ],
            "ephemeral_block_device": [],
            "force_destroy": false,
            "get_password_data": false,
            "hibernation": false,
            "host_id": "",
            "host_resource_group_arn": null,
            "iam_instance_profile": "",
            "id": "i-032623ada9176cb04",
            "instance_initiated_shutdown_behavior": "stop",
            "instance_lifecycle": "",
            "instance_market_options": [],
            "instance_state": "running",
            "instance_type": "t3.micro",
            "ipv6_address_count": 0,
            "ipv6_addresses": [],
            "key_name": "sibu-qa-key",
            "launch_template": [],
            "maintenance_options": [
              {
                "auto_recovery": "default"
              }
            ],
            "metadata_options": [
              {
                "http_endpoint": "enabled",
                "http_protocol_ipv6": "disabled",
                "http_put_response_hop_limit": 2,
                "http_tokens": "required",
                "instance_metadata_tags": "disabled"
              }
            ],
            "monitoring": false,
            "network_interface": [],
            "outpost_arn": "",
            "password_data": "",
            "placement_group": "",
            "placement_group_id": "",
            "placement_partition_number": 0,
            "primary_network_interface": [
              {
                "delete_on_termination": true,
                "network_interface_id": "eni-051ae823a7e21af08"
              }
            ],
            "primary_network_interface_id": "eni-051ae823a7e21af08",
            "private_dns": "ip-172-31-83-113.ec2.internal",
            "private_dns_name_options": [
              {
                "enable_resource_name_dns_a_record": false,
                "enable_resource_name_dns_aaaa_record": false,
                "hostname_type": "ip-name"
              }
            ],
            "private_ip": "172.31.83.113",
            "public_dns": "ec2-35-175-247-201.compute-1.amazonaws.com",
            "public_ip": "35.175.247.201",
            "region": "us-east-1",
            "root_block_device": [
              {
                "delete_on_termination": true,
                "device_name": "/dev/xvda",
                "encrypted": false,
                "iops": 3000,
                "kms_key_id": "",
                "tags": null,
                "tags_all": {},
                "throughput": 125,
                "volume_id": "vol-012141372d41f82d0",
                "volume_size": 20,
                "volume_type": "gp3"
              }
            ],
            "secondary_private_ips": [],
            "security_groups": [
              "sibu-qa-sg1"
            ],
            "source_dest_check": true,
            "spot_instance_request_id": "",
            "subnet_id": "subnet-3297ce1c",
            "tags": {
              "Name": "sibu-qa-auth"
            },
            "tags_all": {
              "Name": "sibu-qa-auth"
            },
            "tenancy": "default",
            "timeouts": null,
            "user_data": "#!/bin/bash\nset -eux\n\ndnf update -y\ndnf install -y docker git nmap-ncat\n\n# -----------------------------\n# Swap (prevents OOM lockups on small instances)\n# -----------------------------\nif ! swapon --show | grep -q \"^/swapfile\"; then\n  (fallocate -l 1G /swapfile || dd if=/dev/zero of=/swapfile bs=1M count=1024) \u003e/dev/null 2\u003e\u00261 || true\n  chmod 600 /swapfile || true\n  mkswap /swapfile \u003e/dev/null 2\u003e\u00261 || true\n  swapon /swapfile || true\n  grep -q \"^/swapfile \" /etc/fstab 2\u003e/dev/null || echo \"/swapfile swap swap defaults 0 0\" \u003e\u003e /etc/fstab\nfi\n\ngroupadd -f docker || true\nsystemctl enable docker\nsystemctl start docker\nusermod -aG docker ec2-user || true\nchmod 666 /var/run/docker.sock || true\nsleep 5\n\ndocker network create sibu-net || true\n\n# --- DATA endpoints (DATA instance private IP) ---\nDATA_IP=\"172.31.94.215\"\n\nDATABASE_URL=\"postgresql+asyncpg://sibu:sibu@$DATA_IP:5432/sibu\"\nDB_HOST=\"$DATA_IP\"\nDB_PORT=\"5432\"\nDB_USER=\"sibu\"\nDB_PASSWORD=\"sibu\"\nDB_NAME=\"sibu\"\n\n# --- Wait for Postgres ---\necho \"Waiting for Postgres at $DATA_IP:5432 ...\"\nfor i in {1..90}; do\n  if nc -z \"$DATA_IP\" 5432 \u003e/dev/null 2\u003e\u00261; then\n    echo \"Postgres reachable\"\n    break\n  fi\n  echo \"Postgres not ready yet ($i)...\"\n  sleep 2\ndone\n\n# --- Wait for Kafka metadata ---\necho \"Waiting for Kafka at $DATA_IP:29092 ...\"\nfor i in {1..90}; do\n  if nc -z \"$DATA_IP\" 29092 \u003e/dev/null 2\u003e\u00261; then\n    echo \"Kafka port reachable\"\n    break\n  fi\n  echo \"Kafka not ready yet ($i)...\"\n  sleep 2\ndone\nsleep 10\n\ndocker pull jccasav/sibu-auth:qa\ndocker rm -f sibu-auth || true\n\ndocker run -d --name sibu-auth --restart always \\\n  -p 8000:8000 \\\n  --network sibu-net \\\n  --add-host postgres:$DATA_IP \\\n  --add-host db:$DATA_IP \\\n  --add-host sibu-postgres:$DATA_IP \\\n  --add-host kafka:$DATA_IP \\\n  -e DATABASE_URL=\"$DATABASE_URL\" \\\n  -e DB_HOST=\"$DB_HOST\" \\\n  -e DB_PORT=\"$DB_PORT\" \\\n  -e DB_USER=\"$DB_USER\" \\\n  -e DB_PASSWORD=\"$DB_PASSWORD\" \\\n  -e DB_NAME=\"$DB_NAME\" \\\n  -e KAFKA_BOOTSTRAP_SERVERS=\"$DATA_IP:29092\" \\\n  -e KAFKA_BOOTSTRAP=\"$DATA_IP:29092\" \\\n  -e KAFKA_BROKER=\"$DATA_IP:29092\" \\\n  -e KAFKA_URL=\"$DATA_IP:29092\" \\\n  jccasav/sibu-auth:qa\n\n# Quick local check\nsleep 3\ncurl -sS http://127.0.0.1:8000/health || true\n",
            "user_data_base64": null,
            "user_data_replace_on_change": false,
            "volume_tags": null,
            "vpc_security_group_ids": [
              "sg-06bdaa0f081faca60"
            ]
          },
          "sensitive_attributes": [],
          "identity_schema_version": 0,
          "identity": {
            "account_id": "452890924396",
            "id": "i-032623ada9176cb04",
            "region": "us-east-1"
          },
          "private": "eyJlMmJmYjczMC1lY2FhLTExZTYtOGY4OC0zNDM2M2JjN2M0YzAiOnsiY3JlYXRlIjo2MDAwMDAwMDAwMDAsImRlbGV0ZSI6MTIwMDAwMDAwMDAwMCwicmVhZCI6OTAwMDAwMDAwMDAwLCJ1cGRhdGUiOjYwMDAwMDAwMDAwMH0sInNjaGVtYV92ZXJzaW9uIjoiMiJ9",
          "dependencies": [
            "aws_instance.data",
            "aws_key_pair.qa_sibu",
            "aws_security_group.sibu_sg",
            "data.aws_ami.al2023",
            "data.aws_subnets.default",
            "data.aws_vpc.default"
          ]
        }
      ]
    },
    {
      "mode": "managed",
      "type": "aws_instance",
      "name": "cases",
      "provider": "provider[\"registry.terraform.io/hashicorp/aws\"]",
      "instances": [
        {
          "schema_version": 2,
          "attributes": {
            "ami": "ami-02ffee2b2e4bc6891",
            "arn": "arn:aws:ec2:us-east-1:452890924396:instance/i-05a24796f275f6100",
            "associate_public_ip_address": true,
            "availability_zone": "us-east-1b",
            "capacity_reservation_specification": [
              {
                "capacity_reservation_preference": "open",
                "capacity_reservation_target": []
              }
            ],
            "cpu_options": [
              {
                "amd_sev_snp": "",
                "core_count": 1,
                "threads_per_core": 2
              }
            ],
            "credit_specification": [
              {
                "cpu_credits": "unlimited"
              }
            ],
            "disable_api_stop": false,
            "disable_api_termination": false,
            "ebs_block_device": [],
            "ebs_optimized": false,
            "enable_primary_ipv6": null,
            "enclave_options": [
              {
                "enabled": false
              }
            ],
            "ephemeral_block_device": [],
            "force_destroy": false,
            "get_password_data": false,
            "hibernation": false,
            "host_id": "",
            "host_resource_group_arn": null,
            "iam_instance_profile": "",
            "id": "i-05a24796f275f6100",
            "instance_initiated_shutdown_behavior": "stop",
            "instance_lifecycle": "",
            "instance_market_options": [],
            "instance_state": "running",
            "instance_type": "t3.micro",
            "ipv6_address_count": 0,
            "ipv6_addresses": [],
            "key_name": "sibu-qa-key",
            "launch_template": [],
            "maintenance_options": [
              {
                "auto_recovery": "default"
              }
            ],
            "metadata_options": [
              {
                "http_endpoint": "enabled",
                "http_protocol_ipv6": "disabled",
                "http_put_response_hop_limit": 2,
                "http_tokens": "required",
                "instance_metadata_tags": "disabled"
              }
            ],
            "monitoring": false,
            "network_interface": [],
            "outpost_arn": "",
            "password_data": "",
            "placement_group": "",
            "placement_group_id": "",
            "placement_partition_number": 0,
            "primary_network_interface": [
              {
                "delete_on_termination": true,
                "network_interface_id": "eni-0e5b9c4681f131e25"
              }
            ],
            "primary_network_interface_id": "eni-0e5b9c4681f131e25",
            "private_dns": "ip-172-31-84-27.ec2.internal",
            "private_dns_name_options": [
              {
                "enable_resource_name_dns_a_record": false,
                "enable_resource_name_dns_aaaa_record": false,
                "hostname_type": "ip-name"
              }
            ],
            "private_ip": "172.31.84.27",
            "public_dns": "ec2-54-166-69-118.compute-1.amazonaws.com",
            "public_ip": "54.166.69.118",
            "region": "us-east-1",
            "root_block_device": [
              {
                "delete_on_termination": true,
                "device_name": "/dev/xvda",
                "encrypted": false,
                "iops": 3000,
                "kms_key_id": "",
                "tags": null,
                "tags_all": {},
                "throughput": 125,
                "volume_id": "vol-06672fde7a3e65a3d",
                "volume_size": 20,
                "volume_type": "gp3"
              }
            ],
            "secondary_private_ips": [],
            "security_groups": [
              "sibu-qa-sg1"
            ],
            "source_dest_check": true,
            "spot_instance_request_id": "",
            "subnet_id": "subnet-3297ce1c",
            "tags": {
              "Name": "sibu-qa-cases"
            },
            "tags_all": {
              "Name": "sibu-qa-cases"
            },
            "tenancy": "default",
            "timeouts": null,
            "user_data": "#!/bin/bash\nset -eux\n\ndnf update -y\ndnf install -y docker git nmap-ncat\n\n# -----------------------------\n# Swap (prevents OOM lockups on small instances)\n# -----------------------------\nif ! swapon --show | grep -q \"^/swapfile\"; then\n  (fallocate -l 1G /swapfile || dd if=/dev/zero of=/swapfile bs=1M count=1024) \u003e/dev/null 2\u003e\u00261 || true\n  chmod 600 /swapfile || true\n  mkswap /swapfile \u003e/dev/null 2\u003e\u00261 || true\n  swapon /swapfile || true\n  grep -q \"^/swapfile \" /etc/fstab 2\u003e/dev/null || echo \"/swapfile swap swap defaults 0 0\" \u003e\u003e /etc/fstab\nfi\n\ngroupadd -f docker || true\nsystemctl enable docker\nsystemctl start docker\nusermod -aG docker ec2-user || true\nchmod 666 /var/run/docker.sock || true\nsleep 5\n\ndocker network create sibu-net || true\n\n# --- DATA endpoints (DATA instance private IP) ---\nDATA_IP=\"172.31.94.215\"\n\nDATABASE_URL=\"postgresql+asyncpg://sibu:sibu@$DATA_IP:5432/sibu\"\nDB_HOST=\"$DATA_IP\"\nDB_PORT=\"5432\"\nDB_USER=\"sibu\"\nDB_PASSWORD=\"sibu\"\nDB_NAME=\"sibu\"\n\n# --- Wait for Postgres ---\necho \"Waiting for Postgres at $DATA_IP:5432 ...\"\nfor i in {1..90}; do\n  if nc -z \"$DATA_IP\" 5432 \u003e/dev/null 2\u003e\u00261; then\n    echo \"Postgres reachable\"\n    break\n  fi\n  echo \"Postgres not ready yet ($i)...\"\n  sleep 2\ndone\n\n# --- Wait for Kafka metadata ---\necho \"Waiting for Kafka at $DATA_IP:29092 ...\"\nfor i in {1..90}; do\n  if nc -z \"$DATA_IP\" 29092 \u003e/dev/null 2\u003e\u00261; then\n    echo \"Kafka port reachable\"\n    break\n  fi\n  echo \"Kafka not ready yet ($i)...\"\n  sleep 2\ndone\nsleep 10\n\ndocker pull jccasav/sibu-cases:qa\ndocker rm -f sibu-cases || true\n\ndocker run -d --name sibu-cases --restart always \\\n  -p 8002:8003 \\\n  --network sibu-net \\\n  --add-host postgres:$DATA_IP \\\n  --add-host db:$DATA_IP \\\n  --add-host sibu-postgres:$DATA_IP \\\n  --add-host kafka:$DATA_IP \\\n  -e DATABASE_URL=\"$DATABASE_URL\" \\\n  -e DB_HOST=\"$DB_HOST\" \\\n  -e DB_PORT=\"$DB_PORT\" \\\n  -e DB_USER=\"$DB_USER\" \\\n  -e DB_PASSWORD=\"$DB_PASSWORD\" \\\n  -e DB_NAME=\"$DB_NAME\" \\\n  -e KAFKA_BOOTSTRAP_SERVERS=\"$DATA_IP:29092\" \\\n  -e KAFKA_BOOTSTRAP=\"$DATA_IP:29092\" \\\n  -e KAFKA_BROKER=\"$DATA_IP:29092\" \\\n  -e KAFKA_URL=\"$DATA_IP:29092\" \\\n  jccasav/sibu-cases:qa\n\n# Quick local check\nsleep 3\ncurl -sS http://127.0.0.1:8002/health || true\n",
            "user_data_base64": null,
            "user_data_replace_on_change": false,
            "volume_tags": null,
            "vpc_security_group_ids": [
              "sg-06bdaa0f081faca60"
            ]
          },
          "sensitive_attributes": [],
          "identity_schema_version": 0,
          "identity": {
            "account_id": "452890924396",
            "id": "i-05a24796f275f6100",
            "region": "us-east-1"
          },
          "private": "eyJlMmJmYjczMC1lY2FhLTExZTYtOGY4OC0zNDM2M2JjN2M0YzAiOnsiY3JlYXRlIjo2MDAwMDAwMDAwMDAsImRlbGV0ZSI6MTIwMDAwMDAwMDAwMCwicmVhZCI6OTAwMDAwMDAwMDAwLCJ1cGRhdGUiOjYwMDAwMDAwMDAwMH0sInNjaGVtYV92ZXJzaW9uIjoiMiJ9",
          "dependencies": [
            "aws_instance.data",
            "aws_key_pair.qa_sibu",
            "aws_security_group.sibu_sg",
            "data.aws_ami.al2023",
            "data.aws_subnets.default",
            "data.aws_vpc.default"
          ]
        }
      ]
    },
    {
      "mode": "managed",
      "type": "aws_instance",
      "name": "data",
      "provider": "provider[\"registry.terraform.io/hashicorp/aws\"]",
      "instances": [
        {
          "schema_version": 2,
          "attributes": {
            "ami": "ami-02ffee2b2e4bc6891",
            "arn": "arn:aws:ec2:us-east-1:452890924396:instance/i-0d67247276e4f8557",
            "associate_public_ip_address": true,
            "availability_zone": "us-east-1b",
            "capacity_reservation_specification": [
              {
                "capacity_reservation_preference": "open",
                "capacity_reservation_target": []
              }
            ],
            "cpu_options": [
              {
                "amd_sev_snp": "",
                "core_count": 1,
                "threads_per_core": 2
              }
            ],
            "credit_specification": [
              {
                "cpu_credits": "unlimited"
              }
            ],
            "disable_api_stop": false,
            "disable_api_termination": false,
            "ebs_block_device": [],
            "ebs_optimized": false,
            "enable_primary_ipv6": null,
            "enclave_options": [
              {
                "enabled": false
              }
            ],
            "ephemeral_block_device": [],
            "force_destroy": false,
            "get_password_data": false,
            "hibernation": false,
            "host_id": "",
            "host_resource_group_arn": null,
            "iam_instance_profile": "",
            "id": "i-0d67247276e4f8557",
            "instance_initiated_shutdown_behavior": "stop",
            "instance_lifecycle": "",
            "instance_market_options": [],
            "instance_state": "running",
            "instance_type": "t3.small",
            "ipv6_address_count": 0,
            "ipv6_addresses": [],
            "key_name": "sibu-qa-key",
            "launch_template": [],
            "maintenance_options": [
              {
                "auto_recovery": "default"
              }
            ],
            "metadata_options": [
              {
                "http_endpoint": "enabled",
                "http_protocol_ipv6": "disabled",
                "http_put_response_hop_limit": 2,
                "http_tokens": "required",
                "instance_metadata_tags": "disabled"
              }
            ],
            "monitoring": false,
            "network_interface": [],
            "outpost_arn": "",
            "password_data": "",
            "placement_group": "",
            "placement_group_id": "",
            "placement_partition_number": 0,
            "primary_network_interface": [
              {
                "delete_on_termination": true,
                "network_interface_id": "eni-08ac984f4bd96ea28"
              }
            ],
            "primary_network_interface_id": "eni-08ac984f4bd96ea28",
            "private_dns": "ip-172-31-94-215.ec2.internal",
            "private_dns_name_options": [
              {
                "enable_resource_name_dns_a_record": false,
                "enable_resource_name_dns_aaaa_record": false,
                "hostname_type": "ip-name"
              }
            ],
            "private_ip": "172.31.94.215",
            "public_dns": "ec2-44-210-140-116.compute-1.amazonaws.com",
            "public_ip": "44.210.140.116",
            "region": "us-east-1",
            "root_block_device": [
              {
                "delete_on_termination": true,
                "device_name": "/dev/xvda",
                "encrypted": false,
                "iops": 3000,
                "kms_key_id": "",
                "tags": null,
                "tags_all": {},
                "throughput": 125,
                "volume_id": "vol-0b8dc88040e0cc3a5",
                "volume_size": 30,
                "volume_type": "gp3"
              }
            ],
            "secondary_private_ips": [],
            "security_groups": [
              "sibu-qa-sg1"
            ],
            "source_dest_check": true,
            "spot_instance_request_id": "",
            "subnet_id": "subnet-3297ce1c",
            "tags": {
              "Name": "sibu-qa-data"
            },
            "tags_all": {
              "Name": "sibu-qa-data"
            },
            "tenancy": "default",
            "timeouts": null,
            "user_data": "#!/bin/bash\nset -eux\n\ndnf update -y\ndnf install -y docker git nmap-ncat\n\n# -----------------------------\n# Swap (prevents OOM lockups on small instances)\n# -----------------------------\nif ! swapon --show | grep -q \"^/swapfile\"; then\n  (fallocate -l 1G /swapfile || dd if=/dev/zero of=/swapfile bs=1M count=1024) \u003e/dev/null 2\u003e\u00261 || true\n  chmod 600 /swapfile || true\n  mkswap /swapfile \u003e/dev/null 2\u003e\u00261 || true\n  swapon /swapfile || true\n  grep -q \"^/swapfile \" /etc/fstab 2\u003e/dev/null || echo \"/swapfile swap swap defaults 0 0\" \u003e\u003e /etc/fstab\nfi\n\ngroupadd -f docker || true\nsystemctl enable docker\nsystemctl start docker\n\n# Allow ec2-user to use docker without sudo\nusermod -aG docker ec2-user || true\nchmod 666 /var/run/docker.sock || true\n\nsleep 5\ndocker network create sibu-net || true\n\nDATA_IP=\"$(hostname -I | awk '{print $1}')\"\necho \"DATA_IP=$DATA_IP\"\n\n# -----------------------------\n# Postgres\n# -----------------------------\ndocker pull postgres:16\ndocker rm -f sibu-postgres || true\ndocker volume create pgdata || true\n\ndocker run -d --name sibu-postgres --restart always \\\n  --network sibu-net \\\n  -p 5432:5432 \\\n  -e POSTGRES_USER=sibu \\\n  -e POSTGRES_PASSWORD=sibu \\\n  -e POSTGRES_DB=sibu \\\n  -v pgdata:/var/lib/postgresql/data \\\n  postgres:16\n\n# Wait Postgres\nfor i in {1..90}; do\n  if docker exec sibu-postgres pg_isready -U sibu -d sibu \u003e/dev/null 2\u003e\u00261; then\n    echo \"Postgres ready\"\n    break\n  fi\n  echo \"Postgres not ready yet ($i)...\"\n  sleep 2\ndone\n\n# -----------------------------\n# Zookeeper\n# -----------------------------\ndocker pull confluentinc/cp-zookeeper:7.6.1\ndocker rm -f sibu-zookeeper || true\n\ndocker run -d --name sibu-zookeeper --restart always \\\n  --network sibu-net \\\n  -p 2181:2181 \\\n  -e ZOOKEEPER_CLIENT_PORT=2181 \\\n  -e ZOOKEEPER_TICK_TIME=2000 \\\n  confluentinc/cp-zookeeper:7.6.1\n\n# Wait Zookeeper\nfor i in {1..60}; do\n  if nc -z 127.0.0.1 2181 \u003e/dev/null 2\u003e\u00261; then\n    echo \"Zookeeper ready\"\n    break\n  fi\n  echo \"Zookeeper not ready yet ($i)...\"\n  sleep 2\ndone\n\n# -----------------------------\n# Kafka\n# -----------------------------\ndocker pull confluentinc/cp-kafka:7.6.1\ndocker rm -f kafka || true\n\ndocker run -d --name kafka --restart always \\\n  --network sibu-net \\\n  -p 29092:29092 \\\n  -e KAFKA_BROKER_ID=1 \\\n  -e KAFKA_ZOOKEEPER_CONNECT=\"sibu-zookeeper:2181\" \\\n  -e KAFKA_LISTENERS=\"PLAINTEXT://0.0.0.0:29092\" \\\n  -e KAFKA_ADVERTISED_LISTENERS=\"PLAINTEXT://$DATA_IP:29092\" \\\n  -e KAFKA_LISTENER_SECURITY_PROTOCOL_MAP=\"PLAINTEXT:PLAINTEXT\" \\\n  -e KAFKA_INTER_BROKER_LISTENER_NAME=\"PLAINTEXT\" \\\n  -e KAFKA_OFFSETS_TOPIC_REPLICATION_FACTOR=1 \\\n  -e KAFKA_TRANSACTION_STATE_LOG_REPLICATION_FACTOR=1 \\\n  -e KAFKA_TRANSACTION_STATE_LOG_MIN_ISR=1 \\\n  -e KAFKA_AUTO_CREATE_TOPICS_ENABLE=false \\\n  -e KAFKA_LOG_CLEANER_ENABLE=false \\\n  -e KAFKA_HEAP_OPTS=\"-Xms384m -Xmx384m\" \\\n  --memory=\"900m\" --memory-swap=\"1400m\" \\\n  confluentinc/cp-kafka:7.6.1\n\n# Wait Kafka port\nfor i in {1..90}; do\n  if nc -z 127.0.0.1 29092 \u003e/dev/null 2\u003e\u00261; then\n    echo \"Kafka port open\"\n    break\n  fi\n  echo \"Kafka not ready yet ($i)...\"\n  sleep 2\ndone\n\n# Wait Kafka metadata\nfor i in {1..120}; do\n  if docker exec kafka kafka-topics --bootstrap-server 127.0.0.1:29092 --list \u003e/dev/null 2\u003e\u00261; then\n    echo \"Kafka metadata ready\"\n    break\n  fi\n  echo \"Kafka metadata not ready yet ($i)...\"\n  sleep 2\ndone\n\n# -----------------------------\n# CREATE REQUIRED TOPICS (FINAL FIX)\n# -----------------------------\ndocker exec kafka kafka-topics --bootstrap-server 127.0.0.1:29092 \\\n  --create --if-not-exists --topic sibu.user.events --partitions 1 --replication-factor 1 || true\n\ndocker exec kafka kafka-topics --bootstrap-server 127.0.0.1:29092 \\\n  --create --if-not-exists --topic sibu.events --partitions 1 --replication-factor 1 || true\n\ndocker exec kafka kafka-topics --bootstrap-server 127.0.0.1:29092 \\\n  --create --if-not-exists --topic sibu.cases.events --partitions 1 --replication-factor 1 || true\n\ndocker exec kafka kafka-topics --bootstrap-server 127.0.0.1:29092 \\\n  --create --if-not-exists --topic sibu.appointments.events --partitions 1 --replication-factor 1 || true\n\ndocker exec kafka kafka-topics --bootstrap-server 127.0.0.1:29092 --list || true\n",
            "user_data_base64": null,
            "user_data_replace_on_change": false,
            "volume_tags": null,
            "vpc_security_group_ids": [
              "sg-06bdaa0f081faca60"
            ]
          },
          "sensitive_attributes": [],
          "identity_schema_version": 0,
          "identity": {
            "account_id": "452890924396",
            "id": "i-0d67247276e4f8557",
            "region": "us-east-1"
          },
          "private": "eyJlMmJmYjczMC1lY2FhLTExZTYtOGY4OC0zNDM2M2JjN2M0YzAiOnsiY3JlYXRlIjo2MDAwMDAwMDAwMDAsImRlbGV0ZSI6MTIwMDAwMDAwMDAwMCwicmVhZCI6OTAwMDAwMDAwMDAwLCJ1cGRhdGUiOjYwMDAwMDAwMDAwMH0sInNjaGVtYV92ZXJzaW9uIjoiMiJ9",
          "dependencies": [
            "aws_key_pair.qa_sibu",
            "aws_security_group.sibu_sg",
            "data.aws_ami.al2023",
            "data.aws_subnets.default",
            "data.aws_vpc.default"
          ]
        }
      ]
    },
    {
      "mode": "managed",
      "type": "aws_instance",
      "name": "reports",
      "provider": "provider[\"registry.terraform.io/hashicorp/aws\"]",
      "instances": [
        {
          "schema_version": 2,
          "attributes": {
            "ami": "ami-02ffee2b2e4bc6891",
            "arn": "arn:aws:ec2:us-east-1:452890924396:instance/i-099fac8ccfaf6dc92",
            "associate_public_ip_address": true,
            "availability_zone": "us-east-1b",
            "capacity_reservation_specification": [
              {
                "capacity_reservation_preference": "open",
                "capacity_reservation_target": []
              }
            ],
            "cpu_options": [
              {
                "amd_sev_snp": "",
                "core_count": 1,
                "threads_per_core": 2
              }
            ],
            "credit_specification": [
              {
                "cpu_credits": "unlimited"
              }
            ],
            "disable_api_stop": false,
            "disable_api_termination": false,
            "ebs_block_device": [],
            "ebs_optimized": false,
            "enable_primary_ipv6": null,
            "enclave_options": [
              {
                "enabled": false
              }
            ],
            "ephemeral_block_device": [],
            "force_destroy": false,
            "get_password_data": false,
            "hibernation": false,
            "host_id": "",
            "host_resource_group_arn": null,
            "iam_instance_profile": "",
            "id": "i-099fac8ccfaf6dc92",
            "instance_initiated_shutdown_behavior": "stop",
            "instance_lifecycle": "",
            "instance_market_options": [],
            "instance_state": "running",
            "instance_type": "t3.micro",
            "ipv6_address_count": 0,
            "ipv6_addresses": [],
            "key_name": "sibu-qa-key",
            "launch_template": [],
            "maintenance_options": [
              {
                "auto_recovery": "default"
              }
            ],
            "metadata_options": [
              {
                "http_endpoint": "enabled",
                "http_protocol_ipv6": "disabled",
                "http_put_response_hop_limit": 2,
                "http_tokens": "required",
                "instance_metadata_tags": "disabled"
              }
            ],
            "monitoring": false,
            "network_interface": [],
            "outpost_arn": "",
            "password_data": "",
            "placement_group": "",
            "placement_group_id": "",
            "placement_partition_number": 0,
            "primary_network_interface": [
              {
                "delete_on_termination": true,
                "network_interface_id": "eni-0e4ee5dd31f9d97e5"
              }
            ],
            "primary_network_interface_id": "eni-0e4ee5dd31f9d97e5",
            "private_dns": "ip-172-31-81-113.ec2.internal",
            "private_dns_name_options": [
              {
                "enable_resource_name_dns_a_record": false,
                "enable_resource_name_dns_aaaa_record": false,
                "hostname_type": "ip-name"
              }
            ],
            "private_ip": "172.31.81.113",
            "public_dns": "ec2-18-233-155-41.compute-1.amazonaws.com",
            "public_ip": "18.233.155.41",
            "region": "us-east-1",
            "root_block_device": [
              {
                "delete_on_termination": true,
                "device_name": "/dev/xvda",
                "encrypted": false,
                "iops": 3000,
                "kms_key_id": "",
                "tags": null,
                "tags_all": {},
                "throughput": 125,
                "volume_id": "vol-0c4671859971780be",
                "volume_size": 20,
                "volume_type": "gp3"
              }
            ],
            "secondary_private_ips": [],
            "security_groups": [
              "sibu-qa-sg1"
            ],
            "source_dest_check": true,
            "spot_instance_request_id": "",
            "subnet_id": "subnet-3297ce1c",
            "tags": {
              "Name": "sibu-qa-reports"
            },
            "tags_all": {
              "Name": "sibu-qa-reports"
            },
            "tenancy": "default",
            "timeouts": null,
            "user_data": "#!/bin/bash\nset -eux\n\ndnf update -y\ndnf install -y docker git nmap-ncat\n\n# -----------------------------\n# Swap (prevents OOM lockups on small instances)\n# -----------------------------\nif ! swapon --show | grep -q \"^/swapfile\"; then\n  (fallocate -l 1G /swapfile || dd if=/dev/zero of=/swapfile bs=1M count=1024) \u003e/dev/null 2\u003e\u00261 || true\n  chmod 600 /swapfile || true\n  mkswap /swapfile \u003e/dev/null 2\u003e\u00261 || true\n  swapon /swapfile || true\n  grep -q \"^/swapfile \" /etc/fstab 2\u003e/dev/null || echo \"/swapfile swap swap defaults 0 0\" \u003e\u003e /etc/fstab\nfi\n\ngroupadd -f docker || true\nsystemctl enable docker\nsystemctl start docker\nusermod -aG docker ec2-user || true\nchmod 666 /var/run/docker.sock || true\nsleep 5\n\ndocker network create sibu-net || true\n\n# --- DATA endpoints (DATA instance private IP) ---\nDATA_IP=\"172.31.94.215\"\n\nDATABASE_URL=\"postgresql+asyncpg://sibu:sibu@$DATA_IP:5432/sibu\"\nDB_HOST=\"$DATA_IP\"\nDB_PORT=\"5432\"\nDB_USER=\"sibu\"\nDB_PASSWORD=\"sibu\"\nDB_NAME=\"sibu\"\n\n# --- Wait for Postgres ---\necho \"Waiting for Postgres at $DATA_IP:5432 ...\"\nfor i in {1..90}; do\n  if nc -z \"$DATA_IP\" 5432 \u003e/dev/null 2\u003e\u00261; then\n    echo \"Postgres reachable\"\n    break\n  fi\n  echo \"Postgres not ready yet ($i)...\"\n  sleep 2\ndone\n\n# --- Wait for Kafka metadata ---\necho \"Waiting for Kafka at $DATA_IP:29092 ...\"\nfor i in {1..90}; do\n  if nc -z \"$DATA_IP\" 29092 \u003e/dev/null 2\u003e\u00261; then\n    echo \"Kafka port reachable\"\n    break\n  fi\n  echo \"Kafka not ready yet ($i)...\"\n  sleep 2\ndone\nsleep 10\n\ndocker pull jccasav/sibu-reports:qa\ndocker rm -f sibu-reports || true\n\ndocker run -d --name sibu-reports --restart always \\\n  -p 8005:8000 \\\n  --network sibu-net \\\n  --add-host postgres:$DATA_IP \\\n  --add-host db:$DATA_IP \\\n  --add-host sibu-postgres:$DATA_IP \\\n  --add-host kafka:$DATA_IP \\\n  -e DATABASE_URL=\"$DATABASE_URL\" \\\n  -e DB_HOST=\"$DB_HOST\" \\\n  -e DB_PORT=\"$DB_PORT\" \\\n  -e DB_USER=\"$DB_USER\" \\\n  -e DB_PASSWORD=\"$DB_PASSWORD\" \\\n  -e DB_NAME=\"$DB_NAME\" \\\n  jccasav/sibu-reports:qa\n\n# Quick local check\nsleep 3\ncurl -sS http://127.0.0.1:8005/health || true\n",
            "user_data_base64": null,
            "user_data_replace_on_change": false,
            "volume_tags": null,
            "vpc_security_group_ids": [
              "sg-06bdaa0f081faca60"
            ]
          },
          "sensitive_attributes": [],
          "identity_schema_version": 0,
          "identity": {
            "account_id": "452890924396",
            "id": "i-099fac8ccfaf6dc92",
            "region": "us-east-1"
          },
          "private": "eyJlMmJmYjczMC1lY2FhLTExZTYtOGY4OC0zNDM2M2JjN2M0YzAiOnsiY3JlYXRlIjo2MDAwMDAwMDAwMDAsImRlbGV0ZSI6MTIwMDAwMDAwMDAwMCwicmVhZCI6OTAwMDAwMDAwMDAwLCJ1cGRhdGUiOjYwMDAwMDAwMDAwMH0sInNjaGVtYV92ZXJzaW9uIjoiMiJ9",
          "dependencies": [
            "aws_instance.data",
            "aws_key_pair.qa_sibu",
            "aws_security_group.sibu_sg",
            "data.aws_ami.al2023",
            "data.aws_subnets.default",
            "data.aws_vpc.default"
          ]
        }
      ]
    },
    {
      "mode": "managed",
      "type": "aws_instance",
      "name": "users",
      "provider": "provider[\"registry.terraform.io/hashicorp/aws\"]",
      "instances": [
        {
          "schema_version": 2,
          "attributes": {
            "ami": "ami-02ffee2b2e4bc6891",
            "arn": "arn:aws:ec2:us-east-1:452890924396:instance/i-013f78810369fd108",
            "associate_public_ip_address": true,
            "availability_zone": "us-east-1b",
            "capacity_reservation_specification": [
              {
                "capacity_reservation_preference": "open",
                "capacity_reservation_target": []
              }
            ],
            "cpu_options": [
              {
                "amd_sev_snp": "",
                "core_count": 1,
                "threads_per_core": 2
              }
            ],
            "credit_specification": [
              {
                "cpu_credits": "unlimited"
              }
            ],
            "disable_api_stop": false,
            "disable_api_termination": false,
            "ebs_block_device": [],
            "ebs_optimized": false,
            "enable_primary_ipv6": null,
            "enclave_options": [
              {
                "enabled": false
              }
            ],
            "ephemeral_block_device": [],
            "force_destroy": false,
            "get_password_data": false,
            "hibernation": false,
            "host_id": "",
            "host_resource_group_arn": null,
            "iam_instance_profile": "",
            "id": "i-013f78810369fd108",
            "instance_initiated_shutdown_behavior": "stop",
            "instance_lifecycle": "",
            "instance_market_options": [],
            "instance_state": "running",
            "instance_type": "t3.micro",
            "ipv6_address_count": 0,
            "ipv6_addresses": [],
            "key_name": "sibu-qa-key",
            "launch_template": [],
            "maintenance_options": [
              {
                "auto_recovery": "default"
              }
            ],
            "metadata_options": [
              {
                "http_endpoint": "enabled",
                "http_protocol_ipv6": "disabled",
                "http_put_response_hop_limit": 2,
                "http_tokens": "required",
                "instance_metadata_tags": "disabled"
              }
            ],
            "monitoring": false,
            "network_interface": [],
            "outpost_arn": "",
            "password_data": "",
            "placement_group": "",
            "placement_group_id": "",
            "placement_partition_number": 0,
            "primary_network_interface": [
              {
                "delete_on_termination": true,
                "network_interface_id": "eni-09538b04d7b214a71"
              }
            ],
            "primary_network_interface_id": "eni-09538b04d7b214a71",
            "private_dns": "ip-172-31-92-145.ec2.internal",
            "private_dns_name_options": [
              {
                "enable_resource_name_dns_a_record": false,
                "enable_resource_name_dns_aaaa_record": false,
                "hostname_type": "ip-name"
              }
            ],
            "private_ip": "172.31.92.145",
            "public_dns": "ec2-18-212-57-145.compute-1.amazonaws.com",
            "public_ip": "18.212.57.145",
            "region": "us-east-1",
            "root_block_device": [
              {
                "delete_on_termination": true,
                "device_name": "/dev/xvda",
                "encrypted": false,
                "iops": 3000,
                "kms_key_id": "",
                "tags": null,
                "tags_all": {},
                "throughput": 125,
                "volume_id": "vol-0d49856c5e49dcab7",
                "volume_size": 20,
                "volume_type": "gp3"
              }
            ],
            "secondary_private_ips": [],
            "security_groups": [
              "sibu-qa-sg1"
            ],
            "source_dest_check": true,
            "spot_instance_request_id": "",
            "subnet_id": "subnet-3297ce1c",
            "tags": {
              "Name": "sibu-qa-users"
            },
            "tags_all": {
              "Name": "sibu-qa-users"
            },
            "tenancy": "default",
            "timeouts": null,
            "user_data": "#!/bin/bash\nset -eux\n\ndnf update -y\ndnf install -y docker git nmap-ncat\n\n# -----------------------------\n# Swap (prevents OOM lockups on small instances)\n# -----------------------------\nif ! swapon --show | grep -q \"^/swapfile\"; then\n  (fallocate -l 1G /swapfile || dd if=/dev/zero of=/swapfile bs=1M count=1024) \u003e/dev/null 2\u003e\u00261 || true\n  chmod 600 /swapfile || true\n  mkswap /swapfile \u003e/dev/null 2\u003e\u00261 || true\n  swapon /swapfile || true\n  grep -q \"^/swapfile \" /etc/fstab 2\u003e/dev/null || echo \"/swapfile swap swap defaults 0 0\" \u003e\u003e /etc/fstab\nfi\n\ngroupadd -f docker || true\nsystemctl enable docker\nsystemctl start docker\nusermod -aG docker ec2-user || true\nchmod 666 /var/run/docker.sock || true\nsleep 5\n\ndocker network create sibu-net || true\n\n# --- DATA endpoints (DATA instance private IP) ---\nDATA_IP=\"172.31.94.215\"\n\nDATABASE_URL=\"postgresql+asyncpg://sibu:sibu@$DATA_IP:5432/sibu\"\nDB_HOST=\"$DATA_IP\"\nDB_PORT=\"5432\"\nDB_USER=\"sibu\"\nDB_PASSWORD=\"sibu\"\nDB_NAME=\"sibu\"\n\n# --- Wait for Postgres ---\necho \"Waiting for Postgres at $DATA_IP:5432 ...\"\nfor i in {1..90}; do\n  if nc -z \"$DATA_IP\" 5432 \u003e/dev/null 2\u003e\u00261; then\n    echo \"Postgres reachable\"\n    break\n  fi\n  echo \"Postgres not ready yet ($i)...\"\n  sleep 2\ndone\n\n# --- Wait for Kafka metadata ---\necho \"Waiting for Kafka at $DATA_IP:29092 ...\"\nfor i in {1..90}; do\n  if nc -z \"$DATA_IP\" 29092 \u003e/dev/null 2\u003e\u00261; then\n    echo \"Kafka port reachable\"\n    break\n  fi\n  echo \"Kafka not ready yet ($i)...\"\n  sleep 2\ndone\nsleep 10\n\ndocker pull jccasav/sibu-users:qa\ndocker rm -f sibu-users || true\n\ndocker run -d --name sibu-users --restart always \\\n  -p 8001:8000 \\\n  --network sibu-net \\\n  --add-host postgres:$DATA_IP \\\n  --add-host db:$DATA_IP \\\n  --add-host sibu-postgres:$DATA_IP \\\n  --add-host kafka:$DATA_IP \\\n  -e DATABASE_URL=\"$DATABASE_URL\" \\\n  -e DB_HOST=\"$DB_HOST\" \\\n  -e DB_PORT=\"$DB_PORT\" \\\n  -e DB_USER=\"$DB_USER\" \\\n  -e DB_PASSWORD=\"$DB_PASSWORD\" \\\n  -e DB_NAME=\"$DB_NAME\" \\\n  -e KAFKA_BOOTSTRAP_SERVERS=\"$DATA_IP:29092\" \\\n  -e KAFKA_BOOTSTRAP=\"$DATA_IP:29092\" \\\n  -e KAFKA_BROKER=\"$DATA_IP:29092\" \\\n  -e KAFKA_URL=\"$DATA_IP:29092\" \\\n  jccasav/sibu-users:qa\n\n# Quick local check\nsleep 3\ncurl -sS http://127.0.0.1:8001/health || true\n",
            "user_data_base64": null,
            "user_data_replace_on_change": false,
            "volume_tags": null,
            "vpc_security_group_ids": [
              "sg-06bdaa0f081faca60"
            ]
          },
          "sensitive_attributes": [],
          "identity_schema_version": 0,
          "identity": {
            "account_id": "452890924396",
            "id": "i-013f78810369fd108",
            "region": "us-east-1"
          },
          "private": "eyJlMmJmYjczMC1lY2FhLTExZTYtOGY4OC0zNDM2M2JjN2M0YzAiOnsiY3JlYXRlIjo2MDAwMDAwMDAwMDAsImRlbGV0ZSI6MTIwMDAwMDAwMDAwMCwicmVhZCI6OTAwMDAwMDAwMDAwLCJ1cGRhdGUiOjYwMDAwMDAwMDAwMH0sInNjaGVtYV92ZXJzaW9uIjoiMiJ9",
          "dependencies": [
            "aws_instance.data",
            "aws_key_pair.qa_sibu",
            "aws_security_group.sibu_sg",
            "data.aws_ami.al2023",
            "data.aws_subnets.default",
            "data.aws_vpc.default"
          ]
        }
      ]
    },
    {
      "mode": "managed",
      "type": "aws_key_pair",
      "name": "qa_sibu",
      "provider": "provider[\"registry.terraform.io/hashicorp/aws\"]",
      "instances": [
        {
          "schema_version": 1,
          "attributes": {
            "arn": "arn:aws:ec2:us-east-1:452890924396:key-pair/sibu-qa-key",
            "fingerprint": "53:d9:47:75:16:8a:ca:3c:87:01:ea:15:1a:1f:f4:2d",
            "id": "sibu-qa-key",
            "key_name": "sibu-qa-key",
            "key_name_prefix": "",
            "key_pair_id": "key-05bc1fb5418433e9f",
            "key_type": "rsa",
            "public_key": "ssh-rsa AAAAB3NzaC1yc2EAAAADAQABAAACAQCVyvacu420+SrcwCwnaC7c3pgWbVJtMlUFc0Ot1/l0bWmQ0de4UOAa8I0GqwoLh8BPHbhR5KCQS+Lm9oLxPNW3lh2chY9P1uJHjLOajb9pzcT+9goKRxbP3SwifkSoKhUv1svnSoOJgDVV64k3hX1BzFIanVhzUxeFQlExoc55LsuJm/tbaNulDeltliDvXfot1tltugYtEy5fyZUhikKPtmhhwcJhIyhcATtT5WoYW/uqL6dwo/fceJ0STTGs/ZwReEOObYkMMCyEFqRdeY4CYdd91wZcqf1rJgXHmLEb8qwUxe3F3JUTQXpdNPR2xdG8v3Yaxj69cAes9Uu7kheI1ShADk4/h83x6fVzofOhfYz3GzvxziJqe1xgYsytWTE9VBi0Jea8nNOayQmz12LUJzBG8UzEwTabPtze2C8VnGWkqSgraeBxKehc1D77lQj6jjlga522yBwtSr8DKEV33Ti69iqIFMU36qq6QH0mIt3ZyIK9DJruyqEtE4QclENp1hGV7ofzZ+s+ZV0UA6vwa0lr+ed6bVQaLlMLZUVF8t299ojWU8kKAeNm61cV6DtQhln4u16PFNz0sbtOU3o1nDFjE+WajOizgGurnDSCo3mbQUmoIWpvUSluRpjlBF39riJCqISvPVk9d4NDF0JS2E4gfauxMFB/7ZBRoSZKBw== jeanv@JEAN",
            "region": "us-east-1",
            "tags": null,
            "tags_all": {}
          },
          "sensitive_attributes": [],
          "identity_schema_version": 0,
          "private": "eyJzY2hlbWFfdmVyc2lvbiI6IjEifQ=="
        }
      ]
    },
    {
      "mode": "managed",
      "type": "aws_security_group",
      "name": "sibu_sg",
      "provider": "provider[\"registry.terraform.io/hashicorp/aws\"]",
      "instances": [
        {
          "schema_version": 1,
          "attributes": {
            "arn": "arn:aws:ec2:us-east-1:452890924396:security-group/sg-06bdaa0f081faca60",
            "description": "SIBU QA SG",
            "egress": [
              {
                "cidr_blocks": [
                  "0.0.0.0/0"
                ],
                "description": "",
                "from_port": 0,
                "ipv6_cidr_blocks": [],
                "prefix_list_ids": [],
                "protocol": "-1",
                "security_groups": [],
                "self": false,
                "to_port": 0
              }
            ],
            "id": "sg-06bdaa0f081faca60",
            "ingress": [
              {
                "cidr_blocks": [
                  "0.0.0.0/0"
                ],
                "description": "",
                "from_port": 22,
                "ipv6_cidr_blocks": [],
                "prefix_list_ids": [],
                "protocol": "tcp",
                "security_groups": [],
                "self": false,
                "to_port": 22
              },
              {
                "cidr_blocks": [
                  "0.0.0.0/0"
                ],
                "description": "",
                "from_port": 8000,
                "ipv6_cidr_blocks": [],
                "prefix_list_ids": [],
                "protocol": "tcp",
                "security_groups": [],
                "self": false,
                "to_port": 8006
              },
              {
                "cidr_blocks": [
                  "172.31.0.0/16"
                ],
                "description": "",
                "from_port": -1,
                "ipv6_cidr_blocks": [],
                "prefix_list_ids": [],
                "protocol": "icmp",
                "security_groups": [],
                "self": false,
                "to_port": -1
              },
              {
                "cidr_blocks": [
                  "172.31.0.0/16"
                ],
                "description": "",
                "from_port": 2181,
                "ipv6_cidr_blocks": [],
                "prefix_list_ids": [],
                "protocol": "tcp",
                "security_groups": [],
                "self": false,
                "to_port": 2181
              },
              {
                "cidr_blocks": [
                  "172.31.0.0/16"
                ],
                "description": "",
                "from_port": 29092,
                "ipv6_cidr_blocks": [],
                "prefix_list_ids": [],
                "protocol": "tcp",
                "security_groups": [],
                "self": false,
                "to_port": 29092
              },
              {
                "cidr_blocks": [
                  "172.31.0.0/16"
                ],
                "description": "",
                "from_port": 5432,
                "ipv6_cidr_blocks": [],
                "prefix_list_ids": [],
                "protocol": "tcp",
                "security_groups": [],
                "self": false,
                "to_port": 5432
              }
            ],
            "name": "sibu-qa-sg1",
            "name_prefix": "",
            "owner_id": "452890924396",
            "region": "us-east-1",
            "revoke_rules_on_delete": false,
            "tags": {
              "Name": "sibu-qa-sg"
            },
            "tags_all": {
              "Name": "sibu-qa-sg"
            },
            "timeouts": null,
            "vpc_id": "vpc-213f515b"
          },
          "sensitive_attributes": [],
          "identity_schema_version": 0,
          "identity": {
            "account_id": "452890924396",
            "id": "sg-06bdaa0f081faca60",
            "region": "us-east-1"
          },
          "private": "eyJlMmJmYjczMC1lY2FhLTExZTYtOGY4OC0zNDM2M2JjN2M0YzAiOnsiY3JlYXRlIjo2MDAwMDAwMDAwMDAsImRlbGV0ZSI6OTAwMDAwMDAwMDAwfSwic2NoZW1hX3ZlcnNpb24iOiIxIn0=",
          "dependencies": [
            "data.aws_vpc.default"
          ]
        }
      ]
    }
  ],
  "check_results": null
}
